// !$*UTF8*$!
{
	archiveVersion = 1;
	classes = {
	};
	objectVersion = 46;
	objects = {

/* Begin PBXBuildFile section */
		F023F2941E6DBA8E000382EF /* PageMenu.framework in Frameworks */ = {isa = PBXBuildFile; fileRef = F023F2931E6DBA8E000382EF /* PageMenu.framework */; };
		F04315961E6D15CA00D8B3FD /* AppDelegate.swift in Sources */ = {isa = PBXBuildFile; fileRef = F04315951E6D15CA00D8B3FD /* AppDelegate.swift */; };
		F04315981E6D15CA00D8B3FD /* ViewController.swift in Sources */ = {isa = PBXBuildFile; fileRef = F04315971E6D15CA00D8B3FD /* ViewController.swift */; };
		F043159B1E6D15CA00D8B3FD /* Main.storyboard in Resources */ = {isa = PBXBuildFile; fileRef = F04315991E6D15CA00D8B3FD /* Main.storyboard */; };
		F043159D1E6D15CA00D8B3FD /* Assets.xcassets in Resources */ = {isa = PBXBuildFile; fileRef = F043159C1E6D15CA00D8B3FD /* Assets.xcassets */; };
		F04315A01E6D15CA00D8B3FD /* LaunchScreen.storyboard in Resources */ = {isa = PBXBuildFile; fileRef = F043159E1E6D15CA00D8B3FD /* LaunchScreen.storyboard */; };
		F04315AB1E6D15CA00D8B3FD /* PageMenuConfigurationDemoTests.swift in Sources */ = {isa = PBXBuildFile; fileRef = F04315AA1E6D15CA00D8B3FD /* PageMenuConfigurationDemoTests.swift */; };
		F04315B61E6D15CA00D8B3FD /* PageMenuConfigurationDemoUITests.swift in Sources */ = {isa = PBXBuildFile; fileRef = F04315B51E6D15CA00D8B3FD /* PageMenuConfigurationDemoUITests.swift */; };
/* End PBXBuildFile section */

/* Begin PBXContainerItemProxy section */
		F04315A71E6D15CA00D8B3FD /* PBXContainerItemProxy */ = {
			isa = PBXContainerItemProxy;
			containerPortal = F043158A1E6D15CA00D8B3FD /* Project object */;
			proxyType = 1;
			remoteGlobalIDString = F04315911E6D15CA00D8B3FD;
			remoteInfo = PageMenuConfigurationDemo;
		};
		F04315B21E6D15CA00D8B3FD /* PBXContainerItemProxy */ = {
			isa = PBXContainerItemProxy;
			containerPortal = F043158A1E6D15CA00D8B3FD /* Project object */;
			proxyType = 1;
			remoteGlobalIDString = F04315911E6D15CA00D8B3FD;
			remoteInfo = PageMenuConfigurationDemo;
		};
/* End PBXContainerItemProxy section */

/* Begin PBXFileReference section */
		F023F2931E6DBA8E000382EF /* PageMenu.framework */ = {isa = PBXFileReference; lastKnownFileType = wrapper.framework; name = PageMenu.framework; path = "../../PageMenu/build/Debug-iphoneos/PageMenu.framework"; sourceTree = "<group>"; };
		F04315921E6D15CA00D8B3FD /* PageMenuConfigurationDemo.app */ = {isa = PBXFileReference; explicitFileType = wrapper.application; includeInIndex = 0; path = PageMenuConfigurationDemo.app; sourceTree = BUILT_PRODUCTS_DIR; };
		F04315951E6D15CA00D8B3FD /* AppDelegate.swift */ = {isa = PBXFileReference; lastKnownFileType = sourcecode.swift; path = AppDelegate.swift; sourceTree = "<group>"; };
		F04315971E6D15CA00D8B3FD /* ViewController.swift */ = {isa = PBXFileReference; lastKnownFileType = sourcecode.swift; path = ViewController.swift; sourceTree = "<group>"; };
		F043159A1E6D15CA00D8B3FD /* Base */ = {isa = PBXFileReference; lastKnownFileType = file.storyboard; name = Base; path = Base.lproj/Main.storyboard; sourceTree = "<group>"; };
		F043159C1E6D15CA00D8B3FD /* Assets.xcassets */ = {isa = PBXFileReference; lastKnownFileType = folder.assetcatalog; path = Assets.xcassets; sourceTree = "<group>"; };
		F043159F1E6D15CA00D8B3FD /* Base */ = {isa = PBXFileReference; lastKnownFileType = file.storyboard; name = Base; path = Base.lproj/LaunchScreen.storyboard; sourceTree = "<group>"; };
		F04315A11E6D15CA00D8B3FD /* Info.plist */ = {isa = PBXFileReference; lastKnownFileType = text.plist.xml; path = Info.plist; sourceTree = "<group>"; };
		F04315A61E6D15CA00D8B3FD /* PageMenuConfigurationDemoTests.xctest */ = {isa = PBXFileReference; explicitFileType = wrapper.cfbundle; includeInIndex = 0; path = PageMenuConfigurationDemoTests.xctest; sourceTree = BUILT_PRODUCTS_DIR; };
		F04315AA1E6D15CA00D8B3FD /* PageMenuConfigurationDemoTests.swift */ = {isa = PBXFileReference; lastKnownFileType = sourcecode.swift; path = PageMenuConfigurationDemoTests.swift; sourceTree = "<group>"; };
		F04315AC1E6D15CA00D8B3FD /* Info.plist */ = {isa = PBXFileReference; lastKnownFileType = text.plist.xml; path = Info.plist; sourceTree = "<group>"; };
		F04315B11E6D15CA00D8B3FD /* PageMenuConfigurationDemoUITests.xctest */ = {isa = PBXFileReference; explicitFileType = wrapper.cfbundle; includeInIndex = 0; path = PageMenuConfigurationDemoUITests.xctest; sourceTree = BUILT_PRODUCTS_DIR; };
		F04315B51E6D15CA00D8B3FD /* PageMenuConfigurationDemoUITests.swift */ = {isa = PBXFileReference; lastKnownFileType = sourcecode.swift; path = PageMenuConfigurationDemoUITests.swift; sourceTree = "<group>"; };
		F04315B71E6D15CA00D8B3FD /* Info.plist */ = {isa = PBXFileReference; lastKnownFileType = text.plist.xml; path = Info.plist; sourceTree = "<group>"; };
/* End PBXFileReference section */

/* Begin PBXFrameworksBuildPhase section */
		F043158F1E6D15CA00D8B3FD /* Frameworks */ = {
			isa = PBXFrameworksBuildPhase;
			buildActionMask = 2147483647;
			files = (
				F023F2941E6DBA8E000382EF /* PageMenu.framework in Frameworks */,
			);
			runOnlyForDeploymentPostprocessing = 0;
		};
		F04315A31E6D15CA00D8B3FD /* Frameworks */ = {
			isa = PBXFrameworksBuildPhase;
			buildActionMask = 2147483647;
			files = (
			);
			runOnlyForDeploymentPostprocessing = 0;
		};
		F04315AE1E6D15CA00D8B3FD /* Frameworks */ = {
			isa = PBXFrameworksBuildPhase;
			buildActionMask = 2147483647;
			files = (
			);
			runOnlyForDeploymentPostprocessing = 0;
		};
/* End PBXFrameworksBuildPhase section */

/* Begin PBXGroup section */
		F023F2921E6DBA8D000382EF /* Frameworks */ = {
			isa = PBXGroup;
			children = (
				F023F2931E6DBA8E000382EF /* PageMenu.framework */,
			);
			name = Frameworks;
			sourceTree = "<group>";
		};
		F04315891E6D15CA00D8B3FD = {
			isa = PBXGroup;
			children = (
				F04315941E6D15CA00D8B3FD /* PageMenuConfigurationDemo */,
				F04315A91E6D15CA00D8B3FD /* PageMenuConfigurationDemoTests */,
				F04315B41E6D15CA00D8B3FD /* PageMenuConfigurationDemoUITests */,
				F04315931E6D15CA00D8B3FD /* Products */,
				F023F2921E6DBA8D000382EF /* Frameworks */,
			);
			sourceTree = "<group>";
		};
		F04315931E6D15CA00D8B3FD /* Products */ = {
			isa = PBXGroup;
			children = (
				F04315921E6D15CA00D8B3FD /* PageMenuConfigurationDemo.app */,
				F04315A61E6D15CA00D8B3FD /* PageMenuConfigurationDemoTests.xctest */,
				F04315B11E6D15CA00D8B3FD /* PageMenuConfigurationDemoUITests.xctest */,
			);
			name = Products;
			sourceTree = "<group>";
		};
		F04315941E6D15CA00D8B3FD /* PageMenuConfigurationDemo */ = {
			isa = PBXGroup;
			children = (
				F04315951E6D15CA00D8B3FD /* AppDelegate.swift */,
				F04315971E6D15CA00D8B3FD /* ViewController.swift */,
				F04315991E6D15CA00D8B3FD /* Main.storyboard */,
				F043159C1E6D15CA00D8B3FD /* Assets.xcassets */,
				F043159E1E6D15CA00D8B3FD /* LaunchScreen.storyboard */,
				F04315A11E6D15CA00D8B3FD /* Info.plist */,
			);
			path = PageMenuConfigurationDemo;
			sourceTree = "<group>";
		};
		F04315A91E6D15CA00D8B3FD /* PageMenuConfigurationDemoTests */ = {
			isa = PBXGroup;
			children = (
				F04315AA1E6D15CA00D8B3FD /* PageMenuConfigurationDemoTests.swift */,
				F04315AC1E6D15CA00D8B3FD /* Info.plist */,
			);
			path = PageMenuConfigurationDemoTests;
			sourceTree = "<group>";
		};
		F04315B41E6D15CA00D8B3FD /* PageMenuConfigurationDemoUITests */ = {
			isa = PBXGroup;
			children = (
				F04315B51E6D15CA00D8B3FD /* PageMenuConfigurationDemoUITests.swift */,
				F04315B71E6D15CA00D8B3FD /* Info.plist */,
			);
			path = PageMenuConfigurationDemoUITests;
			sourceTree = "<group>";
		};
/* End PBXGroup section */

/* Begin PBXNativeTarget section */
		F04315911E6D15CA00D8B3FD /* PageMenuConfigurationDemo */ = {
			isa = PBXNativeTarget;
			buildConfigurationList = F04315BA1E6D15CA00D8B3FD /* Build configuration list for PBXNativeTarget "PageMenuConfigurationDemo" */;
			buildPhases = (
				F043158E1E6D15CA00D8B3FD /* Sources */,
				F043158F1E6D15CA00D8B3FD /* Frameworks */,
				F04315901E6D15CA00D8B3FD /* Resources */,
			);
			buildRules = (
			);
			dependencies = (
			);
			name = PageMenuConfigurationDemo;
			productName = PageMenuConfigurationDemo;
			productReference = F04315921E6D15CA00D8B3FD /* PageMenuConfigurationDemo.app */;
			productType = "com.apple.product-type.application";
		};
		F04315A51E6D15CA00D8B3FD /* PageMenuConfigurationDemoTests */ = {
			isa = PBXNativeTarget;
			buildConfigurationList = F04315BD1E6D15CA00D8B3FD /* Build configuration list for PBXNativeTarget "PageMenuConfigurationDemoTests" */;
			buildPhases = (
				F04315A21E6D15CA00D8B3FD /* Sources */,
				F04315A31E6D15CA00D8B3FD /* Frameworks */,
				F04315A41E6D15CA00D8B3FD /* Resources */,
			);
			buildRules = (
			);
			dependencies = (
				F04315A81E6D15CA00D8B3FD /* PBXTargetDependency */,
			);
			name = PageMenuConfigurationDemoTests;
			productName = PageMenuConfigurationDemoTests;
			productReference = F04315A61E6D15CA00D8B3FD /* PageMenuConfigurationDemoTests.xctest */;
			productType = "com.apple.product-type.bundle.unit-test";
		};
		F04315B01E6D15CA00D8B3FD /* PageMenuConfigurationDemoUITests */ = {
			isa = PBXNativeTarget;
			buildConfigurationList = F04315C01E6D15CA00D8B3FD /* Build configuration list for PBXNativeTarget "PageMenuConfigurationDemoUITests" */;
			buildPhases = (
				F04315AD1E6D15CA00D8B3FD /* Sources */,
				F04315AE1E6D15CA00D8B3FD /* Frameworks */,
				F04315AF1E6D15CA00D8B3FD /* Resources */,
			);
			buildRules = (
			);
			dependencies = (
				F04315B31E6D15CA00D8B3FD /* PBXTargetDependency */,
			);
			name = PageMenuConfigurationDemoUITests;
			productName = PageMenuConfigurationDemoUITests;
			productReference = F04315B11E6D15CA00D8B3FD /* PageMenuConfigurationDemoUITests.xctest */;
			productType = "com.apple.product-type.bundle.ui-testing";
		};
/* End PBXNativeTarget section */

/* Begin PBXProject section */
		F043158A1E6D15CA00D8B3FD /* Project object */ = {
			isa = PBXProject;
			attributes = {
				LastSwiftUpdateCheck = 0820;
				LastUpgradeCheck = 0820;
				ORGANIZATIONNAME = Aeron;
				TargetAttributes = {
					F04315911E6D15CA00D8B3FD = {
						CreatedOnToolsVersion = 8.2.1;
						ProvisioningStyle = Automatic;
					};
					F04315A51E6D15CA00D8B3FD = {
						CreatedOnToolsVersion = 8.2.1;
						ProvisioningStyle = Automatic;
						TestTargetID = F04315911E6D15CA00D8B3FD;
					};
					F04315B01E6D15CA00D8B3FD = {
						CreatedOnToolsVersion = 8.2.1;
						ProvisioningStyle = Automatic;
						TestTargetID = F04315911E6D15CA00D8B3FD;
					};
				};
			};
			buildConfigurationList = F043158D1E6D15CA00D8B3FD /* Build configuration list for PBXProject "PageMenuConfigurationDemo" */;
			compatibilityVersion = "Xcode 3.2";
			developmentRegion = English;
			hasScannedForEncodings = 0;
			knownRegions = (
				en,
				Base,
			);
			mainGroup = F04315891E6D15CA00D8B3FD;
			productRefGroup = F04315931E6D15CA00D8B3FD /* Products */;
			projectDirPath = "";
			projectRoot = "";
			targets = (
				F04315911E6D15CA00D8B3FD /* PageMenuConfigurationDemo */,
				F04315A51E6D15CA00D8B3FD /* PageMenuConfigurationDemoTests */,
				F04315B01E6D15CA00D8B3FD /* PageMenuConfigurationDemoUITests */,
			);
		};
/* End PBXProject section */

/* Begin PBXResourcesBuildPhase section */
		F04315901E6D15CA00D8B3FD /* Resources */ = {
			isa = PBXResourcesBuildPhase;
			buildActionMask = 2147483647;
			files = (
				F04315A01E6D15CA00D8B3FD /* LaunchScreen.storyboard in Resources */,
				F043159D1E6D15CA00D8B3FD /* Assets.xcassets in Resources */,
				F043159B1E6D15CA00D8B3FD /* Main.storyboard in Resources */,
			);
			runOnlyForDeploymentPostprocessing = 0;
		};
		F04315A41E6D15CA00D8B3FD /* Resources */ = {
			isa = PBXResourcesBuildPhase;
			buildActionMask = 2147483647;
			files = (
			);
			runOnlyForDeploymentPostprocessing = 0;
		};
		F04315AF1E6D15CA00D8B3FD /* Resources */ = {
			isa = PBXResourcesBuildPhase;
			buildActionMask = 2147483647;
			files = (
			);
			runOnlyForDeploymentPostprocessing = 0;
		};
/* End PBXResourcesBuildPhase section */

/* Begin PBXSourcesBuildPhase section */
		F043158E1E6D15CA00D8B3FD /* Sources */ = {
			isa = PBXSourcesBuildPhase;
			buildActionMask = 2147483647;
			files = (
				F04315981E6D15CA00D8B3FD /* ViewController.swift in Sources */,
				F04315961E6D15CA00D8B3FD /* AppDelegate.swift in Sources */,
			);
			runOnlyForDeploymentPostprocessing = 0;
		};
		F04315A21E6D15CA00D8B3FD /* Sources */ = {
			isa = PBXSourcesBuildPhase;
			buildActionMask = 2147483647;
			files = (
				F04315AB1E6D15CA00D8B3FD /* PageMenuConfigurationDemoTests.swift in Sources */,
			);
			runOnlyForDeploymentPostprocessing = 0;
		};
		F04315AD1E6D15CA00D8B3FD /* Sources */ = {
			isa = PBXSourcesBuildPhase;
			buildActionMask = 2147483647;
			files = (
				F04315B61E6D15CA00D8B3FD /* PageMenuConfigurationDemoUITests.swift in Sources */,
			);
			runOnlyForDeploymentPostprocessing = 0;
		};
/* End PBXSourcesBuildPhase section */

/* Begin PBXTargetDependency section */
		F04315A81E6D15CA00D8B3FD /* PBXTargetDependency */ = {
			isa = PBXTargetDependency;
			target = F04315911E6D15CA00D8B3FD /* PageMenuConfigurationDemo */;
			targetProxy = F04315A71E6D15CA00D8B3FD /* PBXContainerItemProxy */;
		};
		F04315B31E6D15CA00D8B3FD /* PBXTargetDependency */ = {
			isa = PBXTargetDependency;
			target = F04315911E6D15CA00D8B3FD /* PageMenuConfigurationDemo */;
			targetProxy = F04315B21E6D15CA00D8B3FD /* PBXContainerItemProxy */;
		};
/* End PBXTargetDependency section */

/* Begin PBXVariantGroup section */
		F04315991E6D15CA00D8B3FD /* Main.storyboard */ = {
			isa = PBXVariantGroup;
			children = (
				F043159A1E6D15CA00D8B3FD /* Base */,
			);
			name = Main.storyboard;
			sourceTree = "<group>";
		};
		F043159E1E6D15CA00D8B3FD /* LaunchScreen.storyboard */ = {
			isa = PBXVariantGroup;
			children = (
				F043159F1E6D15CA00D8B3FD /* Base */,
			);
			name = LaunchScreen.storyboard;
			sourceTree = "<group>";
		};
/* End PBXVariantGroup section */

/* Begin XCBuildConfiguration section */
		F04315B81E6D15CA00D8B3FD /* Debug */ = {
			isa = XCBuildConfiguration;
			buildSettings = {
				ALWAYS_SEARCH_USER_PATHS = NO;
				CLANG_ANALYZER_NONNULL = YES;
				CLANG_CXX_LANGUAGE_STANDARD = "gnu++0x";
				CLANG_CXX_LIBRARY = "libc++";
				CLANG_ENABLE_MODULES = YES;
				CLANG_ENABLE_OBJC_ARC = YES;
				CLANG_WARN_BOOL_CONVERSION = YES;
				CLANG_WARN_CONSTANT_CONVERSION = YES;
				CLANG_WARN_DIRECT_OBJC_ISA_USAGE = YES_ERROR;
				CLANG_WARN_DOCUMENTATION_COMMENTS = YES;
				CLANG_WARN_EMPTY_BODY = YES;
				CLANG_WARN_ENUM_CONVERSION = YES;
				CLANG_WARN_INFINITE_RECURSION = YES;
				CLANG_WARN_INT_CONVERSION = YES;
				CLANG_WARN_OBJC_ROOT_CLASS = YES_ERROR;
				CLANG_WARN_SUSPICIOUS_MOVE = YES;
				CLANG_WARN_UNREACHABLE_CODE = YES;
				CLANG_WARN__DUPLICATE_METHOD_MATCH = YES;
				"CODE_SIGN_IDENTITY[sdk=iphoneos*]" = "iPhone Developer";
				COPY_PHASE_STRIP = NO;
				DEBUG_INFORMATION_FORMAT = dwarf;
				ENABLE_STRICT_OBJC_MSGSEND = YES;
				ENABLE_TESTABILITY = YES;
				GCC_C_LANGUAGE_STANDARD = gnu99;
				GCC_DYNAMIC_NO_PIC = NO;
				GCC_NO_COMMON_BLOCKS = YES;
				GCC_OPTIMIZATION_LEVEL = 0;
				GCC_PREPROCESSOR_DEFINITIONS = (
					"DEBUG=1",
					"$(inherited)",
				);
				GCC_WARN_64_TO_32_BIT_CONVERSION = YES;
				GCC_WARN_ABOUT_RETURN_TYPE = YES_ERROR;
				GCC_WARN_UNDECLARED_SELECTOR = YES;
				GCC_WARN_UNINITIALIZED_AUTOS = YES_AGGRESSIVE;
				GCC_WARN_UNUSED_FUNCTION = YES;
				GCC_WARN_UNUSED_VARIABLE = YES;
				IPHONEOS_DEPLOYMENT_TARGET = 10.2;
				MTL_ENABLE_DEBUG_INFO = YES;
				ONLY_ACTIVE_ARCH = YES;
				SDKROOT = iphoneos;
				SWIFT_ACTIVE_COMPILATION_CONDITIONS = DEBUG;
				SWIFT_OPTIMIZATION_LEVEL = "-Onone";
			};
			name = Debug;
		};
		F04315B91E6D15CA00D8B3FD /* Release */ = {
			isa = XCBuildConfiguration;
			buildSettings = {
				ALWAYS_SEARCH_USER_PATHS = NO;
				CLANG_ANALYZER_NONNULL = YES;
				CLANG_CXX_LANGUAGE_STANDARD = "gnu++0x";
				CLANG_CXX_LIBRARY = "libc++";
				CLANG_ENABLE_MODULES = YES;
				CLANG_ENABLE_OBJC_ARC = YES;
				CLANG_WARN_BOOL_CONVERSION = YES;
				CLANG_WARN_CONSTANT_CONVERSION = YES;
				CLANG_WARN_DIRECT_OBJC_ISA_USAGE = YES_ERROR;
				CLANG_WARN_DOCUMENTATION_COMMENTS = YES;
				CLANG_WARN_EMPTY_BODY = YES;
				CLANG_WARN_ENUM_CONVERSION = YES;
				CLANG_WARN_INFINITE_RECURSION = YES;
				CLANG_WARN_INT_CONVERSION = YES;
				CLANG_WARN_OBJC_ROOT_CLASS = YES_ERROR;
				CLANG_WARN_SUSPICIOUS_MOVE = YES;
				CLANG_WARN_UNREACHABLE_CODE = YES;
				CLANG_WARN__DUPLICATE_METHOD_MATCH = YES;
				"CODE_SIGN_IDENTITY[sdk=iphoneos*]" = "iPhone Developer";
				COPY_PHASE_STRIP = NO;
				DEBUG_INFORMATION_FORMAT = "dwarf-with-dsym";
				ENABLE_NS_ASSERTIONS = NO;
				ENABLE_STRICT_OBJC_MSGSEND = YES;
				GCC_C_LANGUAGE_STANDARD = gnu99;
				GCC_NO_COMMON_BLOCKS = YES;
				GCC_WARN_64_TO_32_BIT_CONVERSION = YES;
				GCC_WARN_ABOUT_RETURN_TYPE = YES_ERROR;
				GCC_WARN_UNDECLARED_SELECTOR = YES;
				GCC_WARN_UNINITIALIZED_AUTOS = YES_AGGRESSIVE;
				GCC_WARN_UNUSED_FUNCTION = YES;
				GCC_WARN_UNUSED_VARIABLE = YES;
				IPHONEOS_DEPLOYMENT_TARGET = 10.2;
				MTL_ENABLE_DEBUG_INFO = NO;
				SDKROOT = iphoneos;
				SWIFT_OPTIMIZATION_LEVEL = "-Owholemodule";
				VALIDATE_PRODUCT = YES;
			};
			name = Release;
		};
		F04315BB1E6D15CA00D8B3FD /* Debug */ = {
			isa = XCBuildConfiguration;
			buildSettings = {
				ASSETCATALOG_COMPILER_APPICON_NAME = AppIcon;
				INFOPLIST_FILE = PageMenuConfigurationDemo/Info.plist;
				LD_RUNPATH_SEARCH_PATHS = "$(inherited) @executable_path/Frameworks";
				PRODUCT_BUNDLE_IDENTIFIER = caps.ua.edu.PageMenuConfigurationDemo;
				PRODUCT_NAME = "$(TARGET_NAME)";
				SWIFT_VERSION = 3.0;
			};
			name = Debug;
		};
		F04315BC1E6D15CA00D8B3FD /* Release */ = {
			isa = XCBuildConfiguration;
			buildSettings = {
				ASSETCATALOG_COMPILER_APPICON_NAME = AppIcon;
				INFOPLIST_FILE = PageMenuConfigurationDemo/Info.plist;
				LD_RUNPATH_SEARCH_PATHS = "$(inherited) @executable_path/Frameworks";
				PRODUCT_BUNDLE_IDENTIFIER = caps.ua.edu.PageMenuConfigurationDemo;
				PRODUCT_NAME = "$(TARGET_NAME)";
				SWIFT_VERSION = 3.0;
			};
			name = Release;
		};
		F04315BE1E6D15CA00D8B3FD /* Debug */ = {
			isa = XCBuildConfiguration;
			buildSettings = {
				ALWAYS_EMBED_SWIFT_STANDARD_LIBRARIES = YES;
				BUNDLE_LOADER = "$(TEST_HOST)";
				INFOPLIST_FILE = PageMenuConfigurationDemoTests/Info.plist;
				LD_RUNPATH_SEARCH_PATHS = "$(inherited) @executable_path/Frameworks @loader_path/Frameworks";
				PRODUCT_BUNDLE_IDENTIFIER = com.aeron.PageMenuConfigurationDemoTests;
				PRODUCT_NAME = "$(TARGET_NAME)";
				SWIFT_VERSION = 3.0;
				TEST_HOST = "$(BUILT_PRODUCTS_DIR)/PageMenuConfigurationDemo.app/PageMenuConfigurationDemo";
			};
			name = Debug;
		};
		F04315BF1E6D15CA00D8B3FD /* Release */ = {
			isa = XCBuildConfiguration;
			buildSettings = {
				ALWAYS_EMBED_SWIFT_STANDARD_LIBRARIES = YES;
				BUNDLE_LOADER = "$(TEST_HOST)";
				INFOPLIST_FILE = PageMenuConfigurationDemoTests/Info.plist;
				LD_RUNPATH_SEARCH_PATHS = "$(inherited) @executable_path/Frameworks @loader_path/Frameworks";
				PRODUCT_BUNDLE_IDENTIFIER = com.aeron.PageMenuConfigurationDemoTests;
				PRODUCT_NAME = "$(TARGET_NAME)";
				SWIFT_VERSION = 3.0;
				TEST_HOST = "$(BUILT_PRODUCTS_DIR)/PageMenuConfigurationDemo.app/PageMenuConfigurationDemo";
			};
			name = Release;
		};
		F04315C11E6D15CA00D8B3FD /* Debug */ = {
			isa = XCBuildConfiguration;
			buildSettings = {
				ALWAYS_EMBED_SWIFT_STANDARD_LIBRARIES = YES;
				INFOPLIST_FILE = PageMenuConfigurationDemoUITests/Info.plist;
				LD_RUNPATH_SEARCH_PATHS = "$(inherited) @executable_path/Frameworks @loader_path/Frameworks";
				PRODUCT_BUNDLE_IDENTIFIER = com.aeron.PageMenuConfigurationDemoUITests;
				PRODUCT_NAME = "$(TARGET_NAME)";
				SWIFT_VERSION = 3.0;
				TEST_TARGET_NAME = PageMenuConfigurationDemo;
			};
			name = Debug;
		};
		F04315C21E6D15CA00D8B3FD /* Release */ = {
			isa = XCBuildConfiguration;
			buildSettings = {
				ALWAYS_EMBED_SWIFT_STANDARD_LIBRARIES = YES;
				INFOPLIST_FILE = PageMenuConfigurationDemoUITests/Info.plist;
				LD_RUNPATH_SEARCH_PATHS = "$(inherited) @executable_path/Frameworks @loader_path/Frameworks";
				PRODUCT_BUNDLE_IDENTIFIER = com.aeron.PageMenuConfigurationDemoUITests;
				PRODUCT_NAME = "$(TARGET_NAME)";
				SWIFT_VERSION = 3.0;
				TEST_TARGET_NAME = PageMenuConfigurationDemo;
			};
			name = Release;
		};
/* End XCBuildConfiguration section */

/* Begin XCConfigurationList section */
		F043158D1E6D15CA00D8B3FD /* Build configuration list for PBXProject "PageMenuConfigurationDemo" */ = {
			isa = XCConfigurationList;
			buildConfigurations = (
				F04315B81E6D15CA00D8B3FD /* Debug */,
				F04315B91E6D15CA00D8B3FD /* Release */,
			);
			defaultConfigurationIsVisible = 0;
			defaultConfigurationName = Release;
		};
		F04315BA1E6D15CA00D8B3FD /* Build configuration list for PBXNativeTarget "PageMenuConfigurationDemo" */ = {
			isa = XCConfigurationList;
			buildConfigurations = (
				F04315BB1E6D15CA00D8B3FD /* Debug */,
				F04315BC1E6D15CA00D8B3FD /* Release */,
			);
			defaultConfigurationIsVisible = 0;
			defaultConfigurationName = Release;
		};
		F04315BD1E6D15CA00D8B3FD /* Build configuration list for PBXNativeTarget "PageMenuConfigurationDemoTests" */ = {
			isa = XCConfigurationList;
			buildConfigurations = (
				F04315BE1E6D15CA00D8B3FD /* Debug */,
				F04315BF1E6D15CA00D8B3FD /* Release */,
			);
			defaultConfigurationIsVisible = 0;
			defaultConfigurationName = Release;
		};
		F04315C01E6D15CA00D8B3FD /* Build configuration list for PBXNativeTarget "PageMenuConfigurationDemoUITests" */ = {
			isa = XCConfigurationList;
			buildConfigurations = (
				F04315C11E6D15CA00D8B3FD /* Debug */,
				F04315C21E6D15CA00D8B3FD /* Release */,
			);
			defaultConfigurationIsVisible = 0;
			defaultConfigurationName = Release;
		};
/* End XCConfigurationList section */
	};
	rootObject = F043158A1E6D15CA00D8B3FD /* Project object */;
}
