// !$*UTF8*$!
{
	archiveVersion = 1;
	classes = {
	};
	objectVersion = 46;
	objects = {

/* Begin PBXBuildFile section */
		9E0B900B1A468DC30095E919 /* AppDelegate.swift in Sources */ = {isa = PBXBuildFile; fileRef = 9E0B900A1A468DC30095E919 /* AppDelegate.swift */; };
		9E0B900D1A468DC30095E919 /* ViewController.swift in Sources */ = {isa = PBXBuildFile; fileRef = 9E0B900C1A468DC30095E919 /* ViewController.swift */; };
		9E0B90101A468DC30095E919 /* Main.storyboard in Resources */ = {isa = PBXBuildFile; fileRef = 9E0B900E1A468DC30095E919 /* Main.storyboard */; };
		9E0B90121A468DC30095E919 /* Images.xcassets in Resources */ = {isa = PBXBuildFile; fileRef = 9E0B90111A468DC30095E919 /* Images.xcassets */; };
		9E0B90151A468DC30095E919 /* LaunchScreen.xib in Resources */ = {isa = PBXBuildFile; fileRef = 9E0B90131A468DC30095E919 /* LaunchScreen.xib */; };
		9E0B90211A468DC30095E919 /* PageMenuDemoMenuItemWidthBasedOnTitleTextTests.swift in Sources */ = {isa = PBXBuildFile; fileRef = 9E0B90201A468DC30095E919 /* PageMenuDemoMenuItemWidthBasedOnTitleTextTests.swift */; };
		9E0B90311A468E220095E919 /* FriendTableViewCell.swift in Sources */ = {isa = PBXBuildFile; fileRef = 9E0B902F1A468E220095E919 /* FriendTableViewCell.swift */; };
		9E0B90321A468E220095E919 /* FriendTableViewCell.xib in Resources */ = {isa = PBXBuildFile; fileRef = 9E0B90301A468E220095E919 /* FriendTableViewCell.xib */; };
		9E0B90351A468E760095E919 /* MoodCollectionViewCell.swift in Sources */ = {isa = PBXBuildFile; fileRef = 9E0B90331A468E760095E919 /* MoodCollectionViewCell.swift */; };
		9E0B90361A468E760095E919 /* MoodCollectionViewCell.xib in Resources */ = {isa = PBXBuildFile; fileRef = 9E0B90341A468E760095E919 /* MoodCollectionViewCell.xib */; };
		9E0B903B1A468E8E0095E919 /* TestCollectionViewController.swift in Sources */ = {isa = PBXBuildFile; fileRef = 9E0B90371A468E8E0095E919 /* TestCollectionViewController.swift */; };
		9E0B903C1A468E8E0095E919 /* TestCollectionViewController.xib in Resources */ = {isa = PBXBuildFile; fileRef = 9E0B90381A468E8E0095E919 /* TestCollectionViewController.xib */; };
		9E0B903D1A468E8E0095E919 /* TestTableViewController.swift in Sources */ = {isa = PBXBuildFile; fileRef = 9E0B90391A468E8E0095E919 /* TestTableViewController.swift */; };
		9E0B903E1A468E8E0095E919 /* TestTableViewController.xib in Resources */ = {isa = PBXBuildFile; fileRef = 9E0B903A1A468E8E0095E919 /* TestTableViewController.xib */; };
		9E0B90551A468ED70095E919 /* man1.jpg in Resources */ = {isa = PBXBuildFile; fileRef = 9E0B90401A468ED70095E919 /* man1.jpg */; };
		9E0B90561A468ED70095E919 /* man2.jpg in Resources */ = {isa = PBXBuildFile; fileRef = 9E0B90411A468ED70095E919 /* man2.jpg */; };
		9E0B90571A468ED70095E919 /* man3.jpg in Resources */ = {isa = PBXBuildFile; fileRef = 9E0B90421A468ED70095E919 /* man3.jpg */; };
		9E0B90581A468ED70095E919 /* man4.jpg in Resources */ = {isa = PBXBuildFile; fileRef = 9E0B90431A468ED70095E919 /* man4.jpg */; };
		9E0B90591A468ED70095E919 /* man5.jpg in Resources */ = {isa = PBXBuildFile; fileRef = 9E0B90441A468ED70095E919 /* man5.jpg */; };
		9E0B905A1A468ED70095E919 /* man6.jpg in Resources */ = {isa = PBXBuildFile; fileRef = 9E0B90451A468ED70095E919 /* man6.jpg */; };
		9E0B905B1A468ED70095E919 /* man7.jpg in Resources */ = {isa = PBXBuildFile; fileRef = 9E0B90461A468ED70095E919 /* man7.jpg */; };
		9E0B905C1A468ED70095E919 /* man8.jpg in Resources */ = {isa = PBXBuildFile; fileRef = 9E0B90471A468ED70095E919 /* man8.jpg */; };
		9E0B905D1A468ED70095E919 /* mood1.jpg in Resources */ = {isa = PBXBuildFile; fileRef = 9E0B90481A468ED70095E919 /* mood1.jpg */; };
		9E0B905E1A468ED70095E919 /* mood2.jpg in Resources */ = {isa = PBXBuildFile; fileRef = 9E0B90491A468ED70095E919 /* mood2.jpg */; };
		9E0B905F1A468ED70095E919 /* mood3.jpg in Resources */ = {isa = PBXBuildFile; fileRef = 9E0B904A1A468ED70095E919 /* mood3.jpg */; };
		9E0B90601A468ED70095E919 /* mood4.jpg in Resources */ = {isa = PBXBuildFile; fileRef = 9E0B904B1A468ED70095E919 /* mood4.jpg */; };
		9E0B90611A468ED70095E919 /* mood5.jpg in Resources */ = {isa = PBXBuildFile; fileRef = 9E0B904C1A468ED70095E919 /* mood5.jpg */; };
		9E0B90621A468ED70095E919 /* mood6.jpg in Resources */ = {isa = PBXBuildFile; fileRef = 9E0B904D1A468ED70095E919 /* mood6.jpg */; };
		9E0B90631A468ED70095E919 /* mood7.jpg in Resources */ = {isa = PBXBuildFile; fileRef = 9E0B904E1A468ED70095E919 /* mood7.jpg */; };
		9E0B90641A468ED70095E919 /* mood8.jpg in Resources */ = {isa = PBXBuildFile; fileRef = 9E0B904F1A468ED70095E919 /* mood8.jpg */; };
		9E0B90651A468ED70095E919 /* woman1.jpg in Resources */ = {isa = PBXBuildFile; fileRef = 9E0B90501A468ED70095E919 /* woman1.jpg */; };
		9E0B90661A468ED70095E919 /* woman2.jpg in Resources */ = {isa = PBXBuildFile; fileRef = 9E0B90511A468ED70095E919 /* woman2.jpg */; };
		9E0B90671A468ED70095E919 /* woman3.jpg in Resources */ = {isa = PBXBuildFile; fileRef = 9E0B90521A468ED70095E919 /* woman3.jpg */; };
		9E0B90681A468ED70095E919 /* woman4.jpg in Resources */ = {isa = PBXBuildFile; fileRef = 9E0B90531A468ED70095E919 /* woman4.jpg */; };
		9E0B90691A468ED70095E919 /* woman5.jpg in Resources */ = {isa = PBXBuildFile; fileRef = 9E0B90541A468ED70095E919 /* woman5.jpg */; };
		A6DA20511A5ECAA80048E0C0 /* CAPSPageMenu.swift in Sources */ = {isa = PBXBuildFile; fileRef = A6DA20501A5ECAA80048E0C0 /* CAPSPageMenu.swift */; };
/* End PBXBuildFile section */

/* Begin PBXContainerItemProxy section */
		9E0B901B1A468DC30095E919 /* PBXContainerItemProxy */ = {
			isa = PBXContainerItemProxy;
			containerPortal = 9E0B8FFD1A468DC30095E919 /* Project object */;
			proxyType = 1;
			remoteGlobalIDString = 9E0B90041A468DC30095E919;
			remoteInfo = PageMenuDemoMenuItemWidthBasedOnTitleText;
		};
/* End PBXContainerItemProxy section */

/* Begin PBXFileReference section */
		9E0B90051A468DC30095E919 /* PageMenuDemoMenuItemWidthBasedOnTitleText.app */ = {isa = PBXFileReference; explicitFileType = wrapper.application; includeInIndex = 0; path = PageMenuDemoMenuItemWidthBasedOnTitleText.app; sourceTree = BUILT_PRODUCTS_DIR; };
		9E0B90091A468DC30095E919 /* Info.plist */ = {isa = PBXFileReference; lastKnownFileType = text.plist.xml; path = Info.plist; sourceTree = "<group>"; };
		9E0B900A1A468DC30095E919 /* AppDelegate.swift */ = {isa = PBXFileReference; lastKnownFileType = sourcecode.swift; path = AppDelegate.swift; sourceTree = "<group>"; };
		9E0B900C1A468DC30095E919 /* ViewController.swift */ = {isa = PBXFileReference; lastKnownFileType = sourcecode.swift; path = ViewController.swift; sourceTree = "<group>"; };
		9E0B900F1A468DC30095E919 /* Base */ = {isa = PBXFileReference; lastKnownFileType = file.storyboard; name = Base; path = Base.lproj/Main.storyboard; sourceTree = "<group>"; };
		9E0B90111A468DC30095E919 /* Images.xcassets */ = {isa = PBXFileReference; lastKnownFileType = folder.assetcatalog; path = Images.xcassets; sourceTree = "<group>"; };
		9E0B90141A468DC30095E919 /* Base */ = {isa = PBXFileReference; lastKnownFileType = file.xib; name = Base; path = Base.lproj/LaunchScreen.xib; sourceTree = "<group>"; };
		9E0B901A1A468DC30095E919 /* PageMenuDemoMenuItemWidthBasedOnTitleTextTests.xctest */ = {isa = PBXFileReference; explicitFileType = wrapper.cfbundle; includeInIndex = 0; path = PageMenuDemoMenuItemWidthBasedOnTitleTextTests.xctest; sourceTree = BUILT_PRODUCTS_DIR; };
		9E0B901F1A468DC30095E919 /* Info.plist */ = {isa = PBXFileReference; lastKnownFileType = text.plist.xml; path = Info.plist; sourceTree = "<group>"; };
		9E0B90201A468DC30095E919 /* PageMenuDemoMenuItemWidthBasedOnTitleTextTests.swift */ = {isa = PBXFileReference; lastKnownFileType = sourcecode.swift; path = PageMenuDemoMenuItemWidthBasedOnTitleTextTests.swift; sourceTree = "<group>"; };
		9E0B902F1A468E220095E919 /* FriendTableViewCell.swift */ = {isa = PBXFileReference; fileEncoding = 4; lastKnownFileType = sourcecode.swift; path = FriendTableViewCell.swift; sourceTree = "<group>"; };
		9E0B90301A468E220095E919 /* FriendTableViewCell.xib */ = {isa = PBXFileReference; fileEncoding = 4; lastKnownFileType = file.xib; path = FriendTableViewCell.xib; sourceTree = "<group>"; };
		9E0B90331A468E760095E919 /* MoodCollectionViewCell.swift */ = {isa = PBXFileReference; fileEncoding = 4; lastKnownFileType = sourcecode.swift; path = MoodCollectionViewCell.swift; sourceTree = "<group>"; };
		9E0B90341A468E760095E919 /* MoodCollectionViewCell.xib */ = {isa = PBXFileReference; fileEncoding = 4; lastKnownFileType = file.xib; path = MoodCollectionViewCell.xib; sourceTree = "<group>"; };
		9E0B90371A468E8E0095E919 /* TestCollectionViewController.swift */ = {isa = PBXFileReference; fileEncoding = 4; lastKnownFileType = sourcecode.swift; path = TestCollectionViewController.swift; sourceTree = "<group>"; };
		9E0B90381A468E8E0095E919 /* TestCollectionViewController.xib */ = {isa = PBXFileReference; fileEncoding = 4; lastKnownFileType = file.xib; path = TestCollectionViewController.xib; sourceTree = "<group>"; };
		9E0B90391A468E8E0095E919 /* TestTableViewController.swift */ = {isa = PBXFileReference; fileEncoding = 4; lastKnownFileType = sourcecode.swift; path = TestTableViewController.swift; sourceTree = "<group>"; };
		9E0B903A1A468E8E0095E919 /* TestTableViewController.xib */ = {isa = PBXFileReference; fileEncoding = 4; lastKnownFileType = file.xib; path = TestTableViewController.xib; sourceTree = "<group>"; };
		9E0B90401A468ED70095E919 /* man1.jpg */ = {isa = PBXFileReference; lastKnownFileType = image.jpeg; path = man1.jpg; sourceTree = "<group>"; };
		9E0B90411A468ED70095E919 /* man2.jpg */ = {isa = PBXFileReference; lastKnownFileType = image.jpeg; path = man2.jpg; sourceTree = "<group>"; };
		9E0B90421A468ED70095E919 /* man3.jpg */ = {isa = PBXFileReference; lastKnownFileType = image.jpeg; path = man3.jpg; sourceTree = "<group>"; };
		9E0B90431A468ED70095E919 /* man4.jpg */ = {isa = PBXFileReference; lastKnownFileType = image.jpeg; path = man4.jpg; sourceTree = "<group>"; };
		9E0B90441A468ED70095E919 /* man5.jpg */ = {isa = PBXFileReference; lastKnownFileType = image.jpeg; path = man5.jpg; sourceTree = "<group>"; };
		9E0B90451A468ED70095E919 /* man6.jpg */ = {isa = PBXFileReference; lastKnownFileType = image.jpeg; path = man6.jpg; sourceTree = "<group>"; };
		9E0B90461A468ED70095E919 /* man7.jpg */ = {isa = PBXFileReference; lastKnownFileType = image.jpeg; path = man7.jpg; sourceTree = "<group>"; };
		9E0B90471A468ED70095E919 /* man8.jpg */ = {isa = PBXFileReference; lastKnownFileType = image.jpeg; path = man8.jpg; sourceTree = "<group>"; };
		9E0B90481A468ED70095E919 /* mood1.jpg */ = {isa = PBXFileReference; lastKnownFileType = image.jpeg; path = mood1.jpg; sourceTree = "<group>"; };
		9E0B90491A468ED70095E919 /* mood2.jpg */ = {isa = PBXFileReference; lastKnownFileType = image.jpeg; path = mood2.jpg; sourceTree = "<group>"; };
		9E0B904A1A468ED70095E919 /* mood3.jpg */ = {isa = PBXFileReference; lastKnownFileType = image.jpeg; path = mood3.jpg; sourceTree = "<group>"; };
		9E0B904B1A468ED70095E919 /* mood4.jpg */ = {isa = PBXFileReference; lastKnownFileType = image.jpeg; path = mood4.jpg; sourceTree = "<group>"; };
		9E0B904C1A468ED70095E919 /* mood5.jpg */ = {isa = PBXFileReference; lastKnownFileType = image.jpeg; path = mood5.jpg; sourceTree = "<group>"; };
		9E0B904D1A468ED70095E919 /* mood6.jpg */ = {isa = PBXFileReference; lastKnownFileType = image.jpeg; path = mood6.jpg; sourceTree = "<group>"; };
		9E0B904E1A468ED70095E919 /* mood7.jpg */ = {isa = PBXFileReference; lastKnownFileType = image.jpeg; path = mood7.jpg; sourceTree = "<group>"; };
		9E0B904F1A468ED70095E919 /* mood8.jpg */ = {isa = PBXFileReference; lastKnownFileType = image.jpeg; path = mood8.jpg; sourceTree = "<group>"; };
		9E0B90501A468ED70095E919 /* woman1.jpg */ = {isa = PBXFileReference; lastKnownFileType = image.jpeg; path = woman1.jpg; sourceTree = "<group>"; };
		9E0B90511A468ED70095E919 /* woman2.jpg */ = {isa = PBXFileReference; lastKnownFileType = image.jpeg; path = woman2.jpg; sourceTree = "<group>"; };
		9E0B90521A468ED70095E919 /* woman3.jpg */ = {isa = PBXFileReference; lastKnownFileType = image.jpeg; path = woman3.jpg; sourceTree = "<group>"; };
		9E0B90531A468ED70095E919 /* woman4.jpg */ = {isa = PBXFileReference; lastKnownFileType = image.jpeg; path = woman4.jpg; sourceTree = "<group>"; };
		9E0B90541A468ED70095E919 /* woman5.jpg */ = {isa = PBXFileReference; lastKnownFileType = image.jpeg; path = woman5.jpg; sourceTree = "<group>"; };
		A6DA20501A5ECAA80048E0C0 /* CAPSPageMenu.swift */ = {isa = PBXFileReference; fileEncoding = 4; lastKnownFileType = sourcecode.swift; name = CAPSPageMenu.swift; path = ../../../../Classes/CAPSPageMenu.swift; sourceTree = "<group>"; };
/* End PBXFileReference section */

/* Begin PBXFrameworksBuildPhase section */
		9E0B90021A468DC30095E919 /* Frameworks */ = {
			isa = PBXFrameworksBuildPhase;
			buildActionMask = 2147483647;
			files = (
			);
			runOnlyForDeploymentPostprocessing = 0;
		};
		9E0B90171A468DC30095E919 /* Frameworks */ = {
			isa = PBXFrameworksBuildPhase;
			buildActionMask = 2147483647;
			files = (
			);
			runOnlyForDeploymentPostprocessing = 0;
		};
/* End PBXFrameworksBuildPhase section */

/* Begin PBXGroup section */
		9E0B8FFC1A468DC30095E919 = {
			isa = PBXGroup;
			children = (
				9E0B90071A468DC30095E919 /* PageMenuDemoMenuItemWidthBasedOnTitleText */,
				9E0B901D1A468DC30095E919 /* PageMenuDemoMenuItemWidthBasedOnTitleTextTests */,
				9E0B90061A468DC30095E919 /* Products */,
			);
			sourceTree = "<group>";
		};
		9E0B90061A468DC30095E919 /* Products */ = {
			isa = PBXGroup;
			children = (
				9E0B90051A468DC30095E919 /* PageMenuDemoMenuItemWidthBasedOnTitleText.app */,
				9E0B901A1A468DC30095E919 /* PageMenuDemoMenuItemWidthBasedOnTitleTextTests.xctest */,
			);
			name = Products;
			sourceTree = "<group>";
		};
		9E0B90071A468DC30095E919 /* PageMenuDemoMenuItemWidthBasedOnTitleText */ = {
			isa = PBXGroup;
			children = (
				9E0B900A1A468DC30095E919 /* AppDelegate.swift */,
				9E0B900C1A468DC30095E919 /* ViewController.swift */,
				9E0B900E1A468DC30095E919 /* Main.storyboard */,
				9E0B902E1A468E0C0095E919 /* Cells */,
				9E0B902D1A468E040095E919 /* View Controllers */,
				9E0B902A1A468DDE0095E919 /* CAPSPageMenu */,
				9E0B90111A468DC30095E919 /* Images.xcassets */,
				9E0B903F1A468EB20095E919 /* Images */,
				9E0B90131A468DC30095E919 /* LaunchScreen.xib */,
				9E0B90081A468DC30095E919 /* Supporting Files */,
			);
			path = PageMenuDemoMenuItemWidthBasedOnTitleText;
			sourceTree = "<group>";
		};
		9E0B90081A468DC30095E919 /* Supporting Files */ = {
			isa = PBXGroup;
			children = (
				9E0B90091A468DC30095E919 /* Info.plist */,
			);
			name = "Supporting Files";
			sourceTree = "<group>";
		};
		9E0B901D1A468DC30095E919 /* PageMenuDemoMenuItemWidthBasedOnTitleTextTests */ = {
			isa = PBXGroup;
			children = (
				9E0B90201A468DC30095E919 /* PageMenuDemoMenuItemWidthBasedOnTitleTextTests.swift */,
				9E0B901E1A468DC30095E919 /* Supporting Files */,
			);
			path = PageMenuDemoMenuItemWidthBasedOnTitleTextTests;
			sourceTree = "<group>";
		};
		9E0B901E1A468DC30095E919 /* Supporting Files */ = {
			isa = PBXGroup;
			children = (
				9E0B901F1A468DC30095E919 /* Info.plist */,
			);
			name = "Supporting Files";
			sourceTree = "<group>";
		};
		9E0B902A1A468DDE0095E919 /* CAPSPageMenu */ = {
			isa = PBXGroup;
			children = (
				A6DA20501A5ECAA80048E0C0 /* CAPSPageMenu.swift */,
			);
			name = CAPSPageMenu;
			sourceTree = "<group>";
		};
		9E0B902D1A468E040095E919 /* View Controllers */ = {
			isa = PBXGroup;
			children = (
				9E0B90371A468E8E0095E919 /* TestCollectionViewController.swift */,
				9E0B90381A468E8E0095E919 /* TestCollectionViewController.xib */,
				9E0B90391A468E8E0095E919 /* TestTableViewController.swift */,
				9E0B903A1A468E8E0095E919 /* TestTableViewController.xib */,
			);
			name = "View Controllers";
			sourceTree = "<group>";
		};
		9E0B902E1A468E0C0095E919 /* Cells */ = {
			isa = PBXGroup;
			children = (
				9E0B902F1A468E220095E919 /* FriendTableViewCell.swift */,
				9E0B90301A468E220095E919 /* FriendTableViewCell.xib */,
				9E0B90331A468E760095E919 /* MoodCollectionViewCell.swift */,
				9E0B90341A468E760095E919 /* MoodCollectionViewCell.xib */,
			);
			name = Cells;
			sourceTree = "<group>";
		};
		9E0B903F1A468EB20095E919 /* Images */ = {
			isa = PBXGroup;
			children = (
				9E0B90401A468ED70095E919 /* man1.jpg */,
				9E0B90411A468ED70095E919 /* man2.jpg */,
				9E0B90421A468ED70095E919 /* man3.jpg */,
				9E0B90431A468ED70095E919 /* man4.jpg */,
				9E0B90441A468ED70095E919 /* man5.jpg */,
				9E0B90451A468ED70095E919 /* man6.jpg */,
				9E0B90461A468ED70095E919 /* man7.jpg */,
				9E0B90471A468ED70095E919 /* man8.jpg */,
				9E0B90481A468ED70095E919 /* mood1.jpg */,
				9E0B90491A468ED70095E919 /* mood2.jpg */,
				9E0B904A1A468ED70095E919 /* mood3.jpg */,
				9E0B904B1A468ED70095E919 /* mood4.jpg */,
				9E0B904C1A468ED70095E919 /* mood5.jpg */,
				9E0B904D1A468ED70095E919 /* mood6.jpg */,
				9E0B904E1A468ED70095E919 /* mood7.jpg */,
				9E0B904F1A468ED70095E919 /* mood8.jpg */,
				9E0B90501A468ED70095E919 /* woman1.jpg */,
				9E0B90511A468ED70095E919 /* woman2.jpg */,
				9E0B90521A468ED70095E919 /* woman3.jpg */,
				9E0B90531A468ED70095E919 /* woman4.jpg */,
				9E0B90541A468ED70095E919 /* woman5.jpg */,
			);
			name = Images;
			sourceTree = "<group>";
		};
/* End PBXGroup section */

/* Begin PBXNativeTarget section */
		9E0B90041A468DC30095E919 /* PageMenuDemoMenuItemWidthBasedOnTitleText */ = {
			isa = PBXNativeTarget;
			buildConfigurationList = 9E0B90241A468DC30095E919 /* Build configuration list for PBXNativeTarget "PageMenuDemoMenuItemWidthBasedOnTitleText" */;
			buildPhases = (
				9E0B90011A468DC30095E919 /* Sources */,
				9E0B90021A468DC30095E919 /* Frameworks */,
				9E0B90031A468DC30095E919 /* Resources */,
			);
			buildRules = (
			);
			dependencies = (
			);
			name = PageMenuDemoMenuItemWidthBasedOnTitleText;
			productName = PageMenuDemoMenuItemWidthBasedOnTitleText;
			productReference = 9E0B90051A468DC30095E919 /* PageMenuDemoMenuItemWidthBasedOnTitleText.app */;
			productType = "com.apple.product-type.application";
		};
		9E0B90191A468DC30095E919 /* PageMenuDemoMenuItemWidthBasedOnTitleTextTests */ = {
			isa = PBXNativeTarget;
			buildConfigurationList = 9E0B90271A468DC30095E919 /* Build configuration list for PBXNativeTarget "PageMenuDemoMenuItemWidthBasedOnTitleTextTests" */;
			buildPhases = (
				9E0B90161A468DC30095E919 /* Sources */,
				9E0B90171A468DC30095E919 /* Frameworks */,
				9E0B90181A468DC30095E919 /* Resources */,
			);
			buildRules = (
			);
			dependencies = (
				9E0B901C1A468DC30095E919 /* PBXTargetDependency */,
			);
			name = PageMenuDemoMenuItemWidthBasedOnTitleTextTests;
			productName = PageMenuDemoMenuItemWidthBasedOnTitleTextTests;
			productReference = 9E0B901A1A468DC30095E919 /* PageMenuDemoMenuItemWidthBasedOnTitleTextTests.xctest */;
			productType = "com.apple.product-type.bundle.unit-test";
		};
/* End PBXNativeTarget section */

/* Begin PBXProject section */
		9E0B8FFD1A468DC30095E919 /* Project object */ = {
			isa = PBXProject;
			attributes = {
				LastUpgradeCheck = 0610;
				ORGANIZATIONNAME = CAPS;
				TargetAttributes = {
					9E0B90041A468DC30095E919 = {
						CreatedOnToolsVersion = 6.1.1;
					};
					9E0B90191A468DC30095E919 = {
						CreatedOnToolsVersion = 6.1.1;
						TestTargetID = 9E0B90041A468DC30095E919;
					};
				};
			};
			buildConfigurationList = 9E0B90001A468DC30095E919 /* Build configuration list for PBXProject "PageMenuDemoMenuItemWidthBasedOnTitleText" */;
			compatibilityVersion = "Xcode 3.2";
			developmentRegion = English;
			hasScannedForEncodings = 0;
			knownRegions = (
				en,
				Base,
			);
			mainGroup = 9E0B8FFC1A468DC30095E919;
			productRefGroup = 9E0B90061A468DC30095E919 /* Products */;
			projectDirPath = "";
			projectRoot = "";
			targets = (
				9E0B90041A468DC30095E919 /* PageMenuDemoMenuItemWidthBasedOnTitleText */,
				9E0B90191A468DC30095E919 /* PageMenuDemoMenuItemWidthBasedOnTitleTextTests */,
			);
		};
/* End PBXProject section */

/* Begin PBXResourcesBuildPhase section */
		9E0B90031A468DC30095E919 /* Resources */ = {
			isa = PBXResourcesBuildPhase;
			buildActionMask = 2147483647;
			files = (
				9E0B905B1A468ED70095E919 /* man7.jpg in Resources */,
				9E0B905C1A468ED70095E919 /* man8.jpg in Resources */,
				9E0B905F1A468ED70095E919 /* mood3.jpg in Resources */,
				9E0B90601A468ED70095E919 /* mood4.jpg in Resources */,
				9E0B90661A468ED70095E919 /* woman2.jpg in Resources */,
				9E0B905A1A468ED70095E919 /* man6.jpg in Resources */,
				9E0B905E1A468ED70095E919 /* mood2.jpg in Resources */,
				9E0B903C1A468E8E0095E919 /* TestCollectionViewController.xib in Resources */,
				9E0B90101A468DC30095E919 /* Main.storyboard in Resources */,
				9E0B90151A468DC30095E919 /* LaunchScreen.xib in Resources */,
				9E0B90121A468DC30095E919 /* Images.xcassets in Resources */,
				9E0B90591A468ED70095E919 /* man5.jpg in Resources */,
				9E0B90641A468ED70095E919 /* mood8.jpg in Resources */,
				9E0B90651A468ED70095E919 /* woman1.jpg in Resources */,
				9E0B905D1A468ED70095E919 /* mood1.jpg in Resources */,
				9E0B90611A468ED70095E919 /* mood5.jpg in Resources */,
				9E0B90561A468ED70095E919 /* man2.jpg in Resources */,
				9E0B90631A468ED70095E919 /* mood7.jpg in Resources */,
				9E0B90681A468ED70095E919 /* woman4.jpg in Resources */,
				9E0B90551A468ED70095E919 /* man1.jpg in Resources */,
				9E0B90691A468ED70095E919 /* woman5.jpg in Resources */,
				9E0B90571A468ED70095E919 /* man3.jpg in Resources */,
				9E0B90581A468ED70095E919 /* man4.jpg in Resources */,
				9E0B90621A468ED70095E919 /* mood6.jpg in Resources */,
				9E0B903E1A468E8E0095E919 /* TestTableViewController.xib in Resources */,
				9E0B90361A468E760095E919 /* MoodCollectionViewCell.xib in Resources */,
				9E0B90671A468ED70095E919 /* woman3.jpg in Resources */,
				9E0B90321A468E220095E919 /* FriendTableViewCell.xib in Resources */,
			);
			runOnlyForDeploymentPostprocessing = 0;
		};
		9E0B90181A468DC30095E919 /* Resources */ = {
			isa = PBXResourcesBuildPhase;
			buildActionMask = 2147483647;
			files = (
			);
			runOnlyForDeploymentPostprocessing = 0;
		};
/* End PBXResourcesBuildPhase section */

/* Begin PBXSourcesBuildPhase section */
		9E0B90011A468DC30095E919 /* Sources */ = {
			isa = PBXSourcesBuildPhase;
			buildActionMask = 2147483647;
			files = (
				9E0B90351A468E760095E919 /* MoodCollectionViewCell.swift in Sources */,
				9E0B900D1A468DC30095E919 /* ViewController.swift in Sources */,
				A6DA20511A5ECAA80048E0C0 /* CAPSPageMenu.swift in Sources */,
				9E0B900B1A468DC30095E919 /* AppDelegate.swift in Sources */,
				9E0B903B1A468E8E0095E919 /* TestCollectionViewController.swift in Sources */,
				9E0B903D1A468E8E0095E919 /* TestTableViewController.swift in Sources */,
				9E0B90311A468E220095E919 /* FriendTableViewCell.swift in Sources */,
			);
			runOnlyForDeploymentPostprocessing = 0;
		};
		9E0B90161A468DC30095E919 /* Sources */ = {
			isa = PBXSourcesBuildPhase;
			buildActionMask = 2147483647;
			files = (
				9E0B90211A468DC30095E919 /* PageMenuDemoMenuItemWidthBasedOnTitleTextTests.swift in Sources */,
			);
			runOnlyForDeploymentPostprocessing = 0;
		};
/* End PBXSourcesBuildPhase section */

/* Begin PBXTargetDependency section */
		9E0B901C1A468DC30095E919 /* PBXTargetDependency */ = {
			isa = PBXTargetDependency;
			target = 9E0B90041A468DC30095E919 /* PageMenuDemoMenuItemWidthBasedOnTitleText */;
			targetProxy = 9E0B901B1A468DC30095E919 /* PBXContainerItemProxy */;
		};
/* End PBXTargetDependency section */

/* Begin PBXVariantGroup section */
		9E0B900E1A468DC30095E919 /* Main.storyboard */ = {
			isa = PBXVariantGroup;
			children = (
				9E0B900F1A468DC30095E919 /* Base */,
			);
			name = Main.storyboard;
			sourceTree = "<group>";
		};
		9E0B90131A468DC30095E919 /* LaunchScreen.xib */ = {
			isa = PBXVariantGroup;
			children = (
				9E0B90141A468DC30095E919 /* Base */,
			);
			name = LaunchScreen.xib;
			sourceTree = "<group>";
		};
/* End PBXVariantGroup section */

/* Begin XCBuildConfiguration section */
		9E0B90221A468DC30095E919 /* Debug */ = {
			isa = XCBuildConfiguration;
			buildSettings = {
				ALWAYS_SEARCH_USER_PATHS = NO;
				CLANG_CXX_LANGUAGE_STANDARD = "gnu++0x";
				CLANG_CXX_LIBRARY = "libc++";
				CLANG_ENABLE_MODULES = YES;
				CLANG_ENABLE_OBJC_ARC = YES;
				CLANG_WARN_BOOL_CONVERSION = YES;
				CLANG_WARN_CONSTANT_CONVERSION = YES;
				CLANG_WARN_DIRECT_OBJC_ISA_USAGE = YES_ERROR;
				CLANG_WARN_EMPTY_BODY = YES;
				CLANG_WARN_ENUM_CONVERSION = YES;
				CLANG_WARN_INT_CONVERSION = YES;
				CLANG_WARN_OBJC_ROOT_CLASS = YES_ERROR;
				CLANG_WARN_UNREACHABLE_CODE = YES;
				CLANG_WARN__DUPLICATE_METHOD_MATCH = YES;
				"CODE_SIGN_IDENTITY[sdk=iphoneos*]" = "iPhone Developer";
				COPY_PHASE_STRIP = NO;
				ENABLE_STRICT_OBJC_MSGSEND = YES;
				GCC_C_LANGUAGE_STANDARD = gnu99;
				GCC_DYNAMIC_NO_PIC = NO;
				GCC_OPTIMIZATION_LEVEL = 0;
				GCC_PREPROCESSOR_DEFINITIONS = (
					"DEBUG=1",
					"$(inherited)",
				);
				GCC_SYMBOLS_PRIVATE_EXTERN = NO;
				GCC_WARN_64_TO_32_BIT_CONVERSION = YES;
				GCC_WARN_ABOUT_RETURN_TYPE = YES_ERROR;
				GCC_WARN_UNDECLARED_SELECTOR = YES;
				GCC_WARN_UNINITIALIZED_AUTOS = YES_AGGRESSIVE;
				GCC_WARN_UNUSED_FUNCTION = YES;
				GCC_WARN_UNUSED_VARIABLE = YES;
				IPHONEOS_DEPLOYMENT_TARGET = 8.1;
				MTL_ENABLE_DEBUG_INFO = YES;
				ONLY_ACTIVE_ARCH = YES;
				SDKROOT = iphoneos;
				SWIFT_OPTIMIZATION_LEVEL = "-Onone";
			};
			name = Debug;
		};
		9E0B90231A468DC30095E919 /* Release */ = {
			isa = XCBuildConfiguration;
			buildSettings = {
				ALWAYS_SEARCH_USER_PATHS = NO;
				CLANG_CXX_LANGUAGE_STANDARD = "gnu++0x";
				CLANG_CXX_LIBRARY = "libc++";
				CLANG_ENABLE_MODULES = YES;
				CLANG_ENABLE_OBJC_ARC = YES;
				CLANG_WARN_BOOL_CONVERSION = YES;
				CLANG_WARN_CONSTANT_CONVERSION = YES;
				CLANG_WARN_DIRECT_OBJC_ISA_USAGE = YES_ERROR;
				CLANG_WARN_EMPTY_BODY = YES;
				CLANG_WARN_ENUM_CONVERSION = YES;
				CLANG_WARN_INT_CONVERSION = YES;
				CLANG_WARN_OBJC_ROOT_CLASS = YES_ERROR;
				CLANG_WARN_UNREACHABLE_CODE = YES;
				CLANG_WARN__DUPLICATE_METHOD_MATCH = YES;
				"CODE_SIGN_IDENTITY[sdk=iphoneos*]" = "iPhone Developer";
				COPY_PHASE_STRIP = YES;
				ENABLE_NS_ASSERTIONS = NO;
				ENABLE_STRICT_OBJC_MSGSEND = YES;
				GCC_C_LANGUAGE_STANDARD = gnu99;
				GCC_WARN_64_TO_32_BIT_CONVERSION = YES;
				GCC_WARN_ABOUT_RETURN_TYPE = YES_ERROR;
				GCC_WARN_UNDECLARED_SELECTOR = YES;
				GCC_WARN_UNINITIALIZED_AUTOS = YES_AGGRESSIVE;
				GCC_WARN_UNUSED_FUNCTION = YES;
				GCC_WARN_UNUSED_VARIABLE = YES;
				IPHONEOS_DEPLOYMENT_TARGET = 8.1;
				MTL_ENABLE_DEBUG_INFO = NO;
				SDKROOT = iphoneos;
				VALIDATE_PRODUCT = YES;
			};
			name = Release;
		};
		9E0B90251A468DC30095E919 /* Debug */ = {
			isa = XCBuildConfiguration;
			buildSettings = {
				ASSETCATALOG_COMPILER_APPICON_NAME = AppIcon;
				INFOPLIST_FILE = PageMenuDemoMenuItemWidthBasedOnTitleText/Info.plist;
				LD_RUNPATH_SEARCH_PATHS = "$(inherited) @executable_path/Frameworks";
				PRODUCT_NAME = "$(TARGET_NAME)";
				TARGETED_DEVICE_FAMILY = "1,2";
			};
			name = Debug;
		};
		9E0B90261A468DC30095E919 /* Release */ = {
			isa = XCBuildConfiguration;
			buildSettings = {
				ASSETCATALOG_COMPILER_APPICON_NAME = AppIcon;
				INFOPLIST_FILE = PageMenuDemoMenuItemWidthBasedOnTitleText/Info.plist;
				LD_RUNPATH_SEARCH_PATHS = "$(inherited) @executable_path/Frameworks";
				PRODUCT_NAME = "$(TARGET_NAME)";
				TARGETED_DEVICE_FAMILY = "1,2";
			};
			name = Release;
		};
		9E0B90281A468DC30095E919 /* Debug */ = {
			isa = XCBuildConfiguration;
			buildSettings = {
				BUNDLE_LOADER = "$(TEST_HOST)";
				FRAMEWORK_SEARCH_PATHS = (
					"$(SDKROOT)/Developer/Library/Frameworks",
					"$(inherited)",
				);
				GCC_PREPROCESSOR_DEFINITIONS = (
					"DEBUG=1",
					"$(inherited)",
				);
				INFOPLIST_FILE = PageMenuDemoMenuItemWidthBasedOnTitleTextTests/Info.plist;
				LD_RUNPATH_SEARCH_PATHS = "$(inherited) @executable_path/Frameworks @loader_path/Frameworks";
				PRODUCT_NAME = "$(TARGET_NAME)";
				TEST_HOST = "$(BUILT_PRODUCTS_DIR)/PageMenuDemoMenuItemWidthBasedOnTitleText.app/PageMenuDemoMenuItemWidthBasedOnTitleText";
			};
			name = Debug;
		};
		9E0B90291A468DC30095E919 /* Release */ = {
			isa = XCBuildConfiguration;
			buildSettings = {
				BUNDLE_LOADER = "$(TEST_HOST)";
				FRAMEWORK_SEARCH_PATHS = (
					"$(SDKROOT)/Developer/Library/Frameworks",
					"$(inherited)",
				);
				INFOPLIST_FILE = PageMenuDemoMenuItemWidthBasedOnTitleTextTests/Info.plist;
				LD_RUNPATH_SEARCH_PATHS = "$(inherited) @executable_path/Frameworks @loader_path/Frameworks";
				PRODUCT_NAME = "$(TARGET_NAME)";
				TEST_HOST = "$(BUILT_PRODUCTS_DIR)/PageMenuDemoMenuItemWidthBasedOnTitleText.app/PageMenuDemoMenuItemWidthBasedOnTitleText";
			};
			name = Release;
		};
/* End XCBuildConfiguration section */

/* Begin XCConfigurationList section */
		9E0B90001A468DC30095E919 /* Build configuration list for PBXProject "PageMenuDemoMenuItemWidthBasedOnTitleText" */ = {
			isa = XCConfigurationList;
			buildConfigurations = (
				9E0B90221A468DC30095E919 /* Debug */,
				9E0B90231A468DC30095E919 /* Release */,
			);
			defaultConfigurationIsVisible = 0;
			defaultConfigurationName = Release;
		};
		9E0B90241A468DC30095E919 /* Build configuration list for PBXNativeTarget "PageMenuDemoMenuItemWidthBasedOnTitleText" */ = {
			isa = XCConfigurationList;
			buildConfigurations = (
				9E0B90251A468DC30095E919 /* Debug */,
				9E0B90261A468DC30095E919 /* Release */,
			);
			defaultConfigurationIsVisible = 0;
			defaultConfigurationName = Release;
		};
		9E0B90271A468DC30095E919 /* Build configuration list for PBXNativeTarget "PageMenuDemoMenuItemWidthBasedOnTitleTextTests" */ = {
			isa = XCConfigurationList;
			buildConfigurations = (
				9E0B90281A468DC30095E919 /* Debug */,
				9E0B90291A468DC30095E919 /* Release */,
			);
			defaultConfigurationIsVisible = 0;
			defaultConfigurationName = Release;
		};
/* End XCConfigurationList section */
	};
	rootObject = 9E0B8FFD1A468DC30095E919 /* Project object */;
}
