// !$*UTF8*$!
{
	archiveVersion = 1;
	classes = {
	};
	objectVersion = 46;
	objects = {

/* Begin PBXBuildFile section */
		F023F2371E6DAF70000382EF /* AppDelegate.swift in Sources */ = {isa = PBXBuildFile; fileRef = F023F2361E6DAF70000382EF /* AppDelegate.swift */; };
		F023F23E1E6DAF70000382EF /* Assets.xcassets in Resources */ = {isa = PBXBuildFile; fileRef = F023F23D1E6DAF70000382EF /* Assets.xcassets */; };
		F023F2411E6DAF70000382EF /* LaunchScreen.storyboard in Resources */ = {isa = PBXBuildFile; fileRef = F023F23F1E6DAF70000382EF /* LaunchScreen.storyboard */; };
		F023F24C1E6DAF70000382EF /* PageMenuNoStoryboardConfigurationDemoTests.swift in Sources */ = {isa = PBXBuildFile; fileRef = F023F24B1E6DAF70000382EF /* PageMenuNoStoryboardConfigurationDemoTests.swift */; };
		F023F2571E6DAF70000382EF /* PageMenuNoStoryboardConfigurationDemoUITests.swift in Sources */ = {isa = PBXBuildFile; fileRef = F023F2561E6DAF70000382EF /* PageMenuNoStoryboardConfigurationDemoUITests.swift */; };
		F023F26F1E6DB253000382EF /* ViewController.swift in Sources */ = {isa = PBXBuildFile; fileRef = F023F26E1E6DB253000382EF /* ViewController.swift */; };
		F023F2971E6DBA9A000382EF /* PageMenu.framework in Frameworks */ = {isa = PBXBuildFile; fileRef = F023F2961E6DBA9A000382EF /* PageMenu.framework */; };
/* End PBXBuildFile section */

/* Begin PBXContainerItemProxy section */
		F023F2481E6DAF70000382EF /* PBXContainerItemProxy */ = {
			isa = PBXContainerItemProxy;
			containerPortal = F023F22B1E6DAF70000382EF /* Project object */;
			proxyType = 1;
			remoteGlobalIDString = F023F2321E6DAF70000382EF;
			remoteInfo = PageMenuNoStoryboardConfigurationDemo;
		};
		F023F2531E6DAF70000382EF /* PBXContainerItemProxy */ = {
			isa = PBXContainerItemProxy;
			containerPortal = F023F22B1E6DAF70000382EF /* Project object */;
			proxyType = 1;
			remoteGlobalIDString = F023F2321E6DAF70000382EF;
			remoteInfo = PageMenuNoStoryboardConfigurationDemo;
		};
/* End PBXContainerItemProxy section */

/* Begin PBXFileReference section */
		F023F2331E6DAF70000382EF /* PageMenuNoStoryboardConfigurationDemo.app */ = {isa = PBXFileReference; explicitFileType = wrapper.application; includeInIndex = 0; path = PageMenuNoStoryboardConfigurationDemo.app; sourceTree = BUILT_PRODUCTS_DIR; };
		F023F2361E6DAF70000382EF /* AppDelegate.swift */ = {isa = PBXFileReference; lastKnownFileType = sourcecode.swift; path = AppDelegate.swift; sourceTree = "<group>"; };
		F023F23D1E6DAF70000382EF /* Assets.xcassets */ = {isa = PBXFileReference; lastKnownFileType = folder.assetcatalog; path = Assets.xcassets; sourceTree = "<group>"; };
		F023F2401E6DAF70000382EF /* Base */ = {isa = PBXFileReference; lastKnownFileType = file.storyboard; name = Base; path = Base.lproj/LaunchScreen.storyboard; sourceTree = "<group>"; };
		F023F2421E6DAF70000382EF /* Info.plist */ = {isa = PBXFileReference; lastKnownFileType = text.plist.xml; path = Info.plist; sourceTree = "<group>"; };
		F023F2471E6DAF70000382EF /* PageMenuNoStoryboardConfigurationDemoTests.xctest */ = {isa = PBXFileReference; explicitFileType = wrapper.cfbundle; includeInIndex = 0; path = PageMenuNoStoryboardConfigurationDemoTests.xctest; sourceTree = BUILT_PRODUCTS_DIR; };
		F023F24B1E6DAF70000382EF /* PageMenuNoStoryboardConfigurationDemoTests.swift */ = {isa = PBXFileReference; lastKnownFileType = sourcecode.swift; path = PageMenuNoStoryboardConfigurationDemoTests.swift; sourceTree = "<group>"; };
		F023F24D1E6DAF70000382EF /* Info.plist */ = {isa = PBXFileReference; lastKnownFileType = text.plist.xml; path = Info.plist; sourceTree = "<group>"; };
		F023F2521E6DAF70000382EF /* PageMenuNoStoryboardConfigurationDemoUITests.xctest */ = {isa = PBXFileReference; explicitFileType = wrapper.cfbundle; includeInIndex = 0; path = PageMenuNoStoryboardConfigurationDemoUITests.xctest; sourceTree = BUILT_PRODUCTS_DIR; };
		F023F2561E6DAF70000382EF /* PageMenuNoStoryboardConfigurationDemoUITests.swift */ = {isa = PBXFileReference; lastKnownFileType = sourcecode.swift; path = PageMenuNoStoryboardConfigurationDemoUITests.swift; sourceTree = "<group>"; };
		F023F2581E6DAF70000382EF /* Info.plist */ = {isa = PBXFileReference; lastKnownFileType = text.plist.xml; path = Info.plist; sourceTree = "<group>"; };
		F023F26E1E6DB253000382EF /* ViewController.swift */ = {isa = PBXFileReference; fileEncoding = 4; lastKnownFileType = sourcecode.swift; path = ViewController.swift; sourceTree = "<group>"; };
		F023F2961E6DBA9A000382EF /* PageMenu.framework */ = {isa = PBXFileReference; lastKnownFileType = wrapper.framework; name = PageMenu.framework; path = "../../PageMenu/build/Debug-iphoneos/PageMenu.framework"; sourceTree = "<group>"; };
/* End PBXFileReference section */

/* Begin PBXFrameworksBuildPhase section */
		F023F2301E6DAF70000382EF /* Frameworks */ = {
			isa = PBXFrameworksBuildPhase;
			buildActionMask = 2147483647;
			files = (
				F023F2971E6DBA9A000382EF /* PageMenu.framework in Frameworks */,
			);
			runOnlyForDeploymentPostprocessing = 0;
		};
		F023F2441E6DAF70000382EF /* Frameworks */ = {
			isa = PBXFrameworksBuildPhase;
			buildActionMask = 2147483647;
			files = (
			);
			runOnlyForDeploymentPostprocessing = 0;
		};
		F023F24F1E6DAF70000382EF /* Frameworks */ = {
			isa = PBXFrameworksBuildPhase;
			buildActionMask = 2147483647;
			files = (
			);
			runOnlyForDeploymentPostprocessing = 0;
		};
/* End PBXFrameworksBuildPhase section */

/* Begin PBXGroup section */
		F023F22A1E6DAF70000382EF = {
			isa = PBXGroup;
			children = (
				F023F2351E6DAF70000382EF /* PageMenuNoStoryboardConfigurationDemo */,
				F023F24A1E6DAF70000382EF /* PageMenuNoStoryboardConfigurationDemoTests */,
				F023F2551E6DAF70000382EF /* PageMenuNoStoryboardConfigurationDemoUITests */,
				F023F2341E6DAF70000382EF /* Products */,
				F023F2951E6DBA9A000382EF /* Frameworks */,
			);
			sourceTree = "<group>";
		};
		F023F2341E6DAF70000382EF /* Products */ = {
			isa = PBXGroup;
			children = (
				F023F2331E6DAF70000382EF /* PageMenuNoStoryboardConfigurationDemo.app */,
				F023F2471E6DAF70000382EF /* PageMenuNoStoryboardConfigurationDemoTests.xctest */,
				F023F2521E6DAF70000382EF /* PageMenuNoStoryboardConfigurationDemoUITests.xctest */,
			);
			name = Products;
			sourceTree = "<group>";
		};
		F023F2351E6DAF70000382EF /* PageMenuNoStoryboardConfigurationDemo */ = {
			isa = PBXGroup;
			children = (
				F023F2361E6DAF70000382EF /* AppDelegate.swift */,
				F023F26D1E6DB236000382EF /* Controllers */,
				F023F23D1E6DAF70000382EF /* Assets.xcassets */,
				F023F23F1E6DAF70000382EF /* LaunchScreen.storyboard */,
				F023F2421E6DAF70000382EF /* Info.plist */,
			);
			path = PageMenuNoStoryboardConfigurationDemo;
			sourceTree = "<group>";
		};
		F023F24A1E6DAF70000382EF /* PageMenuNoStoryboardConfigurationDemoTests */ = {
			isa = PBXGroup;
			children = (
				F023F24B1E6DAF70000382EF /* PageMenuNoStoryboardConfigurationDemoTests.swift */,
				F023F24D1E6DAF70000382EF /* Info.plist */,
			);
			path = PageMenuNoStoryboardConfigurationDemoTests;
			sourceTree = "<group>";
		};
		F023F2551E6DAF70000382EF /* PageMenuNoStoryboardConfigurationDemoUITests */ = {
			isa = PBXGroup;
			children = (
				F023F2561E6DAF70000382EF /* PageMenuNoStoryboardConfigurationDemoUITests.swift */,
				F023F2581E6DAF70000382EF /* Info.plist */,
			);
			path = PageMenuNoStoryboardConfigurationDemoUITests;
			sourceTree = "<group>";
		};
		F023F26D1E6DB236000382EF /* Controllers */ = {
			isa = PBXGroup;
			children = (
				F023F26E1E6DB253000382EF /* ViewController.swift */,
			);
			name = Controllers;
			sourceTree = "<group>";
		};
		F023F2951E6DBA9A000382EF /* Frameworks */ = {
			isa = PBXGroup;
			children = (
				F023F2961E6DBA9A000382EF /* PageMenu.framework */,
			);
			name = Frameworks;
			sourceTree = "<group>";
		};
/* End PBXGroup section */

/* Begin PBXNativeTarget section */
		F023F2321E6DAF70000382EF /* PageMenuNoStoryboardConfigurationDemo */ = {
			isa = PBXNativeTarget;
			buildConfigurationList = F023F25B1E6DAF70000382EF /* Build configuration list for PBXNativeTarget "PageMenuNoStoryboardConfigurationDemo" */;
			buildPhases = (
				F023F22F1E6DAF70000382EF /* Sources */,
				F023F2301E6DAF70000382EF /* Frameworks */,
				F023F2311E6DAF70000382EF /* Resources */,
			);
			buildRules = (
			);
			dependencies = (
			);
			name = PageMenuNoStoryboardConfigurationDemo;
			productName = PageMenuNoStoryboardConfigurationDemo;
			productReference = F023F2331E6DAF70000382EF /* PageMenuNoStoryboardConfigurationDemo.app */;
			productType = "com.apple.product-type.application";
		};
		F023F2461E6DAF70000382EF /* PageMenuNoStoryboardConfigurationDemoTests */ = {
			isa = PBXNativeTarget;
			buildConfigurationList = F023F25E1E6DAF70000382EF /* Build configuration list for PBXNativeTarget "PageMenuNoStoryboardConfigurationDemoTests" */;
			buildPhases = (
				F023F2431E6DAF70000382EF /* Sources */,
				F023F2441E6DAF70000382EF /* Frameworks */,
				F023F2451E6DAF70000382EF /* Resources */,
			);
			buildRules = (
			);
			dependencies = (
				F023F2491E6DAF70000382EF /* PBXTargetDependency */,
			);
			name = PageMenuNoStoryboardConfigurationDemoTests;
			productName = PageMenuNoStoryboardConfigurationDemoTests;
			productReference = F023F2471E6DAF70000382EF /* PageMenuNoStoryboardConfigurationDemoTests.xctest */;
			productType = "com.apple.product-type.bundle.unit-test";
		};
		F023F2511E6DAF70000382EF /* PageMenuNoStoryboardConfigurationDemoUITests */ = {
			isa = PBXNativeTarget;
			buildConfigurationList = F023F2611E6DAF70000382EF /* Build configuration list for PBXNativeTarget "PageMenuNoStoryboardConfigurationDemoUITests" */;
			buildPhases = (
				F023F24E1E6DAF70000382EF /* Sources */,
				F023F24F1E6DAF70000382EF /* Frameworks */,
				F023F2501E6DAF70000382EF /* Resources */,
			);
			buildRules = (
			);
			dependencies = (
				F023F2541E6DAF70000382EF /* PBXTargetDependency */,
			);
			name = PageMenuNoStoryboardConfigurationDemoUITests;
			productName = PageMenuNoStoryboardConfigurationDemoUITests;
			productReference = F023F2521E6DAF70000382EF /* PageMenuNoStoryboardConfigurationDemoUITests.xctest */;
			productType = "com.apple.product-type.bundle.ui-testing";
		};
/* End PBXNativeTarget section */

/* Begin PBXProject section */
		F023F22B1E6DAF70000382EF /* Project object */ = {
			isa = PBXProject;
			attributes = {
				LastSwiftUpdateCheck = 0820;
				LastUpgradeCheck = 0820;
				ORGANIZATIONNAME = UACAPS;
				TargetAttributes = {
					F023F2321E6DAF70000382EF = {
						CreatedOnToolsVersion = 8.2.1;
						ProvisioningStyle = Automatic;
					};
					F023F2461E6DAF70000382EF = {
						CreatedOnToolsVersion = 8.2.1;
						ProvisioningStyle = Automatic;
						TestTargetID = F023F2321E6DAF70000382EF;
					};
					F023F2511E6DAF70000382EF = {
						CreatedOnToolsVersion = 8.2.1;
						ProvisioningStyle = Automatic;
						TestTargetID = F023F2321E6DAF70000382EF;
					};
				};
			};
			buildConfigurationList = F023F22E1E6DAF70000382EF /* Build configuration list for PBXProject "PageMenuNoStoryboardConfigurationDemo" */;
			compatibilityVersion = "Xcode 3.2";
			developmentRegion = English;
			hasScannedForEncodings = 0;
			knownRegions = (
				en,
				Base,
			);
			mainGroup = F023F22A1E6DAF70000382EF;
			productRefGroup = F023F2341E6DAF70000382EF /* Products */;
			projectDirPath = "";
			projectRoot = "";
			targets = (
				F023F2321E6DAF70000382EF /* PageMenuNoStoryboardConfigurationDemo */,
				F023F2461E6DAF70000382EF /* PageMenuNoStoryboardConfigurationDemoTests */,
				F023F2511E6DAF70000382EF /* PageMenuNoStoryboardConfigurationDemoUITests */,
			);
		};
/* End PBXProject section */

/* Begin PBXResourcesBuildPhase section */
		F023F2311E6DAF70000382EF /* Resources */ = {
			isa = PBXResourcesBuildPhase;
			buildActionMask = 2147483647;
			files = (
				F023F2411E6DAF70000382EF /* LaunchScreen.storyboard in Resources */,
				F023F23E1E6DAF70000382EF /* Assets.xcassets in Resources */,
			);
			runOnlyForDeploymentPostprocessing = 0;
		};
		F023F2451E6DAF70000382EF /* Resources */ = {
			isa = PBXResourcesBuildPhase;
			buildActionMask = 2147483647;
			files = (
			);
			runOnlyForDeploymentPostprocessing = 0;
		};
		F023F2501E6DAF70000382EF /* Resources */ = {
			isa = PBXResourcesBuildPhase;
			buildActionMask = 2147483647;
			files = (
			);
			runOnlyForDeploymentPostprocessing = 0;
		};
/* End PBXResourcesBuildPhase section */

/* Begin PBXSourcesBuildPhase section */
		F023F22F1E6DAF70000382EF /* Sources */ = {
			isa = PBXSourcesBuildPhase;
			buildActionMask = 2147483647;
			files = (
				F023F26F1E6DB253000382EF /* ViewController.swift in Sources */,
				F023F2371E6DAF70000382EF /* AppDelegate.swift in Sources */,
			);
			runOnlyForDeploymentPostprocessing = 0;
		};
		F023F2431E6DAF70000382EF /* Sources */ = {
			isa = PBXSourcesBuildPhase;
			buildActionMask = 2147483647;
			files = (
				F023F24C1E6DAF70000382EF /* PageMenuNoStoryboardConfigurationDemoTests.swift in Sources */,
			);
			runOnlyForDeploymentPostprocessing = 0;
		};
		F023F24E1E6DAF70000382EF /* Sources */ = {
			isa = PBXSourcesBuildPhase;
			buildActionMask = 2147483647;
			files = (
				F023F2571E6DAF70000382EF /* PageMenuNoStoryboardConfigurationDemoUITests.swift in Sources */,
			);
			runOnlyForDeploymentPostprocessing = 0;
		};
/* End PBXSourcesBuildPhase section */

/* Begin PBXTargetDependency section */
		F023F2491E6DAF70000382EF /* PBXTargetDependency */ = {
			isa = PBXTargetDependency;
			target = F023F2321E6DAF70000382EF /* PageMenuNoStoryboardConfigurationDemo */;
			targetProxy = F023F2481E6DAF70000382EF /* PBXContainerItemProxy */;
		};
		F023F2541E6DAF70000382EF /* PBXTargetDependency */ = {
			isa = PBXTargetDependency;
			target = F023F2321E6DAF70000382EF /* PageMenuNoStoryboardConfigurationDemo */;
			targetProxy = F023F2531E6DAF70000382EF /* PBXContainerItemProxy */;
		};
/* End PBXTargetDependency section */

/* Begin PBXVariantGroup section */
		F023F23F1E6DAF70000382EF /* LaunchScreen.storyboard */ = {
			isa = PBXVariantGroup;
			children = (
				F023F2401E6DAF70000382EF /* Base */,
			);
			name = LaunchScreen.storyboard;
			sourceTree = "<group>";
		};
/* End PBXVariantGroup section */

/* Begin XCBuildConfiguration section */
		F023F2591E6DAF70000382EF /* Debug */ = {
			isa = XCBuildConfiguration;
			buildSettings = {
				ALWAYS_SEARCH_USER_PATHS = NO;
				CLANG_ANALYZER_NONNULL = YES;
				CLANG_CXX_LANGUAGE_STANDARD = "gnu++0x";
				CLANG_CXX_LIBRARY = "libc++";
				CLANG_ENABLE_MODULES = YES;
				CLANG_ENABLE_OBJC_ARC = YES;
				CLANG_WARN_BOOL_CONVERSION = YES;
				CLANG_WARN_CONSTANT_CONVERSION = YES;
				CLANG_WARN_DIRECT_OBJC_ISA_USAGE = YES_ERROR;
				CLANG_WARN_DOCUMENTATION_COMMENTS = YES;
				CLANG_WARN_EMPTY_BODY = YES;
				CLANG_WARN_ENUM_CONVERSION = YES;
				CLANG_WARN_INFINITE_RECURSION = YES;
				CLANG_WARN_INT_CONVERSION = YES;
				CLANG_WARN_OBJC_ROOT_CLASS = YES_ERROR;
				CLANG_WARN_SUSPICIOUS_MOVE = YES;
				CLANG_WARN_UNREACHABLE_CODE = YES;
				CLANG_WARN__DUPLICATE_METHOD_MATCH = YES;
				"CODE_SIGN_IDENTITY[sdk=iphoneos*]" = "iPhone Developer";
				COPY_PHASE_STRIP = NO;
				DEBUG_INFORMATION_FORMAT = dwarf;
				ENABLE_STRICT_OBJC_MSGSEND = YES;
				ENABLE_TESTABILITY = YES;
				GCC_C_LANGUAGE_STANDARD = gnu99;
				GCC_DYNAMIC_NO_PIC = NO;
				GCC_NO_COMMON_BLOCKS = YES;
				GCC_OPTIMIZATION_LEVEL = 0;
				GCC_PREPROCESSOR_DEFINITIONS = (
					"DEBUG=1",
					"$(inherited)",
				);
				GCC_WARN_64_TO_32_BIT_CONVERSION = YES;
				GCC_WARN_ABOUT_RETURN_TYPE = YES_ERROR;
				GCC_WARN_UNDECLARED_SELECTOR = YES;
				GCC_WARN_UNINITIALIZED_AUTOS = YES_AGGRESSIVE;
				GCC_WARN_UNUSED_FUNCTION = YES;
				GCC_WARN_UNUSED_VARIABLE = YES;
				IPHONEOS_DEPLOYMENT_TARGET = 10.2;
				MTL_ENABLE_DEBUG_INFO = YES;
				ONLY_ACTIVE_ARCH = YES;
				SDKROOT = iphoneos;
				SWIFT_ACTIVE_COMPILATION_CONDITIONS = DEBUG;
				SWIFT_OPTIMIZATION_LEVEL = "-Onone";
				TARGETED_DEVICE_FAMILY = "1,2";
			};
			name = Debug;
		};
		F023F25A1E6DAF70000382EF /* Release */ = {
			isa = XCBuildConfiguration;
			buildSettings = {
				ALWAYS_SEARCH_USER_PATHS = NO;
				CLANG_ANALYZER_NONNULL = YES;
				CLANG_CXX_LANGUAGE_STANDARD = "gnu++0x";
				CLANG_CXX_LIBRARY = "libc++";
				CLANG_ENABLE_MODULES = YES;
				CLANG_ENABLE_OBJC_ARC = YES;
				CLANG_WARN_BOOL_CONVERSION = YES;
				CLANG_WARN_CONSTANT_CONVERSION = YES;
				CLANG_WARN_DIRECT_OBJC_ISA_USAGE = YES_ERROR;
				CLANG_WARN_DOCUMENTATION_COMMENTS = YES;
				CLANG_WARN_EMPTY_BODY = YES;
				CLANG_WARN_ENUM_CONVERSION = YES;
				CLANG_WARN_INFINITE_RECURSION = YES;
				CLANG_WARN_INT_CONVERSION = YES;
				CLANG_WARN_OBJC_ROOT_CLASS = YES_ERROR;
				CLANG_WARN_SUSPICIOUS_MOVE = YES;
				CLANG_WARN_UNREACHABLE_CODE = YES;
				CLANG_WARN__DUPLICATE_METHOD_MATCH = YES;
				"CODE_SIGN_IDENTITY[sdk=iphoneos*]" = "iPhone Developer";
				COPY_PHASE_STRIP = NO;
				DEBUG_INFORMATION_FORMAT = "dwarf-with-dsym";
				ENABLE_NS_ASSERTIONS = NO;
				ENABLE_STRICT_OBJC_MSGSEND = YES;
				GCC_C_LANGUAGE_STANDARD = gnu99;
				GCC_NO_COMMON_BLOCKS = YES;
				GCC_WARN_64_TO_32_BIT_CONVERSION = YES;
				GCC_WARN_ABOUT_RETURN_TYPE = YES_ERROR;
				GCC_WARN_UNDECLARED_SELECTOR = YES;
				GCC_WARN_UNINITIALIZED_AUTOS = YES_AGGRESSIVE;
				GCC_WARN_UNUSED_FUNCTION = YES;
				GCC_WARN_UNUSED_VARIABLE = YES;
				IPHONEOS_DEPLOYMENT_TARGET = 10.2;
				MTL_ENABLE_DEBUG_INFO = NO;
				SDKROOT = iphoneos;
				SWIFT_OPTIMIZATION_LEVEL = "-Owholemodule";
				TARGETED_DEVICE_FAMILY = "1,2";
				VALIDATE_PRODUCT = YES;
			};
			name = Release;
		};
		F023F25C1E6DAF70000382EF /* Debug */ = {
			isa = XCBuildConfiguration;
			buildSettings = {
				ASSETCATALOG_COMPILER_APPICON_NAME = AppIcon;
				INFOPLIST_FILE = PageMenuNoStoryboardConfigurationDemo/Info.plist;
				LD_RUNPATH_SEARCH_PATHS = "$(inherited) @executable_path/Frameworks";
				PRODUCT_BUNDLE_IDENTIFIER = caps.ua.edu.PageMenuNoStoryboardConfigurationDemo;
				PRODUCT_NAME = "$(TARGET_NAME)";
				SWIFT_VERSION = 3.0;
			};
			name = Debug;
		};
		F023F25D1E6DAF70000382EF /* Release */ = {
			isa = XCBuildConfiguration;
			buildSettings = {
				ASSETCATALOG_COMPILER_APPICON_NAME = AppIcon;
				INFOPLIST_FILE = PageMenuNoStoryboardConfigurationDemo/Info.plist;
				LD_RUNPATH_SEARCH_PATHS = "$(inherited) @executable_path/Frameworks";
				PRODUCT_BUNDLE_IDENTIFIER = caps.ua.edu.PageMenuNoStoryboardConfigurationDemo;
				PRODUCT_NAME = "$(TARGET_NAME)";
				SWIFT_VERSION = 3.0;
			};
			name = Release;
		};
		F023F25F1E6DAF70000382EF /* Debug */ = {
			isa = XCBuildConfiguration;
			buildSettings = {
				ALWAYS_EMBED_SWIFT_STANDARD_LIBRARIES = YES;
				BUNDLE_LOADER = "$(TEST_HOST)";
				INFOPLIST_FILE = PageMenuNoStoryboardConfigurationDemoTests/Info.plist;
				LD_RUNPATH_SEARCH_PATHS = "$(inherited) @executable_path/Frameworks @loader_path/Frameworks";
				PRODUCT_BUNDLE_IDENTIFIER = caps.ua.edu.PageMenuNoStoryboardConfigurationDemoTests;
				PRODUCT_NAME = "$(TARGET_NAME)";
				SWIFT_VERSION = 3.0;
				TEST_HOST = "$(BUILT_PRODUCTS_DIR)/PageMenuNoStoryboardConfigurationDemo.app/PageMenuNoStoryboardConfigurationDemo";
			};
			name = Debug;
		};
		F023F2601E6DAF70000382EF /* Release */ = {
			isa = XCBuildConfiguration;
			buildSettings = {
				ALWAYS_EMBED_SWIFT_STANDARD_LIBRARIES = YES;
				BUNDLE_LOADER = "$(TEST_HOST)";
				INFOPLIST_FILE = PageMenuNoStoryboardConfigurationDemoTests/Info.plist;
				LD_RUNPATH_SEARCH_PATHS = "$(inherited) @executable_path/Frameworks @loader_path/Frameworks";
				PRODUCT_BUNDLE_IDENTIFIER = caps.ua.edu.PageMenuNoStoryboardConfigurationDemoTests;
				PRODUCT_NAME = "$(TARGET_NAME)";
				SWIFT_VERSION = 3.0;
				TEST_HOST = "$(BUILT_PRODUCTS_DIR)/PageMenuNoStoryboardConfigurationDemo.app/PageMenuNoStoryboardConfigurationDemo";
			};
			name = Release;
		};
		F023F2621E6DAF70000382EF /* Debug */ = {
			isa = XCBuildConfiguration;
			buildSettings = {
				ALWAYS_EMBED_SWIFT_STANDARD_LIBRARIES = YES;
				INFOPLIST_FILE = PageMenuNoStoryboardConfigurationDemoUITests/Info.plist;
				LD_RUNPATH_SEARCH_PATHS = "$(inherited) @executable_path/Frameworks @loader_path/Frameworks";
				PRODUCT_BUNDLE_IDENTIFIER = caps.ua.edu.PageMenuNoStoryboardConfigurationDemoUITests;
				PRODUCT_NAME = "$(TARGET_NAME)";
				SWIFT_VERSION = 3.0;
				TEST_TARGET_NAME = PageMenuNoStoryboardConfigurationDemo;
			};
			name = Debug;
		};
		F023F2631E6DAF70000382EF /* Release */ = {
			isa = XCBuildConfiguration;
			buildSettings = {
				ALWAYS_EMBED_SWIFT_STANDARD_LIBRARIES = YES;
				INFOPLIST_FILE = PageMenuNoStoryboardConfigurationDemoUITests/Info.plist;
				LD_RUNPATH_SEARCH_PATHS = "$(inherited) @executable_path/Frameworks @loader_path/Frameworks";
				PRODUCT_BUNDLE_IDENTIFIER = caps.ua.edu.PageMenuNoStoryboardConfigurationDemoUITests;
				PRODUCT_NAME = "$(TARGET_NAME)";
				SWIFT_VERSION = 3.0;
				TEST_TARGET_NAME = PageMenuNoStoryboardConfigurationDemo;
			};
			name = Release;
		};
/* End XCBuildConfiguration section */

/* Begin XCConfigurationList section */
		F023F22E1E6DAF70000382EF /* Build configuration list for PBXProject "PageMenuNoStoryboardConfigurationDemo" */ = {
			isa = XCConfigurationList;
			buildConfigurations = (
				F023F2591E6DAF70000382EF /* Debug */,
				F023F25A1E6DAF70000382EF /* Release */,
			);
			defaultConfigurationIsVisible = 0;
			defaultConfigurationName = Release;
		};
		F023F25B1E6DAF70000382EF /* Build configuration list for PBXNativeTarget "PageMenuNoStoryboardConfigurationDemo" */ = {
			isa = XCConfigurationList;
			buildConfigurations = (
				F023F25C1E6DAF70000382EF /* Debug */,
				F023F25D1E6DAF70000382EF /* Release */,
			);
			defaultConfigurationIsVisible = 0;
			defaultConfigurationName = Release;
		};
		F023F25E1E6DAF70000382EF /* Build configuration list for PBXNativeTarget "PageMenuNoStoryboardConfigurationDemoTests" */ = {
			isa = XCConfigurationList;
			buildConfigurations = (
				F023F25F1E6DAF70000382EF /* Debug */,
				F023F2601E6DAF70000382EF /* Release */,
			);
			defaultConfigurationIsVisible = 0;
			defaultConfigurationName = Release;
		};
		F023F2611E6DAF70000382EF /* Build configuration list for PBXNativeTarget "PageMenuNoStoryboardConfigurationDemoUITests" */ = {
			isa = XCConfigurationList;
			buildConfigurations = (
				F023F2621E6DAF70000382EF /* Debug */,
				F023F2631E6DAF70000382EF /* Release */,
			);
			defaultConfigurationIsVisible = 0;
			defaultConfigurationName = Release;
		};
/* End XCConfigurationList section */
	};
	rootObject = F023F22B1E6DAF70000382EF /* Project object */;
}
