// !$*UTF8*$!
{
	archiveVersion = 1;
	classes = {
	};
	objectVersion = 46;
	objects = {

/* Begin PBXBuildFile section */
		9EF6E77C1A44D77F001622DE /* AppDelegate.swift in Sources */ = {isa = PBXBuildFile; fileRef = 9EF6E77B1A44D77F001622DE /* AppDelegate.swift */; };
		9EF6E77E1A44D77F001622DE /* ViewController.swift in Sources */ = {isa = PBXBuildFile; fileRef = 9EF6E77D1A44D77F001622DE /* ViewController.swift */; };
		9EF6E7811A44D77F001622DE /* Main.storyboard in Resources */ = {isa = PBXBuildFile; fileRef = 9EF6E77F1A44D77F001622DE /* Main.storyboard */; };
		9EF6E7831A44D77F001622DE /* Images.xcassets in Resources */ = {isa = PBXBuildFile; fileRef = 9EF6E7821A44D77F001622DE /* Images.xcassets */; };
		9EF6E7861A44D77F001622DE /* LaunchScreen.xib in Resources */ = {isa = PBXBuildFile; fileRef = 9EF6E7841A44D77F001622DE /* LaunchScreen.xib */; };
		9EF6E7921A44D77F001622DE /* PageMenuDemoStoryboardTests.swift in Sources */ = {isa = PBXBuildFile; fileRef = 9EF6E7911A44D77F001622DE /* PageMenuDemoStoryboardTests.swift */; };
		9EF6E7A71A44D85C001622DE /* FriendTableViewCell.swift in Sources */ = {isa = PBXBuildFile; fileRef = 9EF6E79D1A44D85C001622DE /* FriendTableViewCell.swift */; };
		9EF6E7A81A44D85C001622DE /* FriendTableViewCell.xib in Resources */ = {isa = PBXBuildFile; fileRef = 9EF6E79E1A44D85C001622DE /* FriendTableViewCell.xib */; };
		9EF6E7A91A44D85C001622DE /* MoodCollectionViewCell.swift in Sources */ = {isa = PBXBuildFile; fileRef = 9EF6E79F1A44D85C001622DE /* MoodCollectionViewCell.swift */; };
		9EF6E7AA1A44D85C001622DE /* MoodCollectionViewCell.xib in Resources */ = {isa = PBXBuildFile; fileRef = 9EF6E7A01A44D85C001622DE /* MoodCollectionViewCell.xib */; };
		9EF6E7AB1A44D85C001622DE /* TestCollectionViewController.swift in Sources */ = {isa = PBXBuildFile; fileRef = 9EF6E7A11A44D85C001622DE /* TestCollectionViewController.swift */; };
		9EF6E7AC1A44D85C001622DE /* TestCollectionViewController.xib in Resources */ = {isa = PBXBuildFile; fileRef = 9EF6E7A21A44D85C001622DE /* TestCollectionViewController.xib */; };
		9EF6E7AD1A44D85C001622DE /* TestTableViewController.swift in Sources */ = {isa = PBXBuildFile; fileRef = 9EF6E7A31A44D85C001622DE /* TestTableViewController.swift */; };
		9EF6E7AE1A44D85C001622DE /* TestTableViewController.xib in Resources */ = {isa = PBXBuildFile; fileRef = 9EF6E7A41A44D85C001622DE /* TestTableViewController.xib */; };
		9EF6E7AF1A44D85C001622DE /* TestViewController.swift in Sources */ = {isa = PBXBuildFile; fileRef = 9EF6E7A51A44D85C001622DE /* TestViewController.swift */; };
		9EF6E7B01A44D85C001622DE /* TestViewController.xib in Resources */ = {isa = PBXBuildFile; fileRef = 9EF6E7A61A44D85C001622DE /* TestViewController.xib */; };
		9EF6E7CE1A44D886001622DE /* active.png in Resources */ = {isa = PBXBuildFile; fileRef = 9EF6E7B11A44D886001622DE /* active.png */; };
		9EF6E7CF1A44D886001622DE /* adventurous.png in Resources */ = {isa = PBXBuildFile; fileRef = 9EF6E7B21A44D886001622DE /* adventurous.png */; };
		9EF6E7D01A44D886001622DE /* happy.png in Resources */ = {isa = PBXBuildFile; fileRef = 9EF6E7B31A44D886001622DE /* happy.png */; };
		9EF6E7D11A44D886001622DE /* hungry.png in Resources */ = {isa = PBXBuildFile; fileRef = 9EF6E7B41A44D886001622DE /* hungry.png */; };
		9EF6E7D21A44D886001622DE /* loved.png in Resources */ = {isa = PBXBuildFile; fileRef = 9EF6E7B51A44D886001622DE /* loved.png */; };
		9EF6E7D31A44D886001622DE /* man1.jpg in Resources */ = {isa = PBXBuildFile; fileRef = 9EF6E7B61A44D886001622DE /* man1.jpg */; };
		9EF6E7D41A44D886001622DE /* man2.jpg in Resources */ = {isa = PBXBuildFile; fileRef = 9EF6E7B71A44D886001622DE /* man2.jpg */; };
		9EF6E7D51A44D886001622DE /* man3.jpg in Resources */ = {isa = PBXBuildFile; fileRef = 9EF6E7B81A44D886001622DE /* man3.jpg */; };
		9EF6E7D61A44D886001622DE /* man4.jpg in Resources */ = {isa = PBXBuildFile; fileRef = 9EF6E7B91A44D886001622DE /* man4.jpg */; };
		9EF6E7D71A44D886001622DE /* man5.jpg in Resources */ = {isa = PBXBuildFile; fileRef = 9EF6E7BA1A44D886001622DE /* man5.jpg */; };
		9EF6E7D81A44D886001622DE /* man6.jpg in Resources */ = {isa = PBXBuildFile; fileRef = 9EF6E7BB1A44D886001622DE /* man6.jpg */; };
		9EF6E7D91A44D886001622DE /* man7.jpg in Resources */ = {isa = PBXBuildFile; fileRef = 9EF6E7BC1A44D886001622DE /* man7.jpg */; };
		9EF6E7DA1A44D886001622DE /* man8.jpg in Resources */ = {isa = PBXBuildFile; fileRef = 9EF6E7BD1A44D886001622DE /* man8.jpg */; };
		9EF6E7DB1A44D886001622DE /* mood1.jpg in Resources */ = {isa = PBXBuildFile; fileRef = 9EF6E7BE1A44D886001622DE /* mood1.jpg */; };
		9EF6E7DC1A44D886001622DE /* mood2.jpg in Resources */ = {isa = PBXBuildFile; fileRef = 9EF6E7BF1A44D886001622DE /* mood2.jpg */; };
		9EF6E7DD1A44D886001622DE /* mood3.jpg in Resources */ = {isa = PBXBuildFile; fileRef = 9EF6E7C01A44D886001622DE /* mood3.jpg */; };
		9EF6E7DE1A44D886001622DE /* mood4.jpg in Resources */ = {isa = PBXBuildFile; fileRef = 9EF6E7C11A44D886001622DE /* mood4.jpg */; };
		9EF6E7DF1A44D886001622DE /* mood5.jpg in Resources */ = {isa = PBXBuildFile; fileRef = 9EF6E7C21A44D886001622DE /* mood5.jpg */; };
		9EF6E7E01A44D886001622DE /* mood6.jpg in Resources */ = {isa = PBXBuildFile; fileRef = 9EF6E7C31A44D886001622DE /* mood6.jpg */; };
		9EF6E7E11A44D886001622DE /* mood7.jpg in Resources */ = {isa = PBXBuildFile; fileRef = 9EF6E7C41A44D886001622DE /* mood7.jpg */; };
		9EF6E7E21A44D886001622DE /* mood8.jpg in Resources */ = {isa = PBXBuildFile; fileRef = 9EF6E7C51A44D886001622DE /* mood8.jpg */; };
		9EF6E7E31A44D886001622DE /* playful.png in Resources */ = {isa = PBXBuildFile; fileRef = 9EF6E7C61A44D886001622DE /* playful.png */; };
		9EF6E7E41A44D886001622DE /* relax.png in Resources */ = {isa = PBXBuildFile; fileRef = 9EF6E7C71A44D886001622DE /* relax.png */; };
		9EF6E7E51A44D886001622DE /* wealthy.png in Resources */ = {isa = PBXBuildFile; fileRef = 9EF6E7C81A44D886001622DE /* wealthy.png */; };
		9EF6E7E61A44D886001622DE /* woman1.jpg in Resources */ = {isa = PBXBuildFile; fileRef = 9EF6E7C91A44D886001622DE /* woman1.jpg */; };
		9EF6E7E71A44D886001622DE /* woman2.jpg in Resources */ = {isa = PBXBuildFile; fileRef = 9EF6E7CA1A44D886001622DE /* woman2.jpg */; };
		9EF6E7E81A44D886001622DE /* woman3.jpg in Resources */ = {isa = PBXBuildFile; fileRef = 9EF6E7CB1A44D886001622DE /* woman3.jpg */; };
		9EF6E7E91A44D886001622DE /* woman4.jpg in Resources */ = {isa = PBXBuildFile; fileRef = 9EF6E7CC1A44D886001622DE /* woman4.jpg */; };
		9EF6E7EA1A44D886001622DE /* woman5.jpg in Resources */ = {isa = PBXBuildFile; fileRef = 9EF6E7CD1A44D886001622DE /* woman5.jpg */; };
		A6DA204F1A5ECA990048E0C0 /* CAPSPageMenu.swift in Sources */ = {isa = PBXBuildFile; fileRef = A6DA204E1A5ECA990048E0C0 /* CAPSPageMenu.swift */; };
/* End PBXBuildFile section */

/* Begin PBXContainerItemProxy section */
		9EF6E78C1A44D77F001622DE /* PBXContainerItemProxy */ = {
			isa = PBXContainerItemProxy;
			containerPortal = 9EF6E76E1A44D77F001622DE /* Project object */;
			proxyType = 1;
			remoteGlobalIDString = 9EF6E7751A44D77F001622DE;
			remoteInfo = PageMenuDemoStoryboard;
		};
/* End PBXContainerItemProxy section */

/* Begin PBXFileReference section */
		9EF6E7761A44D77F001622DE /* PageMenuDemoStoryboard.app */ = {isa = PBXFileReference; explicitFileType = wrapper.application; includeInIndex = 0; path = PageMenuDemoStoryboard.app; sourceTree = BUILT_PRODUCTS_DIR; };
		9EF6E77A1A44D77F001622DE /* Info.plist */ = {isa = PBXFileReference; lastKnownFileType = text.plist.xml; path = Info.plist; sourceTree = "<group>"; };
		9EF6E77B1A44D77F001622DE /* AppDelegate.swift */ = {isa = PBXFileReference; lastKnownFileType = sourcecode.swift; path = AppDelegate.swift; sourceTree = "<group>"; };
		9EF6E77D1A44D77F001622DE /* ViewController.swift */ = {isa = PBXFileReference; lastKnownFileType = sourcecode.swift; path = ViewController.swift; sourceTree = "<group>"; };
		9EF6E7801A44D77F001622DE /* Base */ = {isa = PBXFileReference; lastKnownFileType = file.storyboard; name = Base; path = Base.lproj/Main.storyboard; sourceTree = "<group>"; };
		9EF6E7821A44D77F001622DE /* Images.xcassets */ = {isa = PBXFileReference; lastKnownFileType = folder.assetcatalog; path = Images.xcassets; sourceTree = "<group>"; };
		9EF6E7851A44D77F001622DE /* Base */ = {isa = PBXFileReference; lastKnownFileType = file.xib; name = Base; path = Base.lproj/LaunchScreen.xib; sourceTree = "<group>"; };
		9EF6E78B1A44D77F001622DE /* PageMenuDemoStoryboardTests.xctest */ = {isa = PBXFileReference; explicitFileType = wrapper.cfbundle; includeInIndex = 0; path = PageMenuDemoStoryboardTests.xctest; sourceTree = BUILT_PRODUCTS_DIR; };
		9EF6E7901A44D77F001622DE /* Info.plist */ = {isa = PBXFileReference; lastKnownFileType = text.plist.xml; path = Info.plist; sourceTree = "<group>"; };
		9EF6E7911A44D77F001622DE /* PageMenuDemoStoryboardTests.swift */ = {isa = PBXFileReference; lastKnownFileType = sourcecode.swift; path = PageMenuDemoStoryboardTests.swift; sourceTree = "<group>"; };
		9EF6E79D1A44D85C001622DE /* FriendTableViewCell.swift */ = {isa = PBXFileReference; fileEncoding = 4; lastKnownFileType = sourcecode.swift; path = FriendTableViewCell.swift; sourceTree = "<group>"; };
		9EF6E79E1A44D85C001622DE /* FriendTableViewCell.xib */ = {isa = PBXFileReference; fileEncoding = 4; lastKnownFileType = file.xib; path = FriendTableViewCell.xib; sourceTree = "<group>"; };
		9EF6E79F1A44D85C001622DE /* MoodCollectionViewCell.swift */ = {isa = PBXFileReference; fileEncoding = 4; lastKnownFileType = sourcecode.swift; path = MoodCollectionViewCell.swift; sourceTree = "<group>"; };
		9EF6E7A01A44D85C001622DE /* MoodCollectionViewCell.xib */ = {isa = PBXFileReference; fileEncoding = 4; lastKnownFileType = file.xib; path = MoodCollectionViewCell.xib; sourceTree = "<group>"; };
		9EF6E7A11A44D85C001622DE /* TestCollectionViewController.swift */ = {isa = PBXFileReference; fileEncoding = 4; lastKnownFileType = sourcecode.swift; path = TestCollectionViewController.swift; sourceTree = "<group>"; };
		9EF6E7A21A44D85C001622DE /* TestCollectionViewController.xib */ = {isa = PBXFileReference; fileEncoding = 4; lastKnownFileType = file.xib; path = TestCollectionViewController.xib; sourceTree = "<group>"; };
		9EF6E7A31A44D85C001622DE /* TestTableViewController.swift */ = {isa = PBXFileReference; fileEncoding = 4; lastKnownFileType = sourcecode.swift; path = TestTableViewController.swift; sourceTree = "<group>"; };
		9EF6E7A41A44D85C001622DE /* TestTableViewController.xib */ = {isa = PBXFileReference; fileEncoding = 4; lastKnownFileType = file.xib; path = TestTableViewController.xib; sourceTree = "<group>"; };
		9EF6E7A51A44D85C001622DE /* TestViewController.swift */ = {isa = PBXFileReference; fileEncoding = 4; lastKnownFileType = sourcecode.swift; path = TestViewController.swift; sourceTree = "<group>"; };
		9EF6E7A61A44D85C001622DE /* TestViewController.xib */ = {isa = PBXFileReference; fileEncoding = 4; lastKnownFileType = file.xib; path = TestViewController.xib; sourceTree = "<group>"; };
		9EF6E7B11A44D886001622DE /* active.png */ = {isa = PBXFileReference; lastKnownFileType = image.png; path = active.png; sourceTree = "<group>"; };
		9EF6E7B21A44D886001622DE /* adventurous.png */ = {isa = PBXFileReference; lastKnownFileType = image.png; path = adventurous.png; sourceTree = "<group>"; };
		9EF6E7B31A44D886001622DE /* happy.png */ = {isa = PBXFileReference; lastKnownFileType = image.png; path = happy.png; sourceTree = "<group>"; };
		9EF6E7B41A44D886001622DE /* hungry.png */ = {isa = PBXFileReference; lastKnownFileType = image.png; path = hungry.png; sourceTree = "<group>"; };
		9EF6E7B51A44D886001622DE /* loved.png */ = {isa = PBXFileReference; lastKnownFileType = image.png; path = loved.png; sourceTree = "<group>"; };
		9EF6E7B61A44D886001622DE /* man1.jpg */ = {isa = PBXFileReference; lastKnownFileType = image.jpeg; path = man1.jpg; sourceTree = "<group>"; };
		9EF6E7B71A44D886001622DE /* man2.jpg */ = {isa = PBXFileReference; lastKnownFileType = image.jpeg; path = man2.jpg; sourceTree = "<group>"; };
		9EF6E7B81A44D886001622DE /* man3.jpg */ = {isa = PBXFileReference; lastKnownFileType = image.jpeg; path = man3.jpg; sourceTree = "<group>"; };
		9EF6E7B91A44D886001622DE /* man4.jpg */ = {isa = PBXFileReference; lastKnownFileType = image.jpeg; path = man4.jpg; sourceTree = "<group>"; };
		9EF6E7BA1A44D886001622DE /* man5.jpg */ = {isa = PBXFileReference; lastKnownFileType = image.jpeg; path = man5.jpg; sourceTree = "<group>"; };
		9EF6E7BB1A44D886001622DE /* man6.jpg */ = {isa = PBXFileReference; lastKnownFileType = image.jpeg; path = man6.jpg; sourceTree = "<group>"; };
		9EF6E7BC1A44D886001622DE /* man7.jpg */ = {isa = PBXFileReference; lastKnownFileType = image.jpeg; path = man7.jpg; sourceTree = "<group>"; };
		9EF6E7BD1A44D886001622DE /* man8.jpg */ = {isa = PBXFileReference; lastKnownFileType = image.jpeg; path = man8.jpg; sourceTree = "<group>"; };
		9EF6E7BE1A44D886001622DE /* mood1.jpg */ = {isa = PBXFileReference; lastKnownFileType = image.jpeg; path = mood1.jpg; sourceTree = "<group>"; };
		9EF6E7BF1A44D886001622DE /* mood2.jpg */ = {isa = PBXFileReference; lastKnownFileType = image.jpeg; path = mood2.jpg; sourceTree = "<group>"; };
		9EF6E7C01A44D886001622DE /* mood3.jpg */ = {isa = PBXFileReference; lastKnownFileType = image.jpeg; path = mood3.jpg; sourceTree = "<group>"; };
		9EF6E7C11A44D886001622DE /* mood4.jpg */ = {isa = PBXFileReference; lastKnownFileType = image.jpeg; path = mood4.jpg; sourceTree = "<group>"; };
		9EF6E7C21A44D886001622DE /* mood5.jpg */ = {isa = PBXFileReference; lastKnownFileType = image.jpeg; path = mood5.jpg; sourceTree = "<group>"; };
		9EF6E7C31A44D886001622DE /* mood6.jpg */ = {isa = PBXFileReference; lastKnownFileType = image.jpeg; path = mood6.jpg; sourceTree = "<group>"; };
		9EF6E7C41A44D886001622DE /* mood7.jpg */ = {isa = PBXFileReference; lastKnownFileType = image.jpeg; path = mood7.jpg; sourceTree = "<group>"; };
		9EF6E7C51A44D886001622DE /* mood8.jpg */ = {isa = PBXFileReference; lastKnownFileType = image.jpeg; path = mood8.jpg; sourceTree = "<group>"; };
		9EF6E7C61A44D886001622DE /* playful.png */ = {isa = PBXFileReference; lastKnownFileType = image.png; path = playful.png; sourceTree = "<group>"; };
		9EF6E7C71A44D886001622DE /* relax.png */ = {isa = PBXFileReference; lastKnownFileType = image.png; path = relax.png; sourceTree = "<group>"; };
		9EF6E7C81A44D886001622DE /* wealthy.png */ = {isa = PBXFileReference; lastKnownFileType = image.png; path = wealthy.png; sourceTree = "<group>"; };
		9EF6E7C91A44D886001622DE /* woman1.jpg */ = {isa = PBXFileReference; lastKnownFileType = image.jpeg; path = woman1.jpg; sourceTree = "<group>"; };
		9EF6E7CA1A44D886001622DE /* woman2.jpg */ = {isa = PBXFileReference; lastKnownFileType = image.jpeg; path = woman2.jpg; sourceTree = "<group>"; };
		9EF6E7CB1A44D886001622DE /* woman3.jpg */ = {isa = PBXFileReference; lastKnownFileType = image.jpeg; path = woman3.jpg; sourceTree = "<group>"; };
		9EF6E7CC1A44D886001622DE /* woman4.jpg */ = {isa = PBXFileReference; lastKnownFileType = image.jpeg; path = woman4.jpg; sourceTree = "<group>"; };
		9EF6E7CD1A44D886001622DE /* woman5.jpg */ = {isa = PBXFileReference; lastKnownFileType = image.jpeg; path = woman5.jpg; sourceTree = "<group>"; };
		A6DA204E1A5ECA990048E0C0 /* CAPSPageMenu.swift */ = {isa = PBXFileReference; fileEncoding = 4; lastKnownFileType = sourcecode.swift; name = CAPSPageMenu.swift; path = ../../../../Classes/CAPSPageMenu.swift; sourceTree = "<group>"; };
/* End PBXFileReference section */

/* Begin PBXFrameworksBuildPhase section */
		9EF6E7731A44D77F001622DE /* Frameworks */ = {
			isa = PBXFrameworksBuildPhase;
			buildActionMask = 2147483647;
			files = (
			);
			runOnlyForDeploymentPostprocessing = 0;
		};
		9EF6E7881A44D77F001622DE /* Frameworks */ = {
			isa = PBXFrameworksBuildPhase;
			buildActionMask = 2147483647;
			files = (
			);
			runOnlyForDeploymentPostprocessing = 0;
		};
/* End PBXFrameworksBuildPhase section */

/* Begin PBXGroup section */
		9EF6E76D1A44D77F001622DE = {
			isa = PBXGroup;
			children = (
				9EF6E7781A44D77F001622DE /* PageMenuDemoStoryboard */,
				9EF6E78E1A44D77F001622DE /* PageMenuDemoStoryboardTests */,
				9EF6E7771A44D77F001622DE /* Products */,
			);
			sourceTree = "<group>";
		};
		9EF6E7771A44D77F001622DE /* Products */ = {
			isa = PBXGroup;
			children = (
				9EF6E7761A44D77F001622DE /* PageMenuDemoStoryboard.app */,
				9EF6E78B1A44D77F001622DE /* PageMenuDemoStoryboardTests.xctest */,
			);
			name = Products;
			sourceTree = "<group>";
		};
		9EF6E7781A44D77F001622DE /* PageMenuDemoStoryboard */ = {
			isa = PBXGroup;
			children = (
				9EF6E77B1A44D77F001622DE /* AppDelegate.swift */,
				9EF6E77D1A44D77F001622DE /* ViewController.swift */,
				9EF6E77F1A44D77F001622DE /* Main.storyboard */,
				9EF6E7EC1A44D8C9001622DE /* CAPSPageMenu */,
				9EF6E7EE1A44D8E4001622DE /* Cells */,
				9EF6E7ED1A44D8DD001622DE /* View Controllers */,
				9EF6E7EB1A44D8B6001622DE /* Images */,
				9EF6E7821A44D77F001622DE /* Images.xcassets */,
				9EF6E7841A44D77F001622DE /* LaunchScreen.xib */,
				9EF6E7791A44D77F001622DE /* Supporting Files */,
			);
			path = PageMenuDemoStoryboard;
			sourceTree = "<group>";
		};
		9EF6E7791A44D77F001622DE /* Supporting Files */ = {
			isa = PBXGroup;
			children = (
				9EF6E77A1A44D77F001622DE /* Info.plist */,
			);
			name = "Supporting Files";
			sourceTree = "<group>";
		};
		9EF6E78E1A44D77F001622DE /* PageMenuDemoStoryboardTests */ = {
			isa = PBXGroup;
			children = (
				9EF6E7911A44D77F001622DE /* PageMenuDemoStoryboardTests.swift */,
				9EF6E78F1A44D77F001622DE /* Supporting Files */,
			);
			path = PageMenuDemoStoryboardTests;
			sourceTree = "<group>";
		};
		9EF6E78F1A44D77F001622DE /* Supporting Files */ = {
			isa = PBXGroup;
			children = (
				9EF6E7901A44D77F001622DE /* Info.plist */,
			);
			name = "Supporting Files";
			sourceTree = "<group>";
		};
		9EF6E7EB1A44D8B6001622DE /* Images */ = {
			isa = PBXGroup;
			children = (
				9EF6E7B11A44D886001622DE /* active.png */,
				9EF6E7B21A44D886001622DE /* adventurous.png */,
				9EF6E7B31A44D886001622DE /* happy.png */,
				9EF6E7B41A44D886001622DE /* hungry.png */,
				9EF6E7B51A44D886001622DE /* loved.png */,
				9EF6E7B61A44D886001622DE /* man1.jpg */,
				9EF6E7B71A44D886001622DE /* man2.jpg */,
				9EF6E7B81A44D886001622DE /* man3.jpg */,
				9EF6E7B91A44D886001622DE /* man4.jpg */,
				9EF6E7BA1A44D886001622DE /* man5.jpg */,
				9EF6E7BB1A44D886001622DE /* man6.jpg */,
				9EF6E7BC1A44D886001622DE /* man7.jpg */,
				9EF6E7BD1A44D886001622DE /* man8.jpg */,
				9EF6E7BE1A44D886001622DE /* mood1.jpg */,
				9EF6E7BF1A44D886001622DE /* mood2.jpg */,
				9EF6E7C01A44D886001622DE /* mood3.jpg */,
				9EF6E7C11A44D886001622DE /* mood4.jpg */,
				9EF6E7C21A44D886001622DE /* mood5.jpg */,
				9EF6E7C31A44D886001622DE /* mood6.jpg */,
				9EF6E7C41A44D886001622DE /* mood7.jpg */,
				9EF6E7C51A44D886001622DE /* mood8.jpg */,
				9EF6E7C61A44D886001622DE /* playful.png */,
				9EF6E7C71A44D886001622DE /* relax.png */,
				9EF6E7C81A44D886001622DE /* wealthy.png */,
				9EF6E7C91A44D886001622DE /* woman1.jpg */,
				9EF6E7CA1A44D886001622DE /* woman2.jpg */,
				9EF6E7CB1A44D886001622DE /* woman3.jpg */,
				9EF6E7CC1A44D886001622DE /* woman4.jpg */,
				9EF6E7CD1A44D886001622DE /* woman5.jpg */,
			);
			name = Images;
			sourceTree = "<group>";
		};
		9EF6E7EC1A44D8C9001622DE /* CAPSPageMenu */ = {
			isa = PBXGroup;
			children = (
				A6DA204E1A5ECA990048E0C0 /* CAPSPageMenu.swift */,
			);
			name = CAPSPageMenu;
			sourceTree = "<group>";
		};
		9EF6E7ED1A44D8DD001622DE /* View Controllers */ = {
			isa = PBXGroup;
			children = (
				9EF6E7A11A44D85C001622DE /* TestCollectionViewController.swift */,
				9EF6E7A21A44D85C001622DE /* TestCollectionViewController.xib */,
				9EF6E7A31A44D85C001622DE /* TestTableViewController.swift */,
				9EF6E7A41A44D85C001622DE /* TestTableViewController.xib */,
				9EF6E7A51A44D85C001622DE /* TestViewController.swift */,
				9EF6E7A61A44D85C001622DE /* TestViewController.xib */,
			);
			name = "View Controllers";
			sourceTree = "<group>";
		};
		9EF6E7EE1A44D8E4001622DE /* Cells */ = {
			isa = PBXGroup;
			children = (
				9EF6E79D1A44D85C001622DE /* FriendTableViewCell.swift */,
				9EF6E79E1A44D85C001622DE /* FriendTableViewCell.xib */,
				9EF6E79F1A44D85C001622DE /* MoodCollectionViewCell.swift */,
				9EF6E7A01A44D85C001622DE /* MoodCollectionViewCell.xib */,
			);
			name = Cells;
			sourceTree = "<group>";
		};
/* End PBXGroup section */

/* Begin PBXNativeTarget section */
		9EF6E7751A44D77F001622DE /* PageMenuDemoStoryboard */ = {
			isa = PBXNativeTarget;
			buildConfigurationList = 9EF6E7951A44D77F001622DE /* Build configuration list for PBXNativeTarget "PageMenuDemoStoryboard" */;
			buildPhases = (
				9EF6E7721A44D77F001622DE /* Sources */,
				9EF6E7731A44D77F001622DE /* Frameworks */,
				9EF6E7741A44D77F001622DE /* Resources */,
			);
			buildRules = (
			);
			dependencies = (
			);
			name = PageMenuDemoStoryboard;
			productName = PageMenuDemoStoryboard;
			productReference = 9EF6E7761A44D77F001622DE /* PageMenuDemoStoryboard.app */;
			productType = "com.apple.product-type.application";
		};
		9EF6E78A1A44D77F001622DE /* PageMenuDemoStoryboardTests */ = {
			isa = PBXNativeTarget;
			buildConfigurationList = 9EF6E7981A44D77F001622DE /* Build configuration list for PBXNativeTarget "PageMenuDemoStoryboardTests" */;
			buildPhases = (
				9EF6E7871A44D77F001622DE /* Sources */,
				9EF6E7881A44D77F001622DE /* Frameworks */,
				9EF6E7891A44D77F001622DE /* Resources */,
			);
			buildRules = (
			);
			dependencies = (
				9EF6E78D1A44D77F001622DE /* PBXTargetDependency */,
			);
			name = PageMenuDemoStoryboardTests;
			productName = PageMenuDemoStoryboardTests;
			productReference = 9EF6E78B1A44D77F001622DE /* PageMenuDemoStoryboardTests.xctest */;
			productType = "com.apple.product-type.bundle.unit-test";
		};
/* End PBXNativeTarget section */

/* Begin PBXProject section */
		9EF6E76E1A44D77F001622DE /* Project object */ = {
			isa = PBXProject;
			attributes = {
				LastUpgradeCheck = 0610;
				ORGANIZATIONNAME = CAPS;
				TargetAttributes = {
					9EF6E7751A44D77F001622DE = {
						CreatedOnToolsVersion = 6.1.1;
						DevelopmentTeam = 79J92XV598;
					};
					9EF6E78A1A44D77F001622DE = {
						CreatedOnToolsVersion = 6.1.1;
						TestTargetID = 9EF6E7751A44D77F001622DE;
					};
				};
			};
			buildConfigurationList = 9EF6E7711A44D77F001622DE /* Build configuration list for PBXProject "PageMenuDemoStoryboard" */;
			compatibilityVersion = "Xcode 3.2";
			developmentRegion = English;
			hasScannedForEncodings = 0;
			knownRegions = (
				en,
				Base,
			);
			mainGroup = 9EF6E76D1A44D77F001622DE;
			productRefGroup = 9EF6E7771A44D77F001622DE /* Products */;
			projectDirPath = "";
			projectRoot = "";
			targets = (
				9EF6E7751A44D77F001622DE /* PageMenuDemoStoryboard */,
				9EF6E78A1A44D77F001622DE /* PageMenuDemoStoryboardTests */,
			);
		};
/* End PBXProject section */

/* Begin PBXResourcesBuildPhase section */
		9EF6E7741A44D77F001622DE /* Resources */ = {
			isa = PBXResourcesBuildPhase;
			buildActionMask = 2147483647;
			files = (
				9EF6E7DC1A44D886001622DE /* mood2.jpg in Resources */,
				9EF6E7AC1A44D85C001622DE /* TestCollectionViewController.xib in Resources */,
				9EF6E7E01A44D886001622DE /* mood6.jpg in Resources */,
				9EF6E7DD1A44D886001622DE /* mood3.jpg in Resources */,
				9EF6E7D41A44D886001622DE /* man2.jpg in Resources */,
				9EF6E7811A44D77F001622DE /* Main.storyboard in Resources */,
				9EF6E7CF1A44D886001622DE /* adventurous.png in Resources */,
				9EF6E7DA1A44D886001622DE /* man8.jpg in Resources */,
				9EF6E7D71A44D886001622DE /* man5.jpg in Resources */,
				9EF6E7E31A44D886001622DE /* playful.png in Resources */,
				9EF6E7CE1A44D886001622DE /* active.png in Resources */,
				9EF6E7E71A44D886001622DE /* woman2.jpg in Resources */,
				9EF6E7DE1A44D886001622DE /* mood4.jpg in Resources */,
				9EF6E7D91A44D886001622DE /* man7.jpg in Resources */,
				9EF6E7D31A44D886001622DE /* man1.jpg in Resources */,
				9EF6E7D81A44D886001622DE /* man6.jpg in Resources */,
				9EF6E7E61A44D886001622DE /* woman1.jpg in Resources */,
				9EF6E7E11A44D886001622DE /* mood7.jpg in Resources */,
				9EF6E7EA1A44D886001622DE /* woman5.jpg in Resources */,
				9EF6E7D51A44D886001622DE /* man3.jpg in Resources */,
				9EF6E7DF1A44D886001622DE /* mood5.jpg in Resources */,
				9EF6E7D01A44D886001622DE /* happy.png in Resources */,
				9EF6E7861A44D77F001622DE /* LaunchScreen.xib in Resources */,
				9EF6E7E21A44D886001622DE /* mood8.jpg in Resources */,
				9EF6E7831A44D77F001622DE /* Images.xcassets in Resources */,
				9EF6E7AE1A44D85C001622DE /* TestTableViewController.xib in Resources */,
				9EF6E7AA1A44D85C001622DE /* MoodCollectionViewCell.xib in Resources */,
				9EF6E7B01A44D85C001622DE /* TestViewController.xib in Resources */,
				9EF6E7E91A44D886001622DE /* woman4.jpg in Resources */,
				9EF6E7D11A44D886001622DE /* hungry.png in Resources */,
				9EF6E7D61A44D886001622DE /* man4.jpg in Resources */,
				9EF6E7E81A44D886001622DE /* woman3.jpg in Resources */,
				9EF6E7D21A44D886001622DE /* loved.png in Resources */,
				9EF6E7E51A44D886001622DE /* wealthy.png in Resources */,
				9EF6E7E41A44D886001622DE /* relax.png in Resources */,
				9EF6E7DB1A44D886001622DE /* mood1.jpg in Resources */,
				9EF6E7A81A44D85C001622DE /* FriendTableViewCell.xib in Resources */,
			);
			runOnlyForDeploymentPostprocessing = 0;
		};
		9EF6E7891A44D77F001622DE /* Resources */ = {
			isa = PBXResourcesBuildPhase;
			buildActionMask = 2147483647;
			files = (
			);
			runOnlyForDeploymentPostprocessing = 0;
		};
/* End PBXResourcesBuildPhase section */

/* Begin PBXSourcesBuildPhase section */
		9EF6E7721A44D77F001622DE /* Sources */ = {
			isa = PBXSourcesBuildPhase;
			buildActionMask = 2147483647;
			files = (
				9EF6E7A91A44D85C001622DE /* MoodCollectionViewCell.swift in Sources */,
				9EF6E77E1A44D77F001622DE /* ViewController.swift in Sources */,
				9EF6E7AF1A44D85C001622DE /* TestViewController.swift in Sources */,
				9EF6E77C1A44D77F001622DE /* AppDelegate.swift in Sources */,
				9EF6E7AB1A44D85C001622DE /* TestCollectionViewController.swift in Sources */,
				9EF6E7AD1A44D85C001622DE /* TestTableViewController.swift in Sources */,
				A6DA204F1A5ECA990048E0C0 /* CAPSPageMenu.swift in Sources */,
				9EF6E7A71A44D85C001622DE /* FriendTableViewCell.swift in Sources */,
			);
			runOnlyForDeploymentPostprocessing = 0;
		};
		9EF6E7871A44D77F001622DE /* Sources */ = {
			isa = PBXSourcesBuildPhase;
			buildActionMask = 2147483647;
			files = (
				9EF6E7921A44D77F001622DE /* PageMenuDemoStoryboardTests.swift in Sources */,
			);
			runOnlyForDeploymentPostprocessing = 0;
		};
/* End PBXSourcesBuildPhase section */

/* Begin PBXTargetDependency section */
		9EF6E78D1A44D77F001622DE /* PBXTargetDependency */ = {
			isa = PBXTargetDependency;
			target = 9EF6E7751A44D77F001622DE /* PageMenuDemoStoryboard */;
			targetProxy = 9EF6E78C1A44D77F001622DE /* PBXContainerItemProxy */;
		};
/* End PBXTargetDependency section */

/* Begin PBXVariantGroup section */
		9EF6E77F1A44D77F001622DE /* Main.storyboard */ = {
			isa = PBXVariantGroup;
			children = (
				9EF6E7801A44D77F001622DE /* Base */,
			);
			name = Main.storyboard;
			sourceTree = "<group>";
		};
		9EF6E7841A44D77F001622DE /* LaunchScreen.xib */ = {
			isa = PBXVariantGroup;
			children = (
				9EF6E7851A44D77F001622DE /* Base */,
			);
			name = LaunchScreen.xib;
			sourceTree = "<group>";
		};
/* End PBXVariantGroup section */

/* Begin XCBuildConfiguration section */
		9EF6E7931A44D77F001622DE /* Debug */ = {
			isa = XCBuildConfiguration;
			buildSettings = {
				ALWAYS_SEARCH_USER_PATHS = NO;
				CLANG_CXX_LANGUAGE_STANDARD = "gnu++0x";
				CLANG_CXX_LIBRARY = "libc++";
				CLANG_ENABLE_MODULES = YES;
				CLANG_ENABLE_OBJC_ARC = YES;
				CLANG_WARN_BOOL_CONVERSION = YES;
				CLANG_WARN_CONSTANT_CONVERSION = YES;
				CLANG_WARN_DIRECT_OBJC_ISA_USAGE = YES_ERROR;
				CLANG_WARN_EMPTY_BODY = YES;
				CLANG_WARN_ENUM_CONVERSION = YES;
				CLANG_WARN_INT_CONVERSION = YES;
				CLANG_WARN_OBJC_ROOT_CLASS = YES_ERROR;
				CLANG_WARN_UNREACHABLE_CODE = YES;
				CLANG_WARN__DUPLICATE_METHOD_MATCH = YES;
				"CODE_SIGN_IDENTITY[sdk=iphoneos*]" = "iPhone Developer";
				COPY_PHASE_STRIP = NO;
				ENABLE_STRICT_OBJC_MSGSEND = YES;
				GCC_C_LANGUAGE_STANDARD = gnu99;
				GCC_DYNAMIC_NO_PIC = NO;
				GCC_OPTIMIZATION_LEVEL = 0;
				GCC_PREPROCESSOR_DEFINITIONS = (
					"DEBUG=1",
					"$(inherited)",
				);
				GCC_SYMBOLS_PRIVATE_EXTERN = NO;
				GCC_WARN_64_TO_32_BIT_CONVERSION = YES;
				GCC_WARN_ABOUT_RETURN_TYPE = YES_ERROR;
				GCC_WARN_UNDECLARED_SELECTOR = YES;
				GCC_WARN_UNINITIALIZED_AUTOS = YES_AGGRESSIVE;
				GCC_WARN_UNUSED_FUNCTION = YES;
				GCC_WARN_UNUSED_VARIABLE = YES;
				IPHONEOS_DEPLOYMENT_TARGET = 8.1;
				MTL_ENABLE_DEBUG_INFO = YES;
				ONLY_ACTIVE_ARCH = YES;
				SDKROOT = iphoneos;
				SWIFT_OPTIMIZATION_LEVEL = "-Onone";
			};
			name = Debug;
		};
		9EF6E7941A44D77F001622DE /* Release */ = {
			isa = XCBuildConfiguration;
			buildSettings = {
				ALWAYS_SEARCH_USER_PATHS = NO;
				CLANG_CXX_LANGUAGE_STANDARD = "gnu++0x";
				CLANG_CXX_LIBRARY = "libc++";
				CLANG_ENABLE_MODULES = YES;
				CLANG_ENABLE_OBJC_ARC = YES;
				CLANG_WARN_BOOL_CONVERSION = YES;
				CLANG_WARN_CONSTANT_CONVERSION = YES;
				CLANG_WARN_DIRECT_OBJC_ISA_USAGE = YES_ERROR;
				CLANG_WARN_EMPTY_BODY = YES;
				CLANG_WARN_ENUM_CONVERSION = YES;
				CLANG_WARN_INT_CONVERSION = YES;
				CLANG_WARN_OBJC_ROOT_CLASS = YES_ERROR;
				CLANG_WARN_UNREACHABLE_CODE = YES;
				CLANG_WARN__DUPLICATE_METHOD_MATCH = YES;
				"CODE_SIGN_IDENTITY[sdk=iphoneos*]" = "iPhone Developer";
				COPY_PHASE_STRIP = YES;
				ENABLE_NS_ASSERTIONS = NO;
				ENABLE_STRICT_OBJC_MSGSEND = YES;
				GCC_C_LANGUAGE_STANDARD = gnu99;
				GCC_WARN_64_TO_32_BIT_CONVERSION = YES;
				GCC_WARN_ABOUT_RETURN_TYPE = YES_ERROR;
				GCC_WARN_UNDECLARED_SELECTOR = YES;
				GCC_WARN_UNINITIALIZED_AUTOS = YES_AGGRESSIVE;
				GCC_WARN_UNUSED_FUNCTION = YES;
				GCC_WARN_UNUSED_VARIABLE = YES;
				IPHONEOS_DEPLOYMENT_TARGET = 8.1;
				MTL_ENABLE_DEBUG_INFO = NO;
				SDKROOT = iphoneos;
				VALIDATE_PRODUCT = YES;
			};
			name = Release;
		};
		9EF6E7961A44D77F001622DE /* Debug */ = {
			isa = XCBuildConfiguration;
			buildSettings = {
				ASSETCATALOG_COMPILER_APPICON_NAME = AppIcon;
				INFOPLIST_FILE = PageMenuDemoStoryboard/Info.plist;
				LD_RUNPATH_SEARCH_PATHS = "$(inherited) @executable_path/Frameworks";
				PRODUCT_NAME = "$(TARGET_NAME)";
			};
			name = Debug;
		};
		9EF6E7971A44D77F001622DE /* Release */ = {
			isa = XCBuildConfiguration;
			buildSettings = {
				ASSETCATALOG_COMPILER_APPICON_NAME = AppIcon;
				INFOPLIST_FILE = PageMenuDemoStoryboard/Info.plist;
				LD_RUNPATH_SEARCH_PATHS = "$(inherited) @executable_path/Frameworks";
				PRODUCT_NAME = "$(TARGET_NAME)";
			};
			name = Release;
		};
		9EF6E7991A44D77F001622DE /* Debug */ = {
			isa = XCBuildConfiguration;
			buildSettings = {
				BUNDLE_LOADER = "$(TEST_HOST)";
				FRAMEWORK_SEARCH_PATHS = (
					"$(SDKROOT)/Developer/Library/Frameworks",
					"$(inherited)",
				);
				GCC_PREPROCESSOR_DEFINITIONS = (
					"DEBUG=1",
					"$(inherited)",
				);
				INFOPLIST_FILE = PageMenuDemoStoryboardTests/Info.plist;
				LD_RUNPATH_SEARCH_PATHS = "$(inherited) @executable_path/Frameworks @loader_path/Frameworks";
				PRODUCT_NAME = "$(TARGET_NAME)";
				TEST_HOST = "$(BUILT_PRODUCTS_DIR)/PageMenuDemoStoryboard.app/PageMenuDemoStoryboard";
			};
			name = Debug;
		};
		9EF6E79A1A44D77F001622DE /* Release */ = {
			isa = XCBuildConfiguration;
			buildSettings = {
				BUNDLE_LOADER = "$(TEST_HOST)";
				FRAMEWORK_SEARCH_PATHS = (
					"$(SDKROOT)/Developer/Library/Frameworks",
					"$(inherited)",
				);
				INFOPLIST_FILE = PageMenuDemoStoryboardTests/Info.plist;
				LD_RUNPATH_SEARCH_PATHS = "$(inherited) @executable_path/Frameworks @loader_path/Frameworks";
				PRODUCT_NAME = "$(TARGET_NAME)";
				TEST_HOST = "$(BUILT_PRODUCTS_DIR)/PageMenuDemoStoryboard.app/PageMenuDemoStoryboard";
			};
			name = Release;
		};
/* End XCBuildConfiguration section */

/* Begin XCConfigurationList section */
		9EF6E7711A44D77F001622DE /* Build configuration list for PBXProject "PageMenuDemoStoryboard" */ = {
			isa = XCConfigurationList;
			buildConfigurations = (
				9EF6E7931A44D77F001622DE /* Debug */,
				9EF6E7941A44D77F001622DE /* Release */,
			);
			defaultConfigurationIsVisible = 0;
			defaultConfigurationName = Release;
		};
		9EF6E7951A44D77F001622DE /* Build configuration list for PBXNativeTarget "PageMenuDemoStoryboard" */ = {
			isa = XCConfigurationList;
			buildConfigurations = (
				9EF6E7961A44D77F001622DE /* Debug */,
				9EF6E7971A44D77F001622DE /* Release */,
			);
			defaultConfigurationIsVisible = 0;
			defaultConfigurationName = Release;
		};
		9EF6E7981A44D77F001622DE /* Build configuration list for PBXNativeTarget "PageMenuDemoStoryboardTests" */ = {
			isa = XCConfigurationList;
			buildConfigurations = (
				9EF6E7991A44D77F001622DE /* Debug */,
				9EF6E79A1A44D77F001622DE /* Release */,
			);
			defaultConfigurationIsVisible = 0;
			defaultConfigurationName = Release;
		};
/* End XCConfigurationList section */
	};
	rootObject = 9EF6E76E1A44D77F001622DE /* Project object */;
}
