// !$*UTF8*$!
{
	archiveVersion = 1;
	classes = {
	};
	objectVersion = 46;
	objects = {

/* Begin PBXBuildFile section */
		C797E1321BAB752600D2808F /* AppDelegate.swift in Sources */ = {isa = PBXBuildFile; fileRef = C797E1311BAB752600D2808F /* AppDelegate.swift */; };
		C797E1391BAB752600D2808F /* Assets.xcassets in Resources */ = {isa = PBXBuildFile; fileRef = C797E1381BAB752600D2808F /* Assets.xcassets */; };
		C797E13C1BAB752600D2808F /* LaunchScreen.storyboard in Resources */ = {isa = PBXBuildFile; fileRef = C797E13A1BAB752600D2808F /* LaunchScreen.storyboard */; };
		C797E1451BAB754600D2808F /* CAPSPageMenu.swift in Sources */ = {isa = PBXBuildFile; fileRef = C797E1441BAB754600D2808F /* CAPSPageMenu.swift */; settings = {ASSET_TAGS = (); }; };
/* End PBXBuildFile section */

/* Begin PBXFileReference section */
		C797E12E1BAB752600D2808F /* PageMenu.app */ = {isa = PBXFileReference; explicitFileType = wrapper.application; includeInIndex = 0; path = PageMenu.app; sourceTree = BUILT_PRODUCTS_DIR; };
		C797E1311BAB752600D2808F /* AppDelegate.swift */ = {isa = PBXFileReference; lastKnownFileType = sourcecode.swift; path = AppDelegate.swift; sourceTree = "<group>"; };
		C797E1381BAB752600D2808F /* Assets.xcassets */ = {isa = PBXFileReference; lastKnownFileType = folder.assetcatalog; path = Assets.xcassets; sourceTree = "<group>"; };
		C797E13B1BAB752600D2808F /* Base */ = {isa = PBXFileReference; lastKnownFileType = file.storyboard; name = Base; path = Base.lproj/LaunchScreen.storyboard; sourceTree = "<group>"; };
		C797E13D1BAB752600D2808F /* Info.plist */ = {isa = PBXFileReference; lastKnownFileType = text.plist.xml; path = Info.plist; sourceTree = "<group>"; };
		C797E1441BAB754600D2808F /* CAPSPageMenu.swift */ = {isa = PBXFileReference; fileEncoding = 4; lastKnownFileType = sourcecode.swift; path = CAPSPageMenu.swift; sourceTree = "<group>"; };
/* End PBXFileReference section */

/* Begin PBXFrameworksBuildPhase section */
		C797E12B1BAB752600D2808F /* Frameworks */ = {
			isa = PBXFrameworksBuildPhase;
			buildActionMask = 2147483647;
			files = (
			);
			runOnlyForDeploymentPostprocessing = 0;
		};
/* End PBXFrameworksBuildPhase section */

/* Begin PBXGroup section */
		C797E1251BAB752600D2808F = {
			isa = PBXGroup;
			children = (
				C797E1301BAB752600D2808F /* PageMenu */,
				C797E12F1BAB752600D2808F /* Products */,
			);
			sourceTree = "<group>";
		};
		C797E12F1BAB752600D2808F /* Products */ = {
			isa = PBXGroup;
			children = (
				C797E12E1BAB752600D2808F /* PageMenu.app */,
			);
			name = Products;
			sourceTree = "<group>";
		};
		C797E1301BAB752600D2808F /* PageMenu */ = {
			isa = PBXGroup;
			children = (
				C797E1431BAB754600D2808F /* Classes */,
				C797E1311BAB752600D2808F /* AppDelegate.swift */,
				C797E1381BAB752600D2808F /* Assets.xcassets */,
				C797E13A1BAB752600D2808F /* LaunchScreen.storyboard */,
				C797E13D1BAB752600D2808F /* Info.plist */,
			);
			path = PageMenu;
			sourceTree = "<group>";
		};
		C797E1431BAB754600D2808F /* Classes */ = {
			isa = PBXGroup;
			children = (
				C797E1441BAB754600D2808F /* CAPSPageMenu.swift */,
			);
			name = Classes;
			path = ../../Classes;
			sourceTree = "<group>";
		};
/* End PBXGroup section */

/* Begin PBXNativeTarget section */
		C797E12D1BAB752600D2808F /* PageMenu */ = {
			isa = PBXNativeTarget;
			buildConfigurationList = C797E1401BAB752600D2808F /* Build configuration list for PBXNativeTarget "PageMenu" */;
			buildPhases = (
				C797E12A1BAB752600D2808F /* Sources */,
				C797E12B1BAB752600D2808F /* Frameworks */,
				C797E12C1BAB752600D2808F /* Resources */,
			);
			buildRules = (
			);
			dependencies = (
			);
			name = PageMenu;
			productName = PageMenu;
			productReference = C797E12E1BAB752600D2808F /* PageMenu.app */;
			productType = "com.apple.product-type.application";
		};
/* End PBXNativeTarget section */

/* Begin PBXProject section */
		C797E1261BAB752600D2808F /* Project object */ = {
			isa = PBXProject;
			attributes = {
				LastUpgradeCheck = 0700;
				ORGANIZATIONNAME = PageMenu;
				TargetAttributes = {
					C797E12D1BAB752600D2808F = {
						CreatedOnToolsVersion = 7.0;
					};
				};
			};
			buildConfigurationList = C797E1291BAB752600D2808F /* Build configuration list for PBXProject "PageMenu" */;
			compatibilityVersion = "Xcode 3.2";
			developmentRegion = English;
			hasScannedForEncodings = 0;
			knownRegions = (
				en,
				Base,
			);
			mainGroup = C797E1251BAB752600D2808F;
			productRefGroup = C797E12F1BAB752600D2808F /* Products */;
			projectDirPath = "";
			projectRoot = "";
			targets = (
				C797E12D1BAB752600D2808F /* PageMenu */,
			);
		};
/* End PBXProject section */

/* Begin PBXResourcesBuildPhase section */
		C797E12C1BAB752600D2808F /* Resources */ = {
			isa = PBXResourcesBuildPhase;
			buildActionMask = 2147483647;
			files = (
				C797E13C1BAB752600D2808F /* LaunchScreen.storyboard in Resources */,
				C797E1391BAB752600D2808F /* Assets.xcassets in Resources */,
			);
			runOnlyForDeploymentPostprocessing = 0;
		};
/* End PBXResourcesBuildPhase section */

/* Begin PBXSourcesBuildPhase section */
		C797E12A1BAB752600D2808F /* Sources */ = {
			isa = PBXSourcesBuildPhase;
			buildActionMask = 2147483647;
			files = (
				C797E1451BAB754600D2808F /* CAPSPageMenu.swift in Sources */,
				C797E1321BAB752600D2808F /* AppDelegate.swift in Sources */,
			);
			runOnlyForDeploymentPostprocessing = 0;
		};
/* End PBXSourcesBuildPhase section */

/* Begin PBXVariantGroup section */
		C797E13A1BAB752600D2808F /* LaunchScreen.storyboard */ = {
			isa = PBXVariantGroup;
			children = (
				C797E13B1BAB752600D2808F /* Base */,
			);
			name = LaunchScreen.storyboard;
			sourceTree = "<group>";
		};
/* End PBXVariantGroup section */

/* Begin XCBuildConfiguration section */
		C797E13E1BAB752600D2808F /* Debug */ = {
			isa = XCBuildConfiguration;
			buildSettings = {
				ALWAYS_SEARCH_USER_PATHS = NO;
				CLANG_CXX_LANGUAGE_STANDARD = "gnu++0x";
				CLANG_CXX_LIBRARY = "libc++";
				CLANG_ENABLE_MODULES = YES;
				CLANG_ENABLE_OBJC_ARC = YES;
				CLANG_WARN_BOOL_CONVERSION = YES;
				CLANG_WARN_CONSTANT_CONVERSION = YES;
				CLANG_WARN_DIRECT_OBJC_ISA_USAGE = YES_ERROR;
				CLANG_WARN_EMPTY_BODY = YES;
				CLANG_WARN_ENUM_CONVERSION = YES;
				CLANG_WARN_INT_CONVERSION = YES;
				CLANG_WARN_OBJC_ROOT_CLASS = YES_ERROR;
				CLANG_WARN_UNREACHABLE_CODE = YES;
				CLANG_WARN__DUPLICATE_METHOD_MATCH = YES;
				"CODE_SIGN_IDENTITY[sdk=iphoneos*]" = "iPhone Developer";
				COPY_PHASE_STRIP = NO;
				DEBUG_INFORMATION_FORMAT = dwarf;
				ENABLE_STRICT_OBJC_MSGSEND = YES;
				ENABLE_TESTABILITY = YES;
				GCC_C_LANGUAGE_STANDARD = gnu99;
				GCC_DYNAMIC_NO_PIC = NO;
				GCC_NO_COMMON_BLOCKS = YES;
				GCC_OPTIMIZATION_LEVEL = 0;
				GCC_PREPROCESSOR_DEFINITIONS = (
					"DEBUG=1",
					"$(inherited)",
				);
				GCC_WARN_64_TO_32_BIT_CONVERSION = YES;
				GCC_WARN_ABOUT_RETURN_TYPE = YES_ERROR;
				GCC_WARN_UNDECLARED_SELECTOR = YES;
				GCC_WARN_UNINITIALIZED_AUTOS = YES_AGGRESSIVE;
				GCC_WARN_UNUSED_FUNCTION = YES;
				GCC_WARN_UNUSED_VARIABLE = YES;
				IPHONEOS_DEPLOYMENT_TARGET = 9.0;
				MTL_ENABLE_DEBUG_INFO = YES;
				ONLY_ACTIVE_ARCH = YES;
				SDKROOT = iphoneos;
				SWIFT_OPTIMIZATION_LEVEL = "-Onone";
				TARGETED_DEVICE_FAMILY = "1,2";
			};
			name = Debug;
		};
		C797E13F1BAB752600D2808F /* Release */ = {
			isa = XCBuildConfiguration;
			buildSettings = {
				ALWAYS_SEARCH_USER_PATHS = NO;
				CLANG_CXX_LANGUAGE_STANDARD = "gnu++0x";
				CLANG_CXX_LIBRARY = "libc++";
				CLANG_ENABLE_MODULES = YES;
				CLANG_ENABLE_OBJC_ARC = YES;
				CLANG_WARN_BOOL_CONVERSION = YES;
				CLANG_WARN_CONSTANT_CONVERSION = YES;
				CLANG_WARN_DIRECT_OBJC_ISA_USAGE = YES_ERROR;
				CLANG_WARN_EMPTY_BODY = YES;
				CLANG_WARN_ENUM_CONVERSION = YES;
				CLANG_WARN_INT_CONVERSION = YES;
				CLANG_WARN_OBJC_ROOT_CLASS = YES_ERROR;
				CLANG_WARN_UNREACHABLE_CODE = YES;
				CLANG_WARN__DUPLICATE_METHOD_MATCH = YES;
				"CODE_SIGN_IDENTITY[sdk=iphoneos*]" = "iPhone Developer";
				COPY_PHASE_STRIP = NO;
				DEBUG_INFORMATION_FORMAT = "dwarf-with-dsym";
				ENABLE_NS_ASSERTIONS = NO;
				ENABLE_STRICT_OBJC_MSGSEND = YES;
				GCC_C_LANGUAGE_STANDARD = gnu99;
				GCC_NO_COMMON_BLOCKS = YES;
				GCC_WARN_64_TO_32_BIT_CONVERSION = YES;
				GCC_WARN_ABOUT_RETURN_TYPE = YES_ERROR;
				GCC_WARN_UNDECLARED_SELECTOR = YES;
				GCC_WARN_UNINITIALIZED_AUTOS = YES_AGGRESSIVE;
				GCC_WARN_UNUSED_FUNCTION = YES;
				GCC_WARN_UNUSED_VARIABLE = YES;
				IPHONEOS_DEPLOYMENT_TARGET = 9.0;
				MTL_ENABLE_DEBUG_INFO = NO;
				SDKROOT = iphoneos;
				TARGETED_DEVICE_FAMILY = "1,2";
				VALIDATE_PRODUCT = YES;
			};
			name = Release;
		};
		C797E1411BAB752600D2808F /* Debug */ = {
			isa = XCBuildConfiguration;
			buildSettings = {
				ASSETCATALOG_COMPILER_APPICON_NAME = AppIcon;
				INFOPLIST_FILE = PageMenu/Info.plist;
				LD_RUNPATH_SEARCH_PATHS = "$(inherited) @executable_path/Frameworks";
				PRODUCT_BUNDLE_IDENTIFIER = PageMenu.PageMenu;
				PRODUCT_NAME = "$(TARGET_NAME)";
			};
			name = Debug;
		};
		C797E1421BAB752600D2808F /* Release */ = {
			isa = XCBuildConfiguration;
			buildSettings = {
				ASSETCATALOG_COMPILER_APPICON_NAME = AppIcon;
				INFOPLIST_FILE = PageMenu/Info.plist;
				LD_RUNPATH_SEARCH_PATHS = "$(inherited) @executable_path/Frameworks";
				PRODUCT_BUNDLE_IDENTIFIER = PageMenu.PageMenu;
				PRODUCT_NAME = "$(TARGET_NAME)";
			};
			name = Release;
		};
/* End XCBuildConfiguration section */

/* Begin XCConfigurationList section */
		C797E1291BAB752600D2808F /* Build configuration list for PBXProject "PageMenu" */ = {
			isa = XCConfigurationList;
			buildConfigurations = (
				C797E13E1BAB752600D2808F /* Debug */,
				C797E13F1BAB752600D2808F /* Release */,
			);
			defaultConfigurationIsVisible = 0;
			defaultConfigurationName = Release;
		};
		C797E1401BAB752600D2808F /* Build configuration list for PBXNativeTarget "PageMenu" */ = {
			isa = XCConfigurationList;
			buildConfigurations = (
				C797E1411BAB752600D2808F /* Debug */,
				C797E1421BAB752600D2808F /* Release */,
			);
			defaultConfigurationIsVisible = 0;
		};
/* End XCConfigurationList section */
	};
	rootObject = C797E1261BAB752600D2808F /* Project object */;
}
