// !$*UTF8*$!
{
	archiveVersion = 1;
	classes = {
	};
	objectVersion = 46;
	objects = {

/* Begin PBXBuildFile section */
		9347A8331B21869700C9766A /* main.m in Sources */ = {isa = PBXBuildFile; fileRef = 9347A8321B21869700C9766A /* main.m */; };
		9347A8361B21869700C9766A /* AppDelegate.m in Sources */ = {isa = PBXBuildFile; fileRef = 9347A8351B21869700C9766A /* AppDelegate.m */; };
		9347A8391B21869700C9766A /* ViewController.m in Sources */ = {isa = PBXBuildFile; fileRef = 9347A8381B21869700C9766A /* ViewController.m */; };
		9347A83C1B21869700C9766A /* Main.storyboard in Resources */ = {isa = PBXBuildFile; fileRef = 9347A83A1B21869700C9766A /* Main.storyboard */; };
		9347A83E1B21869700C9766A /* Images.xcassets in Resources */ = {isa = PBXBuildFile; fileRef = 9347A83D1B21869700C9766A /* Images.xcassets */; };
		9347A8411B21869700C9766A /* LaunchScreen.xib in Resources */ = {isa = PBXBuildFile; fileRef = 9347A83F1B21869700C9766A /* LaunchScreen.xib */; };
		9347A84D1B21869700C9766A /* PageMenuDemoStoryboardTests.m in Sources */ = {isa = PBXBuildFile; fileRef = 9347A84C1B21869700C9766A /* PageMenuDemoStoryboardTests.m */; };
		9347A85C1B21872300C9766A /* CAPSPageMenu.m in Sources */ = {isa = PBXBuildFile; fileRef = 9347A85B1B21872300C9766A /* CAPSPageMenu.m */; };
		9347A8801B2189DC00C9766A /* FriendTableViewCell.xib in Resources */ = {isa = PBXBuildFile; fileRef = 9347A85E1B2189DC00C9766A /* FriendTableViewCell.xib */; };
		9347A8811B2189DC00C9766A /* happy.png in Resources */ = {isa = PBXBuildFile; fileRef = 9347A85F1B2189DC00C9766A /* happy.png */; };
		9347A8821B2189DC00C9766A /* hungry.png in Resources */ = {isa = PBXBuildFile; fileRef = 9347A8601B2189DC00C9766A /* hungry.png */; };
		9347A8841B2189DD00C9766A /* loved.png in Resources */ = {isa = PBXBuildFile; fileRef = 9347A8621B2189DC00C9766A /* loved.png */; };
		9347A8851B2189DD00C9766A /* man1.jpg in Resources */ = {isa = PBXBuildFile; fileRef = 9347A8631B2189DC00C9766A /* man1.jpg */; };
		9347A8861B2189DD00C9766A /* man2.jpg in Resources */ = {isa = PBXBuildFile; fileRef = 9347A8641B2189DC00C9766A /* man2.jpg */; };
		9347A8871B2189DD00C9766A /* man3.jpg in Resources */ = {isa = PBXBuildFile; fileRef = 9347A8651B2189DC00C9766A /* man3.jpg */; };
		9347A8881B2189DD00C9766A /* man4.jpg in Resources */ = {isa = PBXBuildFile; fileRef = 9347A8661B2189DC00C9766A /* man4.jpg */; };
		9347A8891B2189DD00C9766A /* man5.jpg in Resources */ = {isa = PBXBuildFile; fileRef = 9347A8671B2189DC00C9766A /* man5.jpg */; };
		9347A88A1B2189DD00C9766A /* man6.jpg in Resources */ = {isa = PBXBuildFile; fileRef = 9347A8681B2189DC00C9766A /* man6.jpg */; };
		9347A88B1B2189DD00C9766A /* man7.jpg in Resources */ = {isa = PBXBuildFile; fileRef = 9347A8691B2189DC00C9766A /* man7.jpg */; };
		9347A88C1B2189DD00C9766A /* man8.jpg in Resources */ = {isa = PBXBuildFile; fileRef = 9347A86A1B2189DC00C9766A /* man8.jpg */; };
		9347A88D1B2189DD00C9766A /* mood1.jpg in Resources */ = {isa = PBXBuildFile; fileRef = 9347A86B1B2189DC00C9766A /* mood1.jpg */; };
		9347A88E1B2189DD00C9766A /* mood2.jpg in Resources */ = {isa = PBXBuildFile; fileRef = 9347A86C1B2189DC00C9766A /* mood2.jpg */; };
		9347A88F1B2189DD00C9766A /* mood3.jpg in Resources */ = {isa = PBXBuildFile; fileRef = 9347A86D1B2189DC00C9766A /* mood3.jpg */; };
		9347A8901B2189DD00C9766A /* mood4.jpg in Resources */ = {isa = PBXBuildFile; fileRef = 9347A86E1B2189DC00C9766A /* mood4.jpg */; };
		9347A8911B2189DD00C9766A /* mood5.jpg in Resources */ = {isa = PBXBuildFile; fileRef = 9347A86F1B2189DC00C9766A /* mood5.jpg */; };
		9347A8921B2189DD00C9766A /* mood6.jpg in Resources */ = {isa = PBXBuildFile; fileRef = 9347A8701B2189DC00C9766A /* mood6.jpg */; };
		9347A8931B2189DD00C9766A /* mood7.jpg in Resources */ = {isa = PBXBuildFile; fileRef = 9347A8711B2189DC00C9766A /* mood7.jpg */; };
		9347A8941B2189DD00C9766A /* mood8.jpg in Resources */ = {isa = PBXBuildFile; fileRef = 9347A8721B2189DC00C9766A /* mood8.jpg */; };
		9347A8951B2189DD00C9766A /* MoodCollectionViewCell.xib in Resources */ = {isa = PBXBuildFile; fileRef = 9347A8731B2189DC00C9766A /* MoodCollectionViewCell.xib */; };
		9347A8961B2189DD00C9766A /* playful.png in Resources */ = {isa = PBXBuildFile; fileRef = 9347A8741B2189DC00C9766A /* playful.png */; };
		9347A8971B2189DD00C9766A /* relax.png in Resources */ = {isa = PBXBuildFile; fileRef = 9347A8751B2189DC00C9766A /* relax.png */; };
		9347A8981B2189DD00C9766A /* TestCollectionViewController.xib in Resources */ = {isa = PBXBuildFile; fileRef = 9347A8761B2189DC00C9766A /* TestCollectionViewController.xib */; };
		9347A8991B2189DD00C9766A /* TestTableViewController.xib in Resources */ = {isa = PBXBuildFile; fileRef = 9347A8771B2189DC00C9766A /* TestTableViewController.xib */; };
		9347A89A1B2189DD00C9766A /* TestViewController.xib in Resources */ = {isa = PBXBuildFile; fileRef = 9347A8781B2189DC00C9766A /* TestViewController.xib */; };
		9347A89B1B2189DD00C9766A /* wealthy.png in Resources */ = {isa = PBXBuildFile; fileRef = 9347A8791B2189DC00C9766A /* wealthy.png */; };
		9347A89C1B2189DD00C9766A /* woman1.jpg in Resources */ = {isa = PBXBuildFile; fileRef = 9347A87A1B2189DC00C9766A /* woman1.jpg */; };
		9347A89D1B2189DD00C9766A /* woman2.jpg in Resources */ = {isa = PBXBuildFile; fileRef = 9347A87B1B2189DC00C9766A /* woman2.jpg */; };
		9347A89E1B2189DD00C9766A /* woman3.jpg in Resources */ = {isa = PBXBuildFile; fileRef = 9347A87C1B2189DC00C9766A /* woman3.jpg */; };
		9347A89F1B2189DD00C9766A /* woman4.jpg in Resources */ = {isa = PBXBuildFile; fileRef = 9347A87D1B2189DC00C9766A /* woman4.jpg */; };
		9347A8A01B2189DD00C9766A /* woman5.jpg in Resources */ = {isa = PBXBuildFile; fileRef = 9347A87E1B2189DC00C9766A /* woman5.jpg */; };
		9347A8A61B218A6100C9766A /* FriendTableViewCell.m in Sources */ = {isa = PBXBuildFile; fileRef = 9347A8A51B218A6100C9766A /* FriendTableViewCell.m */; };
		9347A8A91B218A8400C9766A /* MoodCollectionViewCell.m in Sources */ = {isa = PBXBuildFile; fileRef = 9347A8A81B218A8400C9766A /* MoodCollectionViewCell.m */; };
		9347A8AC1B218A9B00C9766A /* TestCollectionViewController.m in Sources */ = {isa = PBXBuildFile; fileRef = 9347A8AB1B218A9B00C9766A /* TestCollectionViewController.m */; };
		9347A8AF1B218AAB00C9766A /* TestTableViewController.m in Sources */ = {isa = PBXBuildFile; fileRef = 9347A8AE1B218AAB00C9766A /* TestTableViewController.m */; };
		9347A8B21B218AC300C9766A /* TestViewController.m in Sources */ = {isa = PBXBuildFile; fileRef = 9347A8B11B218AC300C9766A /* TestViewController.m */; };
/* End PBXBuildFile section */

/* Begin PBXContainerItemProxy section */
		9347A8471B21869700C9766A /* PBXContainerItemProxy */ = {
			isa = PBXContainerItemProxy;
			containerPortal = 9347A8251B21869700C9766A /* Project object */;
			proxyType = 1;
			remoteGlobalIDString = 9347A82C1B21869700C9766A;
			remoteInfo = PageMenuDemoStoryboard;
		};
/* End PBXContainerItemProxy section */

/* Begin PBXFileReference section */
		9347A82D1B21869700C9766A /* PageMenuDemoStoryboard.app */ = {isa = PBXFileReference; explicitFileType = wrapper.application; includeInIndex = 0; path = PageMenuDemoStoryboard.app; sourceTree = BUILT_PRODUCTS_DIR; };
		9347A8311B21869700C9766A /* Info.plist */ = {isa = PBXFileReference; lastKnownFileType = text.plist.xml; path = Info.plist; sourceTree = "<group>"; };
		9347A8321B21869700C9766A /* main.m */ = {isa = PBXFileReference; lastKnownFileType = sourcecode.c.objc; path = main.m; sourceTree = "<group>"; };
		9347A8341B21869700C9766A /* AppDelegate.h */ = {isa = PBXFileReference; lastKnownFileType = sourcecode.c.h; path = AppDelegate.h; sourceTree = "<group>"; };
		9347A8351B21869700C9766A /* AppDelegate.m */ = {isa = PBXFileReference; lastKnownFileType = sourcecode.c.objc; path = AppDelegate.m; sourceTree = "<group>"; };
		9347A8371B21869700C9766A /* ViewController.h */ = {isa = PBXFileReference; lastKnownFileType = sourcecode.c.h; path = ViewController.h; sourceTree = "<group>"; };
		9347A8381B21869700C9766A /* ViewController.m */ = {isa = PBXFileReference; lastKnownFileType = sourcecode.c.objc; path = ViewController.m; sourceTree = "<group>"; };
		9347A83B1B21869700C9766A /* Base */ = {isa = PBXFileReference; lastKnownFileType = file.storyboard; name = Base; path = Base.lproj/Main.storyboard; sourceTree = "<group>"; };
		9347A83D1B21869700C9766A /* Images.xcassets */ = {isa = PBXFileReference; lastKnownFileType = folder.assetcatalog; path = Images.xcassets; sourceTree = "<group>"; };
		9347A8401B21869700C9766A /* Base */ = {isa = PBXFileReference; lastKnownFileType = file.xib; name = Base; path = Base.lproj/LaunchScreen.xib; sourceTree = "<group>"; };
		9347A8461B21869700C9766A /* PageMenuDemoStoryboardTests.xctest */ = {isa = PBXFileReference; explicitFileType = wrapper.cfbundle; includeInIndex = 0; path = PageMenuDemoStoryboardTests.xctest; sourceTree = BUILT_PRODUCTS_DIR; };
		9347A84B1B21869700C9766A /* Info.plist */ = {isa = PBXFileReference; lastKnownFileType = text.plist.xml; path = Info.plist; sourceTree = "<group>"; };
		9347A84C1B21869700C9766A /* PageMenuDemoStoryboardTests.m */ = {isa = PBXFileReference; lastKnownFileType = sourcecode.c.objc; path = PageMenuDemoStoryboardTests.m; sourceTree = "<group>"; };
		9347A85A1B21872300C9766A /* CAPSPageMenu.h */ = {isa = PBXFileReference; fileEncoding = 4; lastKnownFileType = sourcecode.c.h; name = CAPSPageMenu.h; path = "../../../../Obj-C Classes/CAPSPageMenu.h"; sourceTree = "<group>"; };
		9347A85B1B21872300C9766A /* CAPSPageMenu.m */ = {isa = PBXFileReference; fileEncoding = 4; lastKnownFileType = sourcecode.c.objc; name = CAPSPageMenu.m; path = "../../../../Obj-C Classes/CAPSPageMenu.m"; sourceTree = "<group>"; };
		9347A85E1B2189DC00C9766A /* FriendTableViewCell.xib */ = {isa = PBXFileReference; fileEncoding = 4; lastKnownFileType = file.xib; path = FriendTableViewCell.xib; sourceTree = "<group>"; };
		9347A85F1B2189DC00C9766A /* happy.png */ = {isa = PBXFileReference; lastKnownFileType = image.png; path = happy.png; sourceTree = "<group>"; };
		9347A8601B2189DC00C9766A /* hungry.png */ = {isa = PBXFileReference; lastKnownFileType = image.png; path = hungry.png; sourceTree = "<group>"; };
		9347A8621B2189DC00C9766A /* loved.png */ = {isa = PBXFileReference; lastKnownFileType = image.png; path = loved.png; sourceTree = "<group>"; };
		9347A8631B2189DC00C9766A /* man1.jpg */ = {isa = PBXFileReference; lastKnownFileType = image.jpeg; path = man1.jpg; sourceTree = "<group>"; };
		9347A8641B2189DC00C9766A /* man2.jpg */ = {isa = PBXFileReference; lastKnownFileType = image.jpeg; path = man2.jpg; sourceTree = "<group>"; };
		9347A8651B2189DC00C9766A /* man3.jpg */ = {isa = PBXFileReference; lastKnownFileType = image.jpeg; path = man3.jpg; sourceTree = "<group>"; };
		9347A8661B2189DC00C9766A /* man4.jpg */ = {isa = PBXFileReference; lastKnownFileType = image.jpeg; path = man4.jpg; sourceTree = "<group>"; };
		9347A8671B2189DC00C9766A /* man5.jpg */ = {isa = PBXFileReference; lastKnownFileType = image.jpeg; path = man5.jpg; sourceTree = "<group>"; };
		9347A8681B2189DC00C9766A /* man6.jpg */ = {isa = PBXFileReference; lastKnownFileType = image.jpeg; path = man6.jpg; sourceTree = "<group>"; };
		9347A8691B2189DC00C9766A /* man7.jpg */ = {isa = PBXFileReference; lastKnownFileType = image.jpeg; path = man7.jpg; sourceTree = "<group>"; };
		9347A86A1B2189DC00C9766A /* man8.jpg */ = {isa = PBXFileReference; lastKnownFileType = image.jpeg; path = man8.jpg; sourceTree = "<group>"; };
		9347A86B1B2189DC00C9766A /* mood1.jpg */ = {isa = PBXFileReference; lastKnownFileType = image.jpeg; path = mood1.jpg; sourceTree = "<group>"; };
		9347A86C1B2189DC00C9766A /* mood2.jpg */ = {isa = PBXFileReference; lastKnownFileType = image.jpeg; path = mood2.jpg; sourceTree = "<group>"; };
		9347A86D1B2189DC00C9766A /* mood3.jpg */ = {isa = PBXFileReference; lastKnownFileType = image.jpeg; path = mood3.jpg; sourceTree = "<group>"; };
		9347A86E1B2189DC00C9766A /* mood4.jpg */ = {isa = PBXFileReference; lastKnownFileType = image.jpeg; path = mood4.jpg; sourceTree = "<group>"; };
		9347A86F1B2189DC00C9766A /* mood5.jpg */ = {isa = PBXFileReference; lastKnownFileType = image.jpeg; path = mood5.jpg; sourceTree = "<group>"; };
		9347A8701B2189DC00C9766A /* mood6.jpg */ = {isa = PBXFileReference; lastKnownFileType = image.jpeg; path = mood6.jpg; sourceTree = "<group>"; };
		9347A8711B2189DC00C9766A /* mood7.jpg */ = {isa = PBXFileReference; lastKnownFileType = image.jpeg; path = mood7.jpg; sourceTree = "<group>"; };
		9347A8721B2189DC00C9766A /* mood8.jpg */ = {isa = PBXFileReference; lastKnownFileType = image.jpeg; path = mood8.jpg; sourceTree = "<group>"; };
		9347A8731B2189DC00C9766A /* MoodCollectionViewCell.xib */ = {isa = PBXFileReference; fileEncoding = 4; lastKnownFileType = file.xib; path = MoodCollectionViewCell.xib; sourceTree = "<group>"; };
		9347A8741B2189DC00C9766A /* playful.png */ = {isa = PBXFileReference; lastKnownFileType = image.png; path = playful.png; sourceTree = "<group>"; };
		9347A8751B2189DC00C9766A /* relax.png */ = {isa = PBXFileReference; lastKnownFileType = image.png; path = relax.png; sourceTree = "<group>"; };
		9347A8761B2189DC00C9766A /* TestCollectionViewController.xib */ = {isa = PBXFileReference; fileEncoding = 4; lastKnownFileType = file.xib; path = TestCollectionViewController.xib; sourceTree = "<group>"; };
		9347A8771B2189DC00C9766A /* TestTableViewController.xib */ = {isa = PBXFileReference; fileEncoding = 4; lastKnownFileType = file.xib; path = TestTableViewController.xib; sourceTree = "<group>"; };
		9347A8781B2189DC00C9766A /* TestViewController.xib */ = {isa = PBXFileReference; fileEncoding = 4; lastKnownFileType = file.xib; path = TestViewController.xib; sourceTree = "<group>"; };
		9347A8791B2189DC00C9766A /* wealthy.png */ = {isa = PBXFileReference; lastKnownFileType = image.png; path = wealthy.png; sourceTree = "<group>"; };
		9347A87A1B2189DC00C9766A /* woman1.jpg */ = {isa = PBXFileReference; lastKnownFileType = image.jpeg; path = woman1.jpg; sourceTree = "<group>"; };
		9347A87B1B2189DC00C9766A /* woman2.jpg */ = {isa = PBXFileReference; lastKnownFileType = image.jpeg; path = woman2.jpg; sourceTree = "<group>"; };
		9347A87C1B2189DC00C9766A /* woman3.jpg */ = {isa = PBXFileReference; lastKnownFileType = image.jpeg; path = woman3.jpg; sourceTree = "<group>"; };
		9347A87D1B2189DC00C9766A /* woman4.jpg */ = {isa = PBXFileReference; lastKnownFileType = image.jpeg; path = woman4.jpg; sourceTree = "<group>"; };
		9347A87E1B2189DC00C9766A /* woman5.jpg */ = {isa = PBXFileReference; lastKnownFileType = image.jpeg; path = woman5.jpg; sourceTree = "<group>"; };
		9347A8A41B218A6100C9766A /* FriendTableViewCell.h */ = {isa = PBXFileReference; fileEncoding = 4; lastKnownFileType = sourcecode.c.h; path = FriendTableViewCell.h; sourceTree = "<group>"; };
		9347A8A51B218A6100C9766A /* FriendTableViewCell.m */ = {isa = PBXFileReference; fileEncoding = 4; lastKnownFileType = sourcecode.c.objc; path = FriendTableViewCell.m; sourceTree = "<group>"; };
		9347A8A71B218A8400C9766A /* MoodCollectionViewCell.h */ = {isa = PBXFileReference; fileEncoding = 4; lastKnownFileType = sourcecode.c.h; path = MoodCollectionViewCell.h; sourceTree = "<group>"; };
		9347A8A81B218A8400C9766A /* MoodCollectionViewCell.m */ = {isa = PBXFileReference; fileEncoding = 4; lastKnownFileType = sourcecode.c.objc; path = MoodCollectionViewCell.m; sourceTree = "<group>"; };
		9347A8AA1B218A9B00C9766A /* TestCollectionViewController.h */ = {isa = PBXFileReference; fileEncoding = 4; lastKnownFileType = sourcecode.c.h; path = TestCollectionViewController.h; sourceTree = "<group>"; };
		9347A8AB1B218A9B00C9766A /* TestCollectionViewController.m */ = {isa = PBXFileReference; fileEncoding = 4; lastKnownFileType = sourcecode.c.objc; path = TestCollectionViewController.m; sourceTree = "<group>"; };
		9347A8AD1B218AAB00C9766A /* TestTableViewController.h */ = {isa = PBXFileReference; fileEncoding = 4; lastKnownFileType = sourcecode.c.h; path = TestTableViewController.h; sourceTree = "<group>"; };
		9347A8AE1B218AAB00C9766A /* TestTableViewController.m */ = {isa = PBXFileReference; fileEncoding = 4; lastKnownFileType = sourcecode.c.objc; path = TestTableViewController.m; sourceTree = "<group>"; };
		9347A8B01B218AC300C9766A /* TestViewController.h */ = {isa = PBXFileReference; fileEncoding = 4; lastKnownFileType = sourcecode.c.h; path = TestViewController.h; sourceTree = "<group>"; };
		9347A8B11B218AC300C9766A /* TestViewController.m */ = {isa = PBXFileReference; fileEncoding = 4; lastKnownFileType = sourcecode.c.objc; path = TestViewController.m; sourceTree = "<group>"; };
/* End PBXFileReference section */

/* Begin PBXFrameworksBuildPhase section */
		9347A82A1B21869700C9766A /* Frameworks */ = {
			isa = PBXFrameworksBuildPhase;
			buildActionMask = 2147483647;
			files = (
			);
			runOnlyForDeploymentPostprocessing = 0;
		};
		9347A8431B21869700C9766A /* Frameworks */ = {
			isa = PBXFrameworksBuildPhase;
			buildActionMask = 2147483647;
			files = (
			);
			runOnlyForDeploymentPostprocessing = 0;
		};
/* End PBXFrameworksBuildPhase section */

/* Begin PBXGroup section */
		9347A8241B21869700C9766A = {
			isa = PBXGroup;
			children = (
				9347A82F1B21869700C9766A /* PageMenuDemoStoryboard */,
				9347A8491B21869700C9766A /* PageMenuDemoStoryboardTests */,
				9347A82E1B21869700C9766A /* Products */,
			);
			sourceTree = "<group>";
		};
		9347A82E1B21869700C9766A /* Products */ = {
			isa = PBXGroup;
			children = (
				9347A82D1B21869700C9766A /* PageMenuDemoStoryboard.app */,
				9347A8461B21869700C9766A /* PageMenuDemoStoryboardTests.xctest */,
			);
			name = Products;
			sourceTree = "<group>";
		};
		9347A82F1B21869700C9766A /* PageMenuDemoStoryboard */ = {
			isa = PBXGroup;
			children = (
				9347A8341B21869700C9766A /* AppDelegate.h */,
				9347A8351B21869700C9766A /* AppDelegate.m */,
				9347A8371B21869700C9766A /* ViewController.h */,
				9347A8381B21869700C9766A /* ViewController.m */,
				9347A83A1B21869700C9766A /* Main.storyboard */,
				9347A8591B2186FA00C9766A /* CAPSPageMenu */,
				9347A8A21B218A0700C9766A /* Cells */,
				9347A8A31B218A1500C9766A /* View Controllers */,
				9347A8A11B2189EE00C9766A /* Images */,
				9347A83D1B21869700C9766A /* Images.xcassets */,
				9347A83F1B21869700C9766A /* LaunchScreen.xib */,
				9347A8301B21869700C9766A /* Supporting Files */,
			);
			path = PageMenuDemoStoryboard;
			sourceTree = "<group>";
		};
		9347A8301B21869700C9766A /* Supporting Files */ = {
			isa = PBXGroup;
			children = (
				9347A8311B21869700C9766A /* Info.plist */,
				9347A8321B21869700C9766A /* main.m */,
			);
			name = "Supporting Files";
			sourceTree = "<group>";
		};
		9347A8491B21869700C9766A /* PageMenuDemoStoryboardTests */ = {
			isa = PBXGroup;
			children = (
				9347A84C1B21869700C9766A /* PageMenuDemoStoryboardTests.m */,
				9347A84A1B21869700C9766A /* Supporting Files */,
			);
			path = PageMenuDemoStoryboardTests;
			sourceTree = "<group>";
		};
		9347A84A1B21869700C9766A /* Supporting Files */ = {
			isa = PBXGroup;
			children = (
				9347A84B1B21869700C9766A /* Info.plist */,
			);
			name = "Supporting Files";
			sourceTree = "<group>";
		};
		9347A8591B2186FA00C9766A /* CAPSPageMenu */ = {
			isa = PBXGroup;
			children = (
				9347A85A1B21872300C9766A /* CAPSPageMenu.h */,
				9347A85B1B21872300C9766A /* CAPSPageMenu.m */,
			);
			name = CAPSPageMenu;
			sourceTree = "<group>";
		};
		9347A8A11B2189EE00C9766A /* Images */ = {
			isa = PBXGroup;
			children = (
				9347A85F1B2189DC00C9766A /* happy.png */,
				9347A8601B2189DC00C9766A /* hungry.png */,
				9347A8621B2189DC00C9766A /* loved.png */,
				9347A8631B2189DC00C9766A /* man1.jpg */,
				9347A8641B2189DC00C9766A /* man2.jpg */,
				9347A8651B2189DC00C9766A /* man3.jpg */,
				9347A8661B2189DC00C9766A /* man4.jpg */,
				9347A8671B2189DC00C9766A /* man5.jpg */,
				9347A8681B2189DC00C9766A /* man6.jpg */,
				9347A8691B2189DC00C9766A /* man7.jpg */,
				9347A86A1B2189DC00C9766A /* man8.jpg */,
				9347A86B1B2189DC00C9766A /* mood1.jpg */,
				9347A86C1B2189DC00C9766A /* mood2.jpg */,
				9347A86D1B2189DC00C9766A /* mood3.jpg */,
				9347A86E1B2189DC00C9766A /* mood4.jpg */,
				9347A86F1B2189DC00C9766A /* mood5.jpg */,
				9347A8701B2189DC00C9766A /* mood6.jpg */,
				9347A8711B2189DC00C9766A /* mood7.jpg */,
				9347A8721B2189DC00C9766A /* mood8.jpg */,
				9347A8741B2189DC00C9766A /* playful.png */,
				9347A8751B2189DC00C9766A /* relax.png */,
				9347A8791B2189DC00C9766A /* wealthy.png */,
				9347A87A1B2189DC00C9766A /* woman1.jpg */,
				9347A87B1B2189DC00C9766A /* woman2.jpg */,
				9347A87C1B2189DC00C9766A /* woman3.jpg */,
				9347A87D1B2189DC00C9766A /* woman4.jpg */,
				9347A87E1B2189DC00C9766A /* woman5.jpg */,
			);
			name = Images;
			sourceTree = "<group>";
		};
		9347A8A21B218A0700C9766A /* Cells */ = {
			isa = PBXGroup;
			children = (
				9347A8A41B218A6100C9766A /* FriendTableViewCell.h */,
				9347A8A51B218A6100C9766A /* FriendTableViewCell.m */,
				9347A85E1B2189DC00C9766A /* FriendTableViewCell.xib */,
				9347A8A71B218A8400C9766A /* MoodCollectionViewCell.h */,
				9347A8A81B218A8400C9766A /* MoodCollectionViewCell.m */,
				9347A8731B2189DC00C9766A /* MoodCollectionViewCell.xib */,
			);
			name = Cells;
			sourceTree = "<group>";
		};
		9347A8A31B218A1500C9766A /* View Controllers */ = {
			isa = PBXGroup;
			children = (
				9347A8AA1B218A9B00C9766A /* TestCollectionViewController.h */,
				9347A8AB1B218A9B00C9766A /* TestCollectionViewController.m */,
				9347A8761B2189DC00C9766A /* TestCollectionViewController.xib */,
				9347A8AD1B218AAB00C9766A /* TestTableViewController.h */,
				9347A8AE1B218AAB00C9766A /* TestTableViewController.m */,
				9347A8771B2189DC00C9766A /* TestTableViewController.xib */,
				9347A8B01B218AC300C9766A /* TestViewController.h */,
				9347A8B11B218AC300C9766A /* TestViewController.m */,
				9347A8781B2189DC00C9766A /* TestViewController.xib */,
			);
			name = "View Controllers";
			sourceTree = "<group>";
		};
/* End PBXGroup section */

/* Begin PBXNativeTarget section */
		9347A82C1B21869700C9766A /* PageMenuDemoStoryboard */ = {
			isa = PBXNativeTarget;
			buildConfigurationList = 9347A8501B21869700C9766A /* Build configuration list for PBXNativeTarget "PageMenuDemoStoryboard" */;
			buildPhases = (
				9347A8291B21869700C9766A /* Sources */,
				9347A82A1B21869700C9766A /* Frameworks */,
				9347A82B1B21869700C9766A /* Resources */,
			);
			buildRules = (
			);
			dependencies = (
			);
			name = PageMenuDemoStoryboard;
			productName = PageMenuDemoStoryboard;
			productReference = 9347A82D1B21869700C9766A /* PageMenuDemoStoryboard.app */;
			productType = "com.apple.product-type.application";
		};
		9347A8451B21869700C9766A /* PageMenuDemoStoryboardTests */ = {
			isa = PBXNativeTarget;
			buildConfigurationList = 9347A8531B21869700C9766A /* Build configuration list for PBXNativeTarget "PageMenuDemoStoryboardTests" */;
			buildPhases = (
				9347A8421B21869700C9766A /* Sources */,
				9347A8431B21869700C9766A /* Frameworks */,
				9347A8441B21869700C9766A /* Resources */,
			);
			buildRules = (
			);
			dependencies = (
				9347A8481B21869700C9766A /* PBXTargetDependency */,
			);
			name = PageMenuDemoStoryboardTests;
			productName = PageMenuDemoStoryboardTests;
			productReference = 9347A8461B21869700C9766A /* PageMenuDemoStoryboardTests.xctest */;
			productType = "com.apple.product-type.bundle.unit-test";
		};
/* End PBXNativeTarget section */

/* Begin PBXProject section */
		9347A8251B21869700C9766A /* Project object */ = {
			isa = PBXProject;
			attributes = {
				LastUpgradeCheck = 0630;
				ORGANIZATIONNAME = "Jin Sasaki";
				TargetAttributes = {
					9347A82C1B21869700C9766A = {
						CreatedOnToolsVersion = 6.3.2;
					};
					9347A8451B21869700C9766A = {
						CreatedOnToolsVersion = 6.3.2;
						TestTargetID = 9347A82C1B21869700C9766A;
					};
				};
			};
			buildConfigurationList = 9347A8281B21869700C9766A /* Build configuration list for PBXProject "PageMenuDemoStoryboard" */;
			compatibilityVersion = "Xcode 3.2";
			developmentRegion = English;
			hasScannedForEncodings = 0;
			knownRegions = (
				en,
				Base,
			);
			mainGroup = 9347A8241B21869700C9766A;
			productRefGroup = 9347A82E1B21869700C9766A /* Products */;
			projectDirPath = "";
			projectRoot = "";
			targets = (
				9347A82C1B21869700C9766A /* PageMenuDemoStoryboard */,
				9347A8451B21869700C9766A /* PageMenuDemoStoryboardTests */,
			);
		};
/* End PBXProject section */

/* Begin PBXResourcesBuildPhase section */
		9347A82B1B21869700C9766A /* Resources */ = {
			isa = PBXResourcesBuildPhase;
			buildActionMask = 2147483647;
			files = (
				9347A8801B2189DC00C9766A /* FriendTableViewCell.xib in Resources */,
				9347A88A1B2189DD00C9766A /* man6.jpg in Resources */,
				9347A8901B2189DD00C9766A /* mood4.jpg in Resources */,
				9347A88D1B2189DD00C9766A /* mood1.jpg in Resources */,
				9347A88E1B2189DD00C9766A /* mood2.jpg in Resources */,
				9347A83C1B21869700C9766A /* Main.storyboard in Resources */,
				9347A89A1B2189DD00C9766A /* TestViewController.xib in Resources */,
				9347A8951B2189DD00C9766A /* MoodCollectionViewCell.xib in Resources */,
				9347A88F1B2189DD00C9766A /* mood3.jpg in Resources */,
				9347A8881B2189DD00C9766A /* man4.jpg in Resources */,
				9347A89D1B2189DD00C9766A /* woman2.jpg in Resources */,
				9347A8811B2189DC00C9766A /* happy.png in Resources */,
				9347A8981B2189DD00C9766A /* TestCollectionViewController.xib in Resources */,
				9347A8861B2189DD00C9766A /* man2.jpg in Resources */,
				9347A8971B2189DD00C9766A /* relax.png in Resources */,
				9347A89C1B2189DD00C9766A /* woman1.jpg in Resources */,
				9347A8961B2189DD00C9766A /* playful.png in Resources */,
				9347A8A01B2189DD00C9766A /* woman5.jpg in Resources */,
				9347A8941B2189DD00C9766A /* mood8.jpg in Resources */,
				9347A8891B2189DD00C9766A /* man5.jpg in Resources */,
				9347A8841B2189DD00C9766A /* loved.png in Resources */,
				9347A8821B2189DC00C9766A /* hungry.png in Resources */,
				9347A8931B2189DD00C9766A /* mood7.jpg in Resources */,
				9347A88B1B2189DD00C9766A /* man7.jpg in Resources */,
				9347A8991B2189DD00C9766A /* TestTableViewController.xib in Resources */,
				9347A8921B2189DD00C9766A /* mood6.jpg in Resources */,
				9347A8851B2189DD00C9766A /* man1.jpg in Resources */,
				9347A89F1B2189DD00C9766A /* woman4.jpg in Resources */,
				9347A8911B2189DD00C9766A /* mood5.jpg in Resources */,
				9347A8411B21869700C9766A /* LaunchScreen.xib in Resources */,
				9347A89E1B2189DD00C9766A /* woman3.jpg in Resources */,
				9347A89B1B2189DD00C9766A /* wealthy.png in Resources */,
				9347A8871B2189DD00C9766A /* man3.jpg in Resources */,
				9347A88C1B2189DD00C9766A /* man8.jpg in Resources */,
				9347A83E1B21869700C9766A /* Images.xcassets in Resources */,
			);
			runOnlyForDeploymentPostprocessing = 0;
		};
		9347A8441B21869700C9766A /* Resources */ = {
			isa = PBXResourcesBuildPhase;
			buildActionMask = 2147483647;
			files = (
			);
			runOnlyForDeploymentPostprocessing = 0;
		};
/* End PBXResourcesBuildPhase section */

/* Begin PBXSourcesBuildPhase section */
		9347A8291B21869700C9766A /* Sources */ = {
			isa = PBXSourcesBuildPhase;
			buildActionMask = 2147483647;
			files = (
				9347A8391B21869700C9766A /* ViewController.m in Sources */,
				9347A8361B21869700C9766A /* AppDelegate.m in Sources */,
				9347A85C1B21872300C9766A /* CAPSPageMenu.m in Sources */,
				9347A8AF1B218AAB00C9766A /* TestTableViewController.m in Sources */,
				9347A8A61B218A6100C9766A /* FriendTableViewCell.m in Sources */,
				9347A8AC1B218A9B00C9766A /* TestCollectionViewController.m in Sources */,
				9347A8B21B218AC300C9766A /* TestViewController.m in Sources */,
				9347A8331B21869700C9766A /* main.m in Sources */,
				9347A8A91B218A8400C9766A /* MoodCollectionViewCell.m in Sources */,
			);
			runOnlyForDeploymentPostprocessing = 0;
		};
		9347A8421B21869700C9766A /* Sources */ = {
			isa = PBXSourcesBuildPhase;
			buildActionMask = 2147483647;
			files = (
				9347A84D1B21869700C9766A /* PageMenuDemoStoryboardTests.m in Sources */,
			);
			runOnlyForDeploymentPostprocessing = 0;
		};
/* End PBXSourcesBuildPhase section */

/* Begin PBXTargetDependency section */
		9347A8481B21869700C9766A /* PBXTargetDependency */ = {
			isa = PBXTargetDependency;
			target = 9347A82C1B21869700C9766A /* PageMenuDemoStoryboard */;
			targetProxy = 9347A8471B21869700C9766A /* PBXContainerItemProxy */;
		};
/* End PBXTargetDependency section */

/* Begin PBXVariantGroup section */
		9347A83A1B21869700C9766A /* Main.storyboard */ = {
			isa = PBXVariantGroup;
			children = (
				9347A83B1B21869700C9766A /* Base */,
			);
			name = Main.storyboard;
			sourceTree = "<group>";
		};
		9347A83F1B21869700C9766A /* LaunchScreen.xib */ = {
			isa = PBXVariantGroup;
			children = (
				9347A8401B21869700C9766A /* Base */,
			);
			name = LaunchScreen.xib;
			sourceTree = "<group>";
		};
/* End PBXVariantGroup section */

/* Begin XCBuildConfiguration section */
		9347A84E1B21869700C9766A /* Debug */ = {
			isa = XCBuildConfiguration;
			buildSettings = {
				ALWAYS_SEARCH_USER_PATHS = NO;
				CLANG_CXX_LANGUAGE_STANDARD = "gnu++0x";
				CLANG_CXX_LIBRARY = "libc++";
				CLANG_ENABLE_MODULES = YES;
				CLANG_ENABLE_OBJC_ARC = YES;
				CLANG_WARN_BOOL_CONVERSION = YES;
				CLANG_WARN_CONSTANT_CONVERSION = YES;
				CLANG_WARN_DIRECT_OBJC_ISA_USAGE = YES_ERROR;
				CLANG_WARN_EMPTY_BODY = YES;
				CLANG_WARN_ENUM_CONVERSION = YES;
				CLANG_WARN_INT_CONVERSION = YES;
				CLANG_WARN_OBJC_ROOT_CLASS = YES_ERROR;
				CLANG_WARN_UNREACHABLE_CODE = YES;
				CLANG_WARN__DUPLICATE_METHOD_MATCH = YES;
				"CODE_SIGN_IDENTITY[sdk=iphoneos*]" = "iPhone Developer";
				COPY_PHASE_STRIP = NO;
				DEBUG_INFORMATION_FORMAT = "dwarf-with-dsym";
				ENABLE_STRICT_OBJC_MSGSEND = YES;
				GCC_C_LANGUAGE_STANDARD = gnu99;
				GCC_DYNAMIC_NO_PIC = NO;
				GCC_NO_COMMON_BLOCKS = YES;
				GCC_OPTIMIZATION_LEVEL = 0;
				GCC_PREPROCESSOR_DEFINITIONS = (
					"DEBUG=1",
					"$(inherited)",
				);
				GCC_SYMBOLS_PRIVATE_EXTERN = NO;
				GCC_WARN_64_TO_32_BIT_CONVERSION = YES;
				GCC_WARN_ABOUT_RETURN_TYPE = YES_ERROR;
				GCC_WARN_UNDECLARED_SELECTOR = YES;
				GCC_WARN_UNINITIALIZED_AUTOS = YES_AGGRESSIVE;
				GCC_WARN_UNUSED_FUNCTION = YES;
				GCC_WARN_UNUSED_VARIABLE = YES;
				IPHONEOS_DEPLOYMENT_TARGET = 8.3;
				MTL_ENABLE_DEBUG_INFO = YES;
				ONLY_ACTIVE_ARCH = YES;
				SDKROOT = iphoneos;
			};
			name = Debug;
		};
		9347A84F1B21869700C9766A /* Release */ = {
			isa = XCBuildConfiguration;
			buildSettings = {
				ALWAYS_SEARCH_USER_PATHS = NO;
				CLANG_CXX_LANGUAGE_STANDARD = "gnu++0x";
				CLANG_CXX_LIBRARY = "libc++";
				CLANG_ENABLE_MODULES = YES;
				CLANG_ENABLE_OBJC_ARC = YES;
				CLANG_WARN_BOOL_CONVERSION = YES;
				CLANG_WARN_CONSTANT_CONVERSION = YES;
				CLANG_WARN_DIRECT_OBJC_ISA_USAGE = YES_ERROR;
				CLANG_WARN_EMPTY_BODY = YES;
				CLANG_WARN_ENUM_CONVERSION = YES;
				CLANG_WARN_INT_CONVERSION = YES;
				CLANG_WARN_OBJC_ROOT_CLASS = YES_ERROR;
				CLANG_WARN_UNREACHABLE_CODE = YES;
				CLANG_WARN__DUPLICATE_METHOD_MATCH = YES;
				"CODE_SIGN_IDENTITY[sdk=iphoneos*]" = "iPhone Developer";
				COPY_PHASE_STRIP = NO;
				DEBUG_INFORMATION_FORMAT = "dwarf-with-dsym";
				ENABLE_NS_ASSERTIONS = NO;
				ENABLE_STRICT_OBJC_MSGSEND = YES;
				GCC_C_LANGUAGE_STANDARD = gnu99;
				GCC_NO_COMMON_BLOCKS = YES;
				GCC_WARN_64_TO_32_BIT_CONVERSION = YES;
				GCC_WARN_ABOUT_RETURN_TYPE = YES_ERROR;
				GCC_WARN_UNDECLARED_SELECTOR = YES;
				GCC_WARN_UNINITIALIZED_AUTOS = YES_AGGRESSIVE;
				GCC_WARN_UNUSED_FUNCTION = YES;
				GCC_WARN_UNUSED_VARIABLE = YES;
				IPHONEOS_DEPLOYMENT_TARGET = 8.3;
				MTL_ENABLE_DEBUG_INFO = NO;
				SDKROOT = iphoneos;
				VALIDATE_PRODUCT = YES;
			};
			name = Release;
		};
		9347A8511B21869700C9766A /* Debug */ = {
			isa = XCBuildConfiguration;
			buildSettings = {
				ASSETCATALOG_COMPILER_APPICON_NAME = AppIcon;
				CODE_SIGN_IDENTITY = "";
				INFOPLIST_FILE = PageMenuDemoStoryboard/Info.plist;
				LD_RUNPATH_SEARCH_PATHS = "$(inherited) @executable_path/Frameworks";
				PRODUCT_NAME = "$(TARGET_NAME)";
			};
			name = Debug;
		};
		9347A8521B21869700C9766A /* Release */ = {
			isa = XCBuildConfiguration;
			buildSettings = {
				ASSETCATALOG_COMPILER_APPICON_NAME = AppIcon;
				CODE_SIGN_IDENTITY = "";
				INFOPLIST_FILE = PageMenuDemoStoryboard/Info.plist;
				LD_RUNPATH_SEARCH_PATHS = "$(inherited) @executable_path/Frameworks";
				PRODUCT_NAME = "$(TARGET_NAME)";
			};
			name = Release;
		};
		9347A8541B21869700C9766A /* Debug */ = {
			isa = XCBuildConfiguration;
			buildSettings = {
				BUNDLE_LOADER = "$(TEST_HOST)";
				FRAMEWORK_SEARCH_PATHS = (
					"$(SDKROOT)/Developer/Library/Frameworks",
					"$(inherited)",
				);
				GCC_PREPROCESSOR_DEFINITIONS = (
					"DEBUG=1",
					"$(inherited)",
				);
				INFOPLIST_FILE = PageMenuDemoStoryboardTests/Info.plist;
				LD_RUNPATH_SEARCH_PATHS = "$(inherited) @executable_path/Frameworks @loader_path/Frameworks";
				PRODUCT_NAME = "$(TARGET_NAME)";
				TEST_HOST = "$(BUILT_PRODUCTS_DIR)/PageMenuDemoStoryboard.app/PageMenuDemoStoryboard";
			};
			name = Debug;
		};
		9347A8551B21869700C9766A /* Release */ = {
			isa = XCBuildConfiguration;
			buildSettings = {
				BUNDLE_LOADER = "$(TEST_HOST)";
				FRAMEWORK_SEARCH_PATHS = (
					"$(SDKROOT)/Developer/Library/Frameworks",
					"$(inherited)",
				);
				INFOPLIST_FILE = PageMenuDemoStoryboardTests/Info.plist;
				LD_RUNPATH_SEARCH_PATHS = "$(inherited) @executable_path/Frameworks @loader_path/Frameworks";
				PRODUCT_NAME = "$(TARGET_NAME)";
				TEST_HOST = "$(BUILT_PRODUCTS_DIR)/PageMenuDemoStoryboard.app/PageMenuDemoStoryboard";
			};
			name = Release;
		};
/* End XCBuildConfiguration section */

/* Begin XCConfigurationList section */
		9347A8281B21869700C9766A /* Build configuration list for PBXProject "PageMenuDemoStoryboard" */ = {
			isa = XCConfigurationList;
			buildConfigurations = (
				9347A84E1B21869700C9766A /* Debug */,
				9347A84F1B21869700C9766A /* Release */,
			);
			defaultConfigurationIsVisible = 0;
			defaultConfigurationName = Release;
		};
		9347A8501B21869700C9766A /* Build configuration list for PBXNativeTarget "PageMenuDemoStoryboard" */ = {
			isa = XCConfigurationList;
			buildConfigurations = (
				9347A8511B21869700C9766A /* Debug */,
				9347A8521B21869700C9766A /* Release */,
			);
			defaultConfigurationIsVisible = 0;
			defaultConfigurationName = Release;
		};
		9347A8531B21869700C9766A /* Build configuration list for PBXNativeTarget "PageMenuDemoStoryboardTests" */ = {
			isa = XCConfigurationList;
			buildConfigurations = (
				9347A8541B21869700C9766A /* Debug */,
				9347A8551B21869700C9766A /* Release */,
			);
			defaultConfigurationIsVisible = 0;
			defaultConfigurationName = Release;
		};
/* End XCConfigurationList section */
	};
	rootObject = 9347A8251B21869700C9766A /* Project object */;
}
